PODS:
  - Alamofire (4.6.0)
  - DataCompression (2.0.1)

DEPENDENCIES:
  - Alamofire (~> 4.6)
  - DataCompression

SPEC CHECKSUMS:
  Alamofire: f41a599bd63041760b26d393ec1069d9d7b917f4
  DataCompression: 2ee34bbd53d55c37c529785643b6c208f7c87919

PODFILE CHECKSUM: 95674c264740d99539114e59eb0824c875ab8137

COCOAPODS: 1.4.0
