PODS:
  - Alamofire (4.7.3)
  - DataCompression (3.0.0)

DEPENDENCIES:
  - Alamofire (~> 4.7.3)
  - DataCompression (~> 3.0.0)

SPEC REPOS:
  https://github.com/cocoapods/specs.git:
    - Alamofire
    - DataCompression

SPEC CHECKSUMS:
  Alamofire: c7287b6e5d7da964a70935e5db17046b7fde6568
  DataCompression: 4df426340ccbf53851df71dd652bd80d0ea47eb7

PODFILE CHECKSUM: f3630aa18ee569d9dbef8a681baa08e000a53560

COCOAPODS: 1.6.0
