PODS:
  - Alamofire (4.9.1)
  - Charts (4.1.0):
    - Charts/Core (= 4.1.0)
  - Charts/Core (4.1.0):
    - SwiftAlgorithms (~> 1.0)
  - DataCapturing (11.1.0):
    - Alamofire (~> 4.9.1)
    - DataCompression (~> 3.6.0)
  - DataCapturing/Tests (11.1.0):
    - Alamofire (~> 4.9.1)
    - DataCompression (~> 3.6.0)
  - DataCompression (3.6.0)
  - SwiftAlgorithms (1.0.0)

DEPENDENCIES:
  - Charts (~> 4.1.0)
  - DataCapturing (from `./`)
  - DataCapturing/Tests (from `./`)

SPEC REPOS:
  trunk:
    - Alamofire
    - Charts
    - DataCompression
    - SwiftAlgorithms

EXTERNAL SOURCES:
  DataCapturing:
    :path: "./"

SPEC CHECKSUMS:
  Alamofire: 85e8a02c69d6020a0d734f6054870d7ecb75cf18
  Charts: 354f86803d11d9c35de280587fef50d1af063978
  DataCapturing: 8898a51f8a3237eba13ed16198a2717596d04639
  DataCompression: 06628f9c807b6f152e0da37635633f62fc51dc77
  SwiftAlgorithms: 38dda4731d19027fdeee1125f973111bf3386b53

PODFILE CHECKSUM: 085e209c288a37e69933c71ab52c58eb4f48a123

COCOAPODS: 1.11.3
