// !$*UTF8*$!
{
	archiveVersion = 1;
	classes = {
	};
	objectVersion = 51;
	objects = {

/* Begin PBXBuildFile section */
		3D342F742554564B00E8EFA6 /* Assets.xcassets in Resources */ = {isa = PBXBuildFile; fileRef = 3D342F732554564B00E8EFA6 /* Assets.xcassets */; };
		3D61275B2554A267007F6884 /* Settings.bundle in Resources */ = {isa = PBXBuildFile; fileRef = 3D61274C2554A266007F6884 /* Settings.bundle */; };
		3D61275C2554A267007F6884 /* privacy-policy-de.html in Resources */ = {isa = PBXBuildFile; fileRef = 3D61274E2554A266007F6884 /* privacy-policy-de.html */; };
		3D61275D2554A267007F6884 /* privacy-policy-it.html in Resources */ = {isa = PBXBuildFile; fileRef = 3D61274F2554A266007F6884 /* privacy-policy-it.html */; };
		3D61275E2554A267007F6884 /* privacy-policy-en.html in Resources */ = {isa = PBXBuildFile; fileRef = 3D6127502554A266007F6884 /* privacy-policy-en.html */; };
		3D61275F2554A267007F6884 /* Localizable.strings in Resources */ = {isa = PBXBuildFile; fileRef = 3D6127522554A266007F6884 /* Localizable.strings */; };
		3D6127602554A267007F6884 /* Localizable.strings in Resources */ = {isa = PBXBuildFile; fileRef = 3D6127552554A266007F6884 /* Localizable.strings */; };
		3D6127612554A267007F6884 /* Localizable.strings in Resources */ = {isa = PBXBuildFile; fileRef = 3D6127592554A267007F6884 /* Localizable.strings */; };
		3D6127632555955F007F6884 /* WebKit.framework in Frameworks */ = {isa = PBXBuildFile; fileRef = 3D6127622555955E007F6884 /* WebKit.framework */; };
		3D61276B2555A84D007F6884 /* CyfaceCredentials.swift in Sources */ = {isa = PBXBuildFile; fileRef = 3D61276A2555A84C007F6884 /* CyfaceCredentials.swift */; };
		3DACE6822554642D00FA9A40 /* Event.swift in Sources */ = {isa = PBXBuildFile; fileRef = 3DACE64E2554642C00FA9A40 /* Event.swift */; };
		3DACE6832554642D00FA9A40 /* GeoLocationTrackDrawer.swift in Sources */ = {isa = PBXBuildFile; fileRef = 3DACE64F2554642C00FA9A40 /* GeoLocationTrackDrawer.swift */; };
		3DACE6842554642D00FA9A40 /* AppDelegate.swift in Sources */ = {isa = PBXBuildFile; fileRef = 3DACE6502554642C00FA9A40 /* AppDelegate.swift */; };
		3DACE6852554642D00FA9A40 /* Modality.swift in Sources */ = {isa = PBXBuildFile; fileRef = 3DACE6512554642C00FA9A40 /* Modality.swift */; };
		3DACE6862554642D00FA9A40 /* CapturingLifecycle.swift in Sources */ = {isa = PBXBuildFile; fileRef = 3DACE6522554642C00FA9A40 /* CapturingLifecycle.swift */; };
		3DACE6872554642D00FA9A40 /* ViewController.swift in Sources */ = {isa = PBXBuildFile; fileRef = 3DACE6542554642D00FA9A40 /* ViewController.swift */; };
		3DACE6882554642D00FA9A40 /* MeasurementCellStatus.swift in Sources */ = {isa = PBXBuildFile; fileRef = 3DACE6562554642D00FA9A40 /* MeasurementCellStatus.swift */; };
		3DACE6892554642D00FA9A40 /* CurrentMeasurementViewModel.swift in Sources */ = {isa = PBXBuildFile; fileRef = 3DACE6572554642D00FA9A40 /* CurrentMeasurementViewModel.swift */; };
		3DACE68A2554642D00FA9A40 /* TableCellView.swift in Sources */ = {isa = PBXBuildFile; fileRef = 3DACE6582554642D00FA9A40 /* TableCellView.swift */; };
		3DACE68B2554642D00FA9A40 /* MeasurementModel.swift in Sources */ = {isa = PBXBuildFile; fileRef = 3DACE6592554642D00FA9A40 /* MeasurementModel.swift */; };
		3DACE68C2554642D00FA9A40 /* CurrentMeasurementView.swift in Sources */ = {isa = PBXBuildFile; fileRef = 3DACE65A2554642D00FA9A40 /* CurrentMeasurementView.swift */; };
		3DACE68D2554642D00FA9A40 /* TableCellViewModel.swift in Sources */ = {isa = PBXBuildFile; fileRef = 3DACE65B2554642D00FA9A40 /* TableCellViewModel.swift */; };
		3DACE68E2554642D00FA9A40 /* StatisticsViewController.swift in Sources */ = {isa = PBXBuildFile; fileRef = 3DACE65D2554642D00FA9A40 /* StatisticsViewController.swift */; };
		3DACE68F2554642D00FA9A40 /* MapLocationSelectorViewController.swift in Sources */ = {isa = PBXBuildFile; fileRef = 3DACE65E2554642D00FA9A40 /* MapLocationSelectorViewController.swift */; };
		3DACE6902554642D00FA9A40 /* MapViewController.swift in Sources */ = {isa = PBXBuildFile; fileRef = 3DACE65F2554642D00FA9A40 /* MapViewController.swift */; };
		3DACE6912554642D00FA9A40 /* ModalitySelectorViewController.swift in Sources */ = {isa = PBXBuildFile; fileRef = 3DACE6602554642D00FA9A40 /* ModalitySelectorViewController.swift */; };
		3DACE6922554642D00FA9A40 /* GpsPointTableViewController.swift in Sources */ = {isa = PBXBuildFile; fileRef = 3DACE6612554642D00FA9A40 /* GpsPointTableViewController.swift */; };
		3DACE6932554642D00FA9A40 /* GpsPointTableViewCell.swift in Sources */ = {isa = PBXBuildFile; fileRef = 3DACE6622554642D00FA9A40 /* GpsPointTableViewCell.swift */; };
		3DACE6942554642D00FA9A40 /* MeasurementDetailsViewController.swift in Sources */ = {isa = PBXBuildFile; fileRef = 3DACE6632554642D00FA9A40 /* MeasurementDetailsViewController.swift */; };
		3DACE6952554642D00FA9A40 /* AccelerationPointTableViewCell.swift in Sources */ = {isa = PBXBuildFile; fileRef = 3DACE6642554642D00FA9A40 /* AccelerationPointTableViewCell.swift */; };
		3DACE6962554642D00FA9A40 /* DataViewController.swift in Sources */ = {isa = PBXBuildFile; fileRef = 3DACE6652554642D00FA9A40 /* DataViewController.swift */; };
		3DACE6972554642D00FA9A40 /* AccelerationPointTableViewController.swift in Sources */ = {isa = PBXBuildFile; fileRef = 3DACE6662554642D00FA9A40 /* AccelerationPointTableViewController.swift */; };
		3DACE6982554642D00FA9A40 /* LoginViewController.swift in Sources */ = {isa = PBXBuildFile; fileRef = 3DACE6672554642D00FA9A40 /* LoginViewController.swift */; };
		3DACE6992554642D00FA9A40 /* PrivacyPolicyViewController.swift in Sources */ = {isa = PBXBuildFile; fileRef = 3DACE6682554642D00FA9A40 /* PrivacyPolicyViewController.swift */; };
		3DACE69A2554642D00FA9A40 /* MapLocationSelector.strings in Resources */ = {isa = PBXBuildFile; fileRef = 3DACE66A2554642D00FA9A40 /* MapLocationSelector.strings */; };
		3DACE69B2554642D00FA9A40 /* Cyface-Main.strings in Resources */ = {isa = PBXBuildFile; fileRef = 3DACE66C2554642D00FA9A40 /* Cyface-Main.strings */; };
		3DACE69D2554642D00FA9A40 /* ModalitySelector.strings in Resources */ = {isa = PBXBuildFile; fileRef = 3DACE6702554642D00FA9A40 /* ModalitySelector.strings */; };
		3DACE69F2554642D00FA9A40 /* ModalitySelector.storyboard in Resources */ = {isa = PBXBuildFile; fileRef = 3DACE67A2554642D00FA9A40 /* ModalitySelector.storyboard */; };
		3DACE6A02554642D00FA9A40 /* MapLocationSelector.storyboard in Resources */ = {isa = PBXBuildFile; fileRef = 3DACE67C2554642D00FA9A40 /* MapLocationSelector.storyboard */; };
		3DACE6A12554642D00FA9A40 /* Cyface-Main.storyboard in Resources */ = {isa = PBXBuildFile; fileRef = 3DACE67E2554642D00FA9A40 /* Cyface-Main.storyboard */; };
		3DACE6A22554642D00FA9A40 /* Cyface-LaunchScreen.storyboard in Resources */ = {isa = PBXBuildFile; fileRef = 3DACE6802554642D00FA9A40 /* Cyface-LaunchScreen.storyboard */; };
		3DACE6A32554642D00FA9A40 /* Strings.swift in Sources */ = {isa = PBXBuildFile; fileRef = 3DACE6812554642D00FA9A40 /* Strings.swift */; };
		AAC5788A26E0ED0A00BF1CFC /* Settings.swift in Sources */ = {isa = PBXBuildFile; fileRef = AAC5788926E0ED0A00BF1CFC /* Settings.swift */; };
		AAC5788C26E0FE9700BF1CFC /* PrivacyPolicy.swift in Sources */ = {isa = PBXBuildFile; fileRef = AAC5788B26E0FE9700BF1CFC /* PrivacyPolicy.swift */; };
		AAC5788F26E1015A00BF1CFC /* PrivacyPolicyViewModel.swift in Sources */ = {isa = PBXBuildFile; fileRef = AAC5788E26E1015A00BF1CFC /* PrivacyPolicyViewModel.swift */; };
		AAC5789226E1045400BF1CFC /* CyButton.swift in Sources */ = {isa = PBXBuildFile; fileRef = AAC5789126E1045400BF1CFC /* CyButton.swift */; };
		AAC5789426E109A300BF1CFC /* CyNavigationBar.swift in Sources */ = {isa = PBXBuildFile; fileRef = AAC5789326E109A300BF1CFC /* CyNavigationBar.swift */; };
		AAD09FF226DFB22F007B2EEC /* AskForServerViewController.swift in Sources */ = {isa = PBXBuildFile; fileRef = AAD09FF126DFB22F007B2EEC /* AskForServerViewController.swift */; };
		AAD09FF426DFB298007B2EEC /* AskForServerViewModel.swift in Sources */ = {isa = PBXBuildFile; fileRef = AAD09FF326DFB298007B2EEC /* AskForServerViewModel.swift */; };
		AAF0712B26E79B940094090D /* CyViewController.swift in Sources */ = {isa = PBXBuildFile; fileRef = AAF0712A26E79B940094090D /* CyViewController.swift */; };
		D6426E87305657CA76AB80B1 /* Pods_Example.framework in Frameworks */ = {isa = PBXBuildFile; fileRef = AD8822C6C3EECBBF739BC298 /* Pods_Example.framework */; };
/* End PBXBuildFile section */

/* Begin PBXFileReference section */
		3D342F672554564400E8EFA6 /* Cyface.app */ = {isa = PBXFileReference; explicitFileType = wrapper.application; includeInIndex = 0; path = Cyface.app; sourceTree = BUILT_PRODUCTS_DIR; };
		3D342F732554564B00E8EFA6 /* Assets.xcassets */ = {isa = PBXFileReference; lastKnownFileType = folder.assetcatalog; path = Assets.xcassets; sourceTree = "<group>"; };
		3D342F782554564B00E8EFA6 /* Info.plist */ = {isa = PBXFileReference; lastKnownFileType = text.plist.xml; name = Info.plist; path = Example/Info.plist; sourceTree = "<group>"; };
		3D61274C2554A266007F6884 /* Settings.bundle */ = {isa = PBXFileReference; lastKnownFileType = "wrapper.plug-in"; path = Settings.bundle; sourceTree = "<group>"; };
		3D61274E2554A266007F6884 /* privacy-policy-de.html */ = {isa = PBXFileReference; fileEncoding = 4; lastKnownFileType = text.html; path = "privacy-policy-de.html"; sourceTree = "<group>"; };
		3D61274F2554A266007F6884 /* privacy-policy-it.html */ = {isa = PBXFileReference; fileEncoding = 4; lastKnownFileType = text.html; path = "privacy-policy-it.html"; sourceTree = "<group>"; };
		3D6127502554A266007F6884 /* privacy-policy-en.html */ = {isa = PBXFileReference; fileEncoding = 4; lastKnownFileType = text.html; path = "privacy-policy-en.html"; sourceTree = "<group>"; };
		3D6127532554A266007F6884 /* it */ = {isa = PBXFileReference; lastKnownFileType = text.plist.strings; name = it; path = Localizable.strings; sourceTree = "<group>"; };
		3D6127562554A266007F6884 /* en */ = {isa = PBXFileReference; lastKnownFileType = text.plist.strings; name = en; path = Localizable.strings; sourceTree = "<group>"; };
		3D61275A2554A267007F6884 /* de */ = {isa = PBXFileReference; lastKnownFileType = text.plist.strings; name = de; path = Localizable.strings; sourceTree = "<group>"; };
		3D6127622555955E007F6884 /* WebKit.framework */ = {isa = PBXFileReference; lastKnownFileType = wrapper.framework; name = WebKit.framework; path = System/Library/Frameworks/WebKit.framework; sourceTree = SDKROOT; };
		3D6127682555A612007F6884 /* env-vars.sh */ = {isa = PBXFileReference; lastKnownFileType = text.script.sh; name = "env-vars.sh"; path = "Example/env-vars.sh"; sourceTree = "<group>"; };
		3D61276A2555A84C007F6884 /* CyfaceCredentials.swift */ = {isa = PBXFileReference; fileEncoding = 4; lastKnownFileType = sourcecode.swift; path = CyfaceCredentials.swift; sourceTree = "<group>"; };
		3DACE64D2554642C00FA9A40 /* Example-App-Bridging-Header.h */ = {isa = PBXFileReference; lastKnownFileType = sourcecode.c.h; path = "Example-App-Bridging-Header.h"; sourceTree = "<group>"; };
		3DACE64E2554642C00FA9A40 /* Event.swift */ = {isa = PBXFileReference; fileEncoding = 4; lastKnownFileType = sourcecode.swift; path = Event.swift; sourceTree = "<group>"; };
		3DACE64F2554642C00FA9A40 /* GeoLocationTrackDrawer.swift */ = {isa = PBXFileReference; fileEncoding = 4; lastKnownFileType = sourcecode.swift; path = GeoLocationTrackDrawer.swift; sourceTree = "<group>"; };
		3DACE6502554642C00FA9A40 /* AppDelegate.swift */ = {isa = PBXFileReference; fileEncoding = 4; lastKnownFileType = sourcecode.swift; path = AppDelegate.swift; sourceTree = "<group>"; };
		3DACE6512554642C00FA9A40 /* Modality.swift */ = {isa = PBXFileReference; fileEncoding = 4; lastKnownFileType = sourcecode.swift; path = Modality.swift; sourceTree = "<group>"; };
		3DACE6522554642C00FA9A40 /* CapturingLifecycle.swift */ = {isa = PBXFileReference; fileEncoding = 4; lastKnownFileType = sourcecode.swift; path = CapturingLifecycle.swift; sourceTree = "<group>"; };
		3DACE6542554642D00FA9A40 /* ViewController.swift */ = {isa = PBXFileReference; fileEncoding = 4; lastKnownFileType = sourcecode.swift; path = ViewController.swift; sourceTree = "<group>"; };
		3DACE6562554642D00FA9A40 /* MeasurementCellStatus.swift */ = {isa = PBXFileReference; fileEncoding = 4; lastKnownFileType = sourcecode.swift; path = MeasurementCellStatus.swift; sourceTree = "<group>"; };
		3DACE6572554642D00FA9A40 /* CurrentMeasurementViewModel.swift */ = {isa = PBXFileReference; fileEncoding = 4; lastKnownFileType = sourcecode.swift; path = CurrentMeasurementViewModel.swift; sourceTree = "<group>"; };
		3DACE6582554642D00FA9A40 /* TableCellView.swift */ = {isa = PBXFileReference; fileEncoding = 4; lastKnownFileType = sourcecode.swift; path = TableCellView.swift; sourceTree = "<group>"; };
		3DACE6592554642D00FA9A40 /* MeasurementModel.swift */ = {isa = PBXFileReference; fileEncoding = 4; lastKnownFileType = sourcecode.swift; path = MeasurementModel.swift; sourceTree = "<group>"; };
		3DACE65A2554642D00FA9A40 /* CurrentMeasurementView.swift */ = {isa = PBXFileReference; fileEncoding = 4; lastKnownFileType = sourcecode.swift; path = CurrentMeasurementView.swift; sourceTree = "<group>"; };
		3DACE65B2554642D00FA9A40 /* TableCellViewModel.swift */ = {isa = PBXFileReference; fileEncoding = 4; lastKnownFileType = sourcecode.swift; path = TableCellViewModel.swift; sourceTree = "<group>"; };
		3DACE65D2554642D00FA9A40 /* StatisticsViewController.swift */ = {isa = PBXFileReference; fileEncoding = 4; lastKnownFileType = sourcecode.swift; path = StatisticsViewController.swift; sourceTree = "<group>"; };
		3DACE65E2554642D00FA9A40 /* MapLocationSelectorViewController.swift */ = {isa = PBXFileReference; fileEncoding = 4; lastKnownFileType = sourcecode.swift; path = MapLocationSelectorViewController.swift; sourceTree = "<group>"; };
		3DACE65F2554642D00FA9A40 /* MapViewController.swift */ = {isa = PBXFileReference; fileEncoding = 4; lastKnownFileType = sourcecode.swift; path = MapViewController.swift; sourceTree = "<group>"; };
		3DACE6602554642D00FA9A40 /* ModalitySelectorViewController.swift */ = {isa = PBXFileReference; fileEncoding = 4; lastKnownFileType = sourcecode.swift; path = ModalitySelectorViewController.swift; sourceTree = "<group>"; };
		3DACE6612554642D00FA9A40 /* GpsPointTableViewController.swift */ = {isa = PBXFileReference; fileEncoding = 4; lastKnownFileType = sourcecode.swift; path = GpsPointTableViewController.swift; sourceTree = "<group>"; };
		3DACE6622554642D00FA9A40 /* GpsPointTableViewCell.swift */ = {isa = PBXFileReference; fileEncoding = 4; lastKnownFileType = sourcecode.swift; path = GpsPointTableViewCell.swift; sourceTree = "<group>"; };
		3DACE6632554642D00FA9A40 /* MeasurementDetailsViewController.swift */ = {isa = PBXFileReference; fileEncoding = 4; lastKnownFileType = sourcecode.swift; path = MeasurementDetailsViewController.swift; sourceTree = "<group>"; };
		3DACE6642554642D00FA9A40 /* AccelerationPointTableViewCell.swift */ = {isa = PBXFileReference; fileEncoding = 4; lastKnownFileType = sourcecode.swift; path = AccelerationPointTableViewCell.swift; sourceTree = "<group>"; };
		3DACE6652554642D00FA9A40 /* DataViewController.swift */ = {isa = PBXFileReference; fileEncoding = 4; lastKnownFileType = sourcecode.swift; path = DataViewController.swift; sourceTree = "<group>"; };
		3DACE6662554642D00FA9A40 /* AccelerationPointTableViewController.swift */ = {isa = PBXFileReference; fileEncoding = 4; lastKnownFileType = sourcecode.swift; path = AccelerationPointTableViewController.swift; sourceTree = "<group>"; };
		3DACE6672554642D00FA9A40 /* LoginViewController.swift */ = {isa = PBXFileReference; fileEncoding = 4; lastKnownFileType = sourcecode.swift; path = LoginViewController.swift; sourceTree = "<group>"; };
		3DACE6682554642D00FA9A40 /* PrivacyPolicyViewController.swift */ = {isa = PBXFileReference; fileEncoding = 4; lastKnownFileType = sourcecode.swift; path = PrivacyPolicyViewController.swift; sourceTree = "<group>"; };
		3DACE66B2554642D00FA9A40 /* de */ = {isa = PBXFileReference; lastKnownFileType = text.plist.strings; name = de; path = de.lproj/MapLocationSelector.strings; sourceTree = "<group>"; };
		3DACE66D2554642D00FA9A40 /* de */ = {isa = PBXFileReference; lastKnownFileType = text.plist.strings; name = de; path = "de.lproj/Cyface-Main.strings"; sourceTree = "<group>"; };
		3DACE6712554642D00FA9A40 /* de */ = {isa = PBXFileReference; lastKnownFileType = text.plist.strings; name = de; path = de.lproj/ModalitySelector.strings; sourceTree = "<group>"; };
		3DACE6722554642D00FA9A40 /* en */ = {isa = PBXFileReference; lastKnownFileType = text.plist.strings; name = en; path = en.lproj/MapLocationSelector.strings; sourceTree = "<group>"; };
		3DACE6742554642D00FA9A40 /* it */ = {isa = PBXFileReference; lastKnownFileType = text.plist.strings; name = it; path = it.lproj/MapLocationSelector.strings; sourceTree = "<group>"; };
		3DACE6752554642D00FA9A40 /* it */ = {isa = PBXFileReference; lastKnownFileType = text.plist.strings; name = it; path = "it.lproj/Cyface-Main.strings"; sourceTree = "<group>"; };
		3DACE6772554642D00FA9A40 /* it */ = {isa = PBXFileReference; lastKnownFileType = text.plist.strings; name = it; path = it.lproj/ModalitySelector.strings; sourceTree = "<group>"; };
		3DACE67B2554642D00FA9A40 /* Base */ = {isa = PBXFileReference; lastKnownFileType = file.storyboard; name = Base; path = Base.lproj/ModalitySelector.storyboard; sourceTree = "<group>"; };
		3DACE67D2554642D00FA9A40 /* Base */ = {isa = PBXFileReference; lastKnownFileType = file.storyboard; name = Base; path = Base.lproj/MapLocationSelector.storyboard; sourceTree = "<group>"; };
		3DACE67F2554642D00FA9A40 /* Base */ = {isa = PBXFileReference; lastKnownFileType = file.storyboard; name = Base; path = "Base.lproj/Cyface-Main.storyboard"; sourceTree = "<group>"; };
		3DACE6802554642D00FA9A40 /* Cyface-LaunchScreen.storyboard */ = {isa = PBXFileReference; fileEncoding = 4; lastKnownFileType = file.storyboard; path = "Cyface-LaunchScreen.storyboard"; sourceTree = "<group>"; };
		3DACE6812554642D00FA9A40 /* Strings.swift */ = {isa = PBXFileReference; fileEncoding = 4; lastKnownFileType = sourcecode.swift; path = Strings.swift; sourceTree = "<group>"; };
		58A112A9190F1C5294E83458 /* Pods-Example.release.xcconfig */ = {isa = PBXFileReference; includeInIndex = 1; lastKnownFileType = text.xcconfig; name = "Pods-Example.release.xcconfig"; path = "Target Support Files/Pods-Example/Pods-Example.release.xcconfig"; sourceTree = "<group>"; };
		AAC5788926E0ED0A00BF1CFC /* Settings.swift */ = {isa = PBXFileReference; lastKnownFileType = sourcecode.swift; path = Settings.swift; sourceTree = "<group>"; };
		AAC5788B26E0FE9700BF1CFC /* PrivacyPolicy.swift */ = {isa = PBXFileReference; lastKnownFileType = sourcecode.swift; path = PrivacyPolicy.swift; sourceTree = "<group>"; };
		AAC5788E26E1015A00BF1CFC /* PrivacyPolicyViewModel.swift */ = {isa = PBXFileReference; lastKnownFileType = sourcecode.swift; path = PrivacyPolicyViewModel.swift; sourceTree = "<group>"; };
		AAC5789126E1045400BF1CFC /* CyButton.swift */ = {isa = PBXFileReference; lastKnownFileType = sourcecode.swift; path = CyButton.swift; sourceTree = "<group>"; };
		AAC5789326E109A300BF1CFC /* CyNavigationBar.swift */ = {isa = PBXFileReference; lastKnownFileType = sourcecode.swift; path = CyNavigationBar.swift; sourceTree = "<group>"; };
		AAD09FF126DFB22F007B2EEC /* AskForServerViewController.swift */ = {isa = PBXFileReference; lastKnownFileType = sourcecode.swift; path = AskForServerViewController.swift; sourceTree = "<group>"; };
		AAD09FF326DFB298007B2EEC /* AskForServerViewModel.swift */ = {isa = PBXFileReference; lastKnownFileType = sourcecode.swift; path = AskForServerViewModel.swift; sourceTree = "<group>"; };
		AAF0712A26E79B940094090D /* CyViewController.swift */ = {isa = PBXFileReference; lastKnownFileType = sourcecode.swift; path = CyViewController.swift; sourceTree = "<group>"; };
		AD8822C6C3EECBBF739BC298 /* Pods_Example.framework */ = {isa = PBXFileReference; explicitFileType = wrapper.framework; includeInIndex = 0; path = Pods_Example.framework; sourceTree = BUILT_PRODUCTS_DIR; };
		B4BD9F6602B53A4DD3C204E3 /* Pods-Example.debug.xcconfig */ = {isa = PBXFileReference; includeInIndex = 1; lastKnownFileType = text.xcconfig; name = "Pods-Example.debug.xcconfig"; path = "Target Support Files/Pods-Example/Pods-Example.debug.xcconfig"; sourceTree = "<group>"; };
/* End PBXFileReference section */

/* Begin PBXFrameworksBuildPhase section */
		3D342F642554564400E8EFA6 /* Frameworks */ = {
			isa = PBXFrameworksBuildPhase;
			buildActionMask = 2147483647;
			files = (
				3D6127632555955F007F6884 /* WebKit.framework in Frameworks */,
				D6426E87305657CA76AB80B1 /* Pods_Example.framework in Frameworks */,
			);
			runOnlyForDeploymentPostprocessing = 0;
		};
/* End PBXFrameworksBuildPhase section */

/* Begin PBXGroup section */
		378A891A183152BBB9D4214C /* Frameworks */ = {
			isa = PBXGroup;
			children = (
				3D6127622555955E007F6884 /* WebKit.framework */,
				AD8822C6C3EECBBF739BC298 /* Pods_Example.framework */,
			);
			name = Frameworks;
			sourceTree = "<group>";
		};
		3D342F5E2554564400E8EFA6 = {
			isa = PBXGroup;
			children = (
				3D6127682555A612007F6884 /* env-vars.sh */,
				3D342F782554564B00E8EFA6 /* Info.plist */,
				3D342F9B2554590200E8EFA6 /* Source */,
				3D342F9A255458F500E8EFA6 /* Resources */,
				3D342F682554564400E8EFA6 /* Products */,
				378A891A183152BBB9D4214C /* Frameworks */,
				8CDF0D701864CB63D330310A /* Pods */,
			);
			sourceTree = "<group>";
		};
		3D342F682554564400E8EFA6 /* Products */ = {
			isa = PBXGroup;
			children = (
				3D342F672554564400E8EFA6 /* Cyface.app */,
			);
			name = Products;
			sourceTree = "<group>";
		};
		3D342F9A255458F500E8EFA6 /* Resources */ = {
			isa = PBXGroup;
			children = (
				3D6127582554A267007F6884 /* de.lproj */,
				3D6127542554A266007F6884 /* en.lproj */,
				3D6127512554A266007F6884 /* it.lproj */,
				3D61274D2554A266007F6884 /* PrivacyPolicy */,
				3D61274C2554A266007F6884 /* Settings.bundle */,
				3DACE6692554642D00FA9A40 /* Views */,
				3D342F732554564B00E8EFA6 /* Assets.xcassets */,
			);
			name = Resources;
			path = Example/Resources;
			sourceTree = "<group>";
		};
		3D342F9B2554590200E8EFA6 /* Source */ = {
			isa = PBXGroup;
			children = (
				AAC5789026E1043F00BF1CFC /* UIComponents */,
				AAC5788826E0ECF300BF1CFC /* Model */,
				3DACE6532554642D00FA9A40 /* ViewController */,
				3D61276A2555A84C007F6884 /* CyfaceCredentials.swift */,
				3DACE6502554642C00FA9A40 /* AppDelegate.swift */,
				3DACE6522554642C00FA9A40 /* CapturingLifecycle.swift */,
				3DACE64E2554642C00FA9A40 /* Event.swift */,
				3DACE64F2554642C00FA9A40 /* GeoLocationTrackDrawer.swift */,
				3DACE6512554642C00FA9A40 /* Modality.swift */,
				3DACE6812554642D00FA9A40 /* Strings.swift */,
				3DACE64D2554642C00FA9A40 /* Example-App-Bridging-Header.h */,
			);
			name = Source;
			path = Example/Source;
			sourceTree = "<group>";
		};
		3D61274D2554A266007F6884 /* PrivacyPolicy */ = {
			isa = PBXGroup;
			children = (
				3D61274E2554A266007F6884 /* privacy-policy-de.html */,
				3D61274F2554A266007F6884 /* privacy-policy-it.html */,
				3D6127502554A266007F6884 /* privacy-policy-en.html */,
			);
			path = PrivacyPolicy;
			sourceTree = "<group>";
		};
		3D6127512554A266007F6884 /* it.lproj */ = {
			isa = PBXGroup;
			children = (
				3D6127522554A266007F6884 /* Localizable.strings */,
			);
			path = it.lproj;
			sourceTree = "<group>";
		};
		3D6127542554A266007F6884 /* en.lproj */ = {
			isa = PBXGroup;
			children = (
				3D6127552554A266007F6884 /* Localizable.strings */,
			);
			path = en.lproj;
			sourceTree = "<group>";
		};
		3D6127582554A267007F6884 /* de.lproj */ = {
			isa = PBXGroup;
			children = (
				3D6127592554A267007F6884 /* Localizable.strings */,
			);
			path = de.lproj;
			sourceTree = "<group>";
		};
		3DACE6532554642D00FA9A40 /* ViewController */ = {
			isa = PBXGroup;
			children = (
				AAC5788D26E0FFF300BF1CFC /* AcceptPrivacyPolicyDialog */,
				AAD09FF526DFB82F007B2EEC /* LoginDialog */,
				AAD09FF026DFB1C5007B2EEC /* AskForServerDialog */,
				3DACE6552554642D00FA9A40 /* MeasurementOverview */,
				3DACE65C2554642D00FA9A40 /* Measurement Details */,
				3DACE6542554642D00FA9A40 /* ViewController.swift */,
			);
			path = ViewController;
			sourceTree = "<group>";
		};
		3DACE6552554642D00FA9A40 /* MeasurementOverview */ = {
			isa = PBXGroup;
			children = (
				3DACE6562554642D00FA9A40 /* MeasurementCellStatus.swift */,
				3DACE6572554642D00FA9A40 /* CurrentMeasurementViewModel.swift */,
				3DACE6582554642D00FA9A40 /* TableCellView.swift */,
				3DACE6592554642D00FA9A40 /* MeasurementModel.swift */,
				3DACE65A2554642D00FA9A40 /* CurrentMeasurementView.swift */,
				3DACE65B2554642D00FA9A40 /* TableCellViewModel.swift */,
			);
			path = MeasurementOverview;
			sourceTree = "<group>";
		};
		3DACE65C2554642D00FA9A40 /* Measurement Details */ = {
			isa = PBXGroup;
			children = (
				3DACE65D2554642D00FA9A40 /* StatisticsViewController.swift */,
				3DACE65E2554642D00FA9A40 /* MapLocationSelectorViewController.swift */,
				3DACE65F2554642D00FA9A40 /* MapViewController.swift */,
				3DACE6602554642D00FA9A40 /* ModalitySelectorViewController.swift */,
				3DACE6612554642D00FA9A40 /* GpsPointTableViewController.swift */,
				3DACE6622554642D00FA9A40 /* GpsPointTableViewCell.swift */,
				3DACE6632554642D00FA9A40 /* MeasurementDetailsViewController.swift */,
				3DACE6642554642D00FA9A40 /* AccelerationPointTableViewCell.swift */,
				3DACE6652554642D00FA9A40 /* DataViewController.swift */,
				3DACE6662554642D00FA9A40 /* AccelerationPointTableViewController.swift */,
			);
			path = "Measurement Details";
			sourceTree = "<group>";
		};
		3DACE6692554642D00FA9A40 /* Views */ = {
			isa = PBXGroup;
			children = (
				3DACE66A2554642D00FA9A40 /* MapLocationSelector.strings */,
				3DACE66C2554642D00FA9A40 /* Cyface-Main.strings */,
				3DACE6702554642D00FA9A40 /* ModalitySelector.strings */,
				3DACE67A2554642D00FA9A40 /* ModalitySelector.storyboard */,
				3DACE67C2554642D00FA9A40 /* MapLocationSelector.storyboard */,
				3DACE67E2554642D00FA9A40 /* Cyface-Main.storyboard */,
				3DACE6802554642D00FA9A40 /* Cyface-LaunchScreen.storyboard */,
			);
			path = Views;
			sourceTree = "<group>";
		};
		8CDF0D701864CB63D330310A /* Pods */ = {
			isa = PBXGroup;
			children = (
				B4BD9F6602B53A4DD3C204E3 /* Pods-Example.debug.xcconfig */,
				58A112A9190F1C5294E83458 /* Pods-Example.release.xcconfig */,
			);
			path = Pods;
			sourceTree = "<group>";
		};
		AAC5788826E0ECF300BF1CFC /* Model */ = {
			isa = PBXGroup;
			children = (
				AAC5788926E0ED0A00BF1CFC /* Settings.swift */,
				AAC5788B26E0FE9700BF1CFC /* PrivacyPolicy.swift */,
			);
			path = Model;
			sourceTree = "<group>";
		};
		AAC5788D26E0FFF300BF1CFC /* AcceptPrivacyPolicyDialog */ = {
			isa = PBXGroup;
			children = (
				3DACE6682554642D00FA9A40 /* PrivacyPolicyViewController.swift */,
				AAC5788E26E1015A00BF1CFC /* PrivacyPolicyViewModel.swift */,
			);
			path = AcceptPrivacyPolicyDialog;
			sourceTree = "<group>";
		};
		AAC5789026E1043F00BF1CFC /* UIComponents */ = {
			isa = PBXGroup;
			children = (
				AAC5789126E1045400BF1CFC /* CyButton.swift */,
				AAC5789326E109A300BF1CFC /* CyNavigationBar.swift */,
				AAF0712A26E79B940094090D /* CyViewController.swift */,
			);
			path = UIComponents;
			sourceTree = "<group>";
		};
		AAD09FF026DFB1C5007B2EEC /* AskForServerDialog */ = {
			isa = PBXGroup;
			children = (
				AAD09FF126DFB22F007B2EEC /* AskForServerViewController.swift */,
				AAD09FF326DFB298007B2EEC /* AskForServerViewModel.swift */,
			);
			path = AskForServerDialog;
			sourceTree = "<group>";
		};
		AAD09FF526DFB82F007B2EEC /* LoginDialog */ = {
			isa = PBXGroup;
			children = (
				3DACE6672554642D00FA9A40 /* LoginViewController.swift */,
			);
			path = LoginDialog;
			sourceTree = "<group>";
		};
/* End PBXGroup section */

/* Begin PBXNativeTarget section */
		3D342F662554564400E8EFA6 /* Example */ = {
			isa = PBXNativeTarget;
			buildConfigurationList = 3D342F912554564B00E8EFA6 /* Build configuration list for PBXNativeTarget "Example" */;
			buildPhases = (
				341F54C0117DB5FEC8ABF74E /* [CP] Check Pods Manifest.lock */,
				3D61276425559BF7007F6884 /* Add Credentials files */,
				3D342F632554564400E8EFA6 /* Sources */,
				3D342F642554564400E8EFA6 /* Frameworks */,
				3D342F652554564400E8EFA6 /* Resources */,
				3D61276C255994F5007F6884 /* SwiftLint */,
				E7CDED70173AF624DCF61191 /* [CP] Embed Pods Frameworks */,
			);
			buildRules = (
			);
			dependencies = (
			);
			name = Example;
			productName = "Example-App";
			productReference = 3D342F672554564400E8EFA6 /* Cyface.app */;
			productType = "com.apple.product-type.application";
		};
/* End PBXNativeTarget section */

/* Begin PBXProject section */
		3D342F5F2554564400E8EFA6 /* Project object */ = {
			isa = PBXProject;
			attributes = {
				LastSwiftUpdateCheck = 1150;
				LastUpgradeCheck = 1150;
				ORGANIZATIONNAME = "Cyface GmbH";
				TargetAttributes = {
					3D342F662554564400E8EFA6 = {
						CreatedOnToolsVersion = 11.5;
						LastSwiftMigration = 1150;
					};
				};
			};
			buildConfigurationList = 3D342F622554564400E8EFA6 /* Build configuration list for PBXProject "Example" */;
			compatibilityVersion = "Xcode 9.3";
			developmentRegion = en;
			hasScannedForEncodings = 0;
			knownRegions = (
				en,
				Base,
				it,
				de,
			);
			mainGroup = 3D342F5E2554564400E8EFA6;
			productRefGroup = 3D342F682554564400E8EFA6 /* Products */;
			projectDirPath = "";
			projectRoot = "";
			targets = (
				3D342F662554564400E8EFA6 /* Example */,
			);
		};
/* End PBXProject section */

/* Begin PBXResourcesBuildPhase section */
		3D342F652554564400E8EFA6 /* Resources */ = {
			isa = PBXResourcesBuildPhase;
			buildActionMask = 2147483647;
			files = (
				3D6127612554A267007F6884 /* Localizable.strings in Resources */,
				3DACE6A12554642D00FA9A40 /* Cyface-Main.storyboard in Resources */,
				3D342F742554564B00E8EFA6 /* Assets.xcassets in Resources */,
				3D61275C2554A267007F6884 /* privacy-policy-de.html in Resources */,
				3DACE69B2554642D00FA9A40 /* Cyface-Main.strings in Resources */,
				3DACE69A2554642D00FA9A40 /* MapLocationSelector.strings in Resources */,
				3DACE69D2554642D00FA9A40 /* ModalitySelector.strings in Resources */,
				3DACE6A02554642D00FA9A40 /* MapLocationSelector.storyboard in Resources */,
				3DACE6A22554642D00FA9A40 /* Cyface-LaunchScreen.storyboard in Resources */,
				3D61275F2554A267007F6884 /* Localizable.strings in Resources */,
				3D61275E2554A267007F6884 /* privacy-policy-en.html in Resources */,
				3D61275B2554A267007F6884 /* Settings.bundle in Resources */,
				3D6127602554A267007F6884 /* Localizable.strings in Resources */,
				3D61275D2554A267007F6884 /* privacy-policy-it.html in Resources */,
				3DACE69F2554642D00FA9A40 /* ModalitySelector.storyboard in Resources */,
			);
			runOnlyForDeploymentPostprocessing = 0;
		};
/* End PBXResourcesBuildPhase section */

/* Begin PBXShellScriptBuildPhase section */
		341F54C0117DB5FEC8ABF74E /* [CP] Check Pods Manifest.lock */ = {
			isa = PBXShellScriptBuildPhase;
			buildActionMask = 2147483647;
			files = (
			);
			inputFileListPaths = (
			);
			inputPaths = (
				"${PODS_PODFILE_DIR_PATH}/Podfile.lock",
				"${PODS_ROOT}/Manifest.lock",
			);
			name = "[CP] Check Pods Manifest.lock";
			outputFileListPaths = (
			);
			outputPaths = (
				"$(DERIVED_FILE_DIR)/Pods-Example-checkManifestLockResult.txt",
			);
			runOnlyForDeploymentPostprocessing = 0;
			shellPath = /bin/sh;
			shellScript = "diff \"${PODS_PODFILE_DIR_PATH}/Podfile.lock\" \"${PODS_ROOT}/Manifest.lock\" > /dev/null\nif [ $? != 0 ] ; then\n    # print error to STDERR\n    echo \"error: The sandbox is not in sync with the Podfile.lock. Run 'pod install' or update your CocoaPods installation.\" >&2\n    exit 1\nfi\n# This output is used by Xcode 'outputs' to avoid re-running this script phase.\necho \"SUCCESS\" > \"${SCRIPT_OUTPUT_FILE_0}\"\n";
			showEnvVarsInLog = 0;
		};
		3D61276425559BF7007F6884 /* Add Credentials files */ = {
			isa = PBXShellScriptBuildPhase;
			buildActionMask = 2147483647;
			files = (
			);
			inputFileListPaths = (
			);
			inputPaths = (
			);
			name = "Add Credentials files";
			outputFileListPaths = (
			);
			outputPaths = (
				"${SRCROOT}/Example/Source/CyfaceCredentials.swift",
			);
			runOnlyForDeploymentPostprocessing = 0;
			shellPath = /bin/sh;
			shellScript = "if [ -f ./env-vars.sh ]\nthen\nsource ./env-vars.sh\nfi\n\ncat >${SRCROOT}/Example/Source/CyfaceCredentials.swift <<EOL\nstruct CyfaceCreds {\n  static let clientId = \"${GITHUB_CLIENT_ID}\"\n  static let clientSecret = \"${GITHUB_CLIENT_SECRET}\"\n}\nEOL\n";
		};
		3D61276C255994F5007F6884 /* SwiftLint */ = {
			isa = PBXShellScriptBuildPhase;
			buildActionMask = 2147483647;
			files = (
			);
			inputFileListPaths = (
			);
			inputPaths = (
			);
			name = SwiftLint;
			outputFileListPaths = (
			);
			outputPaths = (
			);
			runOnlyForDeploymentPostprocessing = 0;
			shellPath = /bin/sh;
			shellScript = "if which swiftlint >/dev/null; then\n  swiftlint --path Example/Source --config .swiftlint.yml\n  \n  swiftlint --path DataCapturing/Source --config .swiftlint.yml\nelse\n  echo \"warning: SwiftLint not installed, download from https://github.com/realm/SwiftLint\"\nfi\n";
		};
		E7CDED70173AF624DCF61191 /* [CP] Embed Pods Frameworks */ = {
			isa = PBXShellScriptBuildPhase;
			buildActionMask = 2147483647;
			files = (
			);
			inputFileListPaths = (
				"${PODS_ROOT}/Target Support Files/Pods-Example/Pods-Example-frameworks-${CONFIGURATION}-input-files.xcfilelist",
			);
			name = "[CP] Embed Pods Frameworks";
			outputFileListPaths = (
				"${PODS_ROOT}/Target Support Files/Pods-Example/Pods-Example-frameworks-${CONFIGURATION}-output-files.xcfilelist",
			);
			runOnlyForDeploymentPostprocessing = 0;
			shellPath = /bin/sh;
			shellScript = "\"${PODS_ROOT}/Target Support Files/Pods-Example/Pods-Example-frameworks.sh\"\n";
			showEnvVarsInLog = 0;
		};
/* End PBXShellScriptBuildPhase section */

/* Begin PBXSourcesBuildPhase section */
		3D342F632554564400E8EFA6 /* Sources */ = {
			isa = PBXSourcesBuildPhase;
			buildActionMask = 2147483647;
			files = (
				AAC5788A26E0ED0A00BF1CFC /* Settings.swift in Sources */,
				AAC5789226E1045400BF1CFC /* CyButton.swift in Sources */,
				3DACE6872554642D00FA9A40 /* ViewController.swift in Sources */,
				3DACE6962554642D00FA9A40 /* DataViewController.swift in Sources */,
				3DACE6852554642D00FA9A40 /* Modality.swift in Sources */,
				AAC5788F26E1015A00BF1CFC /* PrivacyPolicyViewModel.swift in Sources */,
				3DACE6992554642D00FA9A40 /* PrivacyPolicyViewController.swift in Sources */,
				3DACE6982554642D00FA9A40 /* LoginViewController.swift in Sources */,
				3DACE6912554642D00FA9A40 /* ModalitySelectorViewController.swift in Sources */,
				3DACE6882554642D00FA9A40 /* MeasurementCellStatus.swift in Sources */,
				3DACE6A32554642D00FA9A40 /* Strings.swift in Sources */,
				3DACE6892554642D00FA9A40 /* CurrentMeasurementViewModel.swift in Sources */,
				AAC5788C26E0FE9700BF1CFC /* PrivacyPolicy.swift in Sources */,
				3DACE6922554642D00FA9A40 /* GpsPointTableViewController.swift in Sources */,
				3DACE6952554642D00FA9A40 /* AccelerationPointTableViewCell.swift in Sources */,
				3DACE6862554642D00FA9A40 /* CapturingLifecycle.swift in Sources */,
				AAF0712B26E79B940094090D /* CyViewController.swift in Sources */,
				3DACE6842554642D00FA9A40 /* AppDelegate.swift in Sources */,
				3DACE6972554642D00FA9A40 /* AccelerationPointTableViewController.swift in Sources */,
				3DACE68B2554642D00FA9A40 /* MeasurementModel.swift in Sources */,
				AAD09FF426DFB298007B2EEC /* AskForServerViewModel.swift in Sources */,
				3DACE6932554642D00FA9A40 /* GpsPointTableViewCell.swift in Sources */,
				3DACE68D2554642D00FA9A40 /* TableCellViewModel.swift in Sources */,
				3DACE68A2554642D00FA9A40 /* TableCellView.swift in Sources */,
				3DACE6942554642D00FA9A40 /* MeasurementDetailsViewController.swift in Sources */,
				3D61276B2555A84D007F6884 /* CyfaceCredentials.swift in Sources */,
				3DACE68C2554642D00FA9A40 /* CurrentMeasurementView.swift in Sources */,
				AAD09FF226DFB22F007B2EEC /* AskForServerViewController.swift in Sources */,
				3DACE6822554642D00FA9A40 /* Event.swift in Sources */,
				3DACE6832554642D00FA9A40 /* GeoLocationTrackDrawer.swift in Sources */,
				AAC5789426E109A300BF1CFC /* CyNavigationBar.swift in Sources */,
				3DACE68E2554642D00FA9A40 /* StatisticsViewController.swift in Sources */,
				3DACE6902554642D00FA9A40 /* MapViewController.swift in Sources */,
				3DACE68F2554642D00FA9A40 /* MapLocationSelectorViewController.swift in Sources */,
			);
			runOnlyForDeploymentPostprocessing = 0;
		};
/* End PBXSourcesBuildPhase section */

/* Begin PBXVariantGroup section */
		3D6127522554A266007F6884 /* Localizable.strings */ = {
			isa = PBXVariantGroup;
			children = (
				3D6127532554A266007F6884 /* it */,
			);
			name = Localizable.strings;
			sourceTree = "<group>";
		};
		3D6127552554A266007F6884 /* Localizable.strings */ = {
			isa = PBXVariantGroup;
			children = (
				3D6127562554A266007F6884 /* en */,
			);
			name = Localizable.strings;
			sourceTree = "<group>";
		};
		3D6127592554A267007F6884 /* Localizable.strings */ = {
			isa = PBXVariantGroup;
			children = (
				3D61275A2554A267007F6884 /* de */,
			);
			name = Localizable.strings;
			sourceTree = "<group>";
		};
		3DACE66A2554642D00FA9A40 /* MapLocationSelector.strings */ = {
			isa = PBXVariantGroup;
			children = (
				3DACE66B2554642D00FA9A40 /* de */,
				3DACE6722554642D00FA9A40 /* en */,
				3DACE6742554642D00FA9A40 /* it */,
			);
			name = MapLocationSelector.strings;
			sourceTree = "<group>";
		};
		3DACE66C2554642D00FA9A40 /* Cyface-Main.strings */ = {
			isa = PBXVariantGroup;
			children = (
				3DACE66D2554642D00FA9A40 /* de */,
				3DACE6752554642D00FA9A40 /* it */,
			);
			name = "Cyface-Main.strings";
			sourceTree = "<group>";
		};
		3DACE6702554642D00FA9A40 /* ModalitySelector.strings */ = {
			isa = PBXVariantGroup;
			children = (
				3DACE6712554642D00FA9A40 /* de */,
				3DACE6772554642D00FA9A40 /* it */,
			);
			name = ModalitySelector.strings;
			sourceTree = "<group>";
		};
		3DACE67A2554642D00FA9A40 /* ModalitySelector.storyboard */ = {
			isa = PBXVariantGroup;
			children = (
				3DACE67B2554642D00FA9A40 /* Base */,
			);
			name = ModalitySelector.storyboard;
			sourceTree = "<group>";
		};
		3DACE67C2554642D00FA9A40 /* MapLocationSelector.storyboard */ = {
			isa = PBXVariantGroup;
			children = (
				3DACE67D2554642D00FA9A40 /* Base */,
			);
			name = MapLocationSelector.storyboard;
			sourceTree = "<group>";
		};
		3DACE67E2554642D00FA9A40 /* Cyface-Main.storyboard */ = {
			isa = PBXVariantGroup;
			children = (
				3DACE67F2554642D00FA9A40 /* Base */,
			);
			name = "Cyface-Main.storyboard";
			sourceTree = "<group>";
		};
/* End PBXVariantGroup section */

/* Begin XCBuildConfiguration section */
		3D342F8F2554564B00E8EFA6 /* Debug */ = {
			isa = XCBuildConfiguration;
			buildSettings = {
				ALWAYS_SEARCH_USER_PATHS = NO;
				CLANG_ANALYZER_LOCALIZABILITY_NONLOCALIZED = YES;
				CLANG_ANALYZER_NONNULL = YES;
				CLANG_ANALYZER_NUMBER_OBJECT_CONVERSION = YES_AGGRESSIVE;
				CLANG_CXX_LANGUAGE_STANDARD = "gnu++14";
				CLANG_CXX_LIBRARY = "libc++";
				CLANG_ENABLE_MODULES = YES;
				CLANG_ENABLE_OBJC_ARC = YES;
				CLANG_ENABLE_OBJC_WEAK = YES;
				CLANG_WARN_BLOCK_CAPTURE_AUTORELEASING = YES;
				CLANG_WARN_BOOL_CONVERSION = YES;
				CLANG_WARN_COMMA = YES;
				CLANG_WARN_CONSTANT_CONVERSION = YES;
				CLANG_WARN_DEPRECATED_OBJC_IMPLEMENTATIONS = YES;
				CLANG_WARN_DIRECT_OBJC_ISA_USAGE = YES_ERROR;
				CLANG_WARN_DOCUMENTATION_COMMENTS = YES;
				CLANG_WARN_EMPTY_BODY = YES;
				CLANG_WARN_ENUM_CONVERSION = YES;
				CLANG_WARN_INFINITE_RECURSION = YES;
				CLANG_WARN_INT_CONVERSION = YES;
				CLANG_WARN_NON_LITERAL_NULL_CONVERSION = YES;
				CLANG_WARN_OBJC_IMPLICIT_RETAIN_SELF = YES;
				CLANG_WARN_OBJC_LITERAL_CONVERSION = YES;
				CLANG_WARN_OBJC_ROOT_CLASS = YES_ERROR;
				CLANG_WARN_RANGE_LOOP_ANALYSIS = YES;
				CLANG_WARN_STRICT_PROTOTYPES = YES;
				CLANG_WARN_SUSPICIOUS_MOVE = YES;
				CLANG_WARN_UNGUARDED_AVAILABILITY = YES_AGGRESSIVE;
				CLANG_WARN_UNREACHABLE_CODE = YES;
				CLANG_WARN__DUPLICATE_METHOD_MATCH = YES;
				COPY_PHASE_STRIP = NO;
				DEBUG_INFORMATION_FORMAT = dwarf;
				ENABLE_STRICT_OBJC_MSGSEND = YES;
				ENABLE_TESTABILITY = YES;
				GCC_C_LANGUAGE_STANDARD = gnu11;
				GCC_DYNAMIC_NO_PIC = NO;
				GCC_NO_COMMON_BLOCKS = YES;
				GCC_OPTIMIZATION_LEVEL = 0;
				GCC_PREPROCESSOR_DEFINITIONS = (
					"DEBUG=1",
					"$(inherited)",
				);
				GCC_WARN_64_TO_32_BIT_CONVERSION = YES;
				GCC_WARN_ABOUT_RETURN_TYPE = YES_ERROR;
				GCC_WARN_UNDECLARED_SELECTOR = YES;
				GCC_WARN_UNINITIALIZED_AUTOS = YES_AGGRESSIVE;
				GCC_WARN_UNUSED_FUNCTION = YES;
				GCC_WARN_UNUSED_VARIABLE = YES;
				IPHONEOS_DEPLOYMENT_TARGET = 13.5;
				MTL_ENABLE_DEBUG_INFO = INCLUDE_SOURCE;
				MTL_FAST_MATH = YES;
				ONLY_ACTIVE_ARCH = YES;
				SDKROOT = iphoneos;
				SWIFT_ACTIVE_COMPILATION_CONDITIONS = DEBUG;
				SWIFT_OPTIMIZATION_LEVEL = "-Onone";
			};
			name = Debug;
		};
		3D342F902554564B00E8EFA6 /* Release */ = {
			isa = XCBuildConfiguration;
			buildSettings = {
				ALWAYS_SEARCH_USER_PATHS = NO;
				CLANG_ANALYZER_LOCALIZABILITY_NONLOCALIZED = YES;
				CLANG_ANALYZER_NONNULL = YES;
				CLANG_ANALYZER_NUMBER_OBJECT_CONVERSION = YES_AGGRESSIVE;
				CLANG_CXX_LANGUAGE_STANDARD = "gnu++14";
				CLANG_CXX_LIBRARY = "libc++";
				CLANG_ENABLE_MODULES = YES;
				CLANG_ENABLE_OBJC_ARC = YES;
				CLANG_ENABLE_OBJC_WEAK = YES;
				CLANG_WARN_BLOCK_CAPTURE_AUTORELEASING = YES;
				CLANG_WARN_BOOL_CONVERSION = YES;
				CLANG_WARN_COMMA = YES;
				CLANG_WARN_CONSTANT_CONVERSION = YES;
				CLANG_WARN_DEPRECATED_OBJC_IMPLEMENTATIONS = YES;
				CLANG_WARN_DIRECT_OBJC_ISA_USAGE = YES_ERROR;
				CLANG_WARN_DOCUMENTATION_COMMENTS = YES;
				CLANG_WARN_EMPTY_BODY = YES;
				CLANG_WARN_ENUM_CONVERSION = YES;
				CLANG_WARN_INFINITE_RECURSION = YES;
				CLANG_WARN_INT_CONVERSION = YES;
				CLANG_WARN_NON_LITERAL_NULL_CONVERSION = YES;
				CLANG_WARN_OBJC_IMPLICIT_RETAIN_SELF = YES;
				CLANG_WARN_OBJC_LITERAL_CONVERSION = YES;
				CLANG_WARN_OBJC_ROOT_CLASS = YES_ERROR;
				CLANG_WARN_RANGE_LOOP_ANALYSIS = YES;
				CLANG_WARN_STRICT_PROTOTYPES = YES;
				CLANG_WARN_SUSPICIOUS_MOVE = YES;
				CLANG_WARN_UNGUARDED_AVAILABILITY = YES_AGGRESSIVE;
				CLANG_WARN_UNREACHABLE_CODE = YES;
				CLANG_WARN__DUPLICATE_METHOD_MATCH = YES;
				COPY_PHASE_STRIP = NO;
				DEBUG_INFORMATION_FORMAT = "dwarf-with-dsym";
				ENABLE_NS_ASSERTIONS = NO;
				ENABLE_STRICT_OBJC_MSGSEND = YES;
				GCC_C_LANGUAGE_STANDARD = gnu11;
				GCC_NO_COMMON_BLOCKS = YES;
				GCC_WARN_64_TO_32_BIT_CONVERSION = YES;
				GCC_WARN_ABOUT_RETURN_TYPE = YES_ERROR;
				GCC_WARN_UNDECLARED_SELECTOR = YES;
				GCC_WARN_UNINITIALIZED_AUTOS = YES_AGGRESSIVE;
				GCC_WARN_UNUSED_FUNCTION = YES;
				GCC_WARN_UNUSED_VARIABLE = YES;
				IPHONEOS_DEPLOYMENT_TARGET = 13.5;
				MTL_ENABLE_DEBUG_INFO = NO;
				MTL_FAST_MATH = YES;
				SDKROOT = iphoneos;
				SWIFT_COMPILATION_MODE = wholemodule;
				SWIFT_OPTIMIZATION_LEVEL = "-O";
				VALIDATE_PRODUCT = YES;
			};
			name = Release;
		};
		3D342F922554564B00E8EFA6 /* Debug */ = {
			isa = XCBuildConfiguration;
			baseConfigurationReference = B4BD9F6602B53A4DD3C204E3 /* Pods-Example.debug.xcconfig */;
			buildSettings = {
				ASSETCATALOG_COMPILER_APPICON_NAME = AppIcon;
				CLANG_ENABLE_MODULES = YES;
				CODE_SIGN_STYLE = Automatic;
				DEVELOPMENT_TEAM = 45GZ5C9N64;
				INFOPLIST_FILE = "$(SRCROOT)/Example/Info.plist";
				IPHONEOS_DEPLOYMENT_TARGET = 12.4;
				LD_RUNPATH_SEARCH_PATHS = (
					"$(inherited)",
					"@executable_path/Frameworks",
				);
				MARKETING_VERSION = 3.1.1;
				PRODUCT_BUNDLE_IDENTIFIER = de.cyface.app;
				PRODUCT_NAME = Cyface;
				SWIFT_OBJC_BRIDGING_HEADER = "Example/Source/Example-App-Bridging-Header.h";
				SWIFT_OPTIMIZATION_LEVEL = "-Onone";
				SWIFT_VERSION = 5.0;
				TARGETED_DEVICE_FAMILY = 1;
			};
			name = Debug;
		};
		3D342F932554564B00E8EFA6 /* Release */ = {
			isa = XCBuildConfiguration;
			baseConfigurationReference = 58A112A9190F1C5294E83458 /* Pods-Example.release.xcconfig */;
			buildSettings = {
				ASSETCATALOG_COMPILER_APPICON_NAME = AppIcon;
				CLANG_ENABLE_MODULES = YES;
				CODE_SIGN_STYLE = Automatic;
				DEVELOPMENT_TEAM = 45GZ5C9N64;
				INFOPLIST_FILE = "$(SRCROOT)/Example/Info.plist";
				IPHONEOS_DEPLOYMENT_TARGET = 12.4;
				LD_RUNPATH_SEARCH_PATHS = (
					"$(inherited)",
					"@executable_path/Frameworks",
				);
				MARKETING_VERSION = 3.1.1;
				PRODUCT_BUNDLE_IDENTIFIER = de.cyface.app;
				PRODUCT_NAME = Cyface;
				SWIFT_OBJC_BRIDGING_HEADER = "Example/Source/Example-App-Bridging-Header.h";
				SWIFT_VERSION = 5.0;
				TARGETED_DEVICE_FAMILY = 1;
			};
			name = Release;
		};
/* End XCBuildConfiguration section */

/* Begin XCConfigurationList section */
		3D342F622554564400E8EFA6 /* Build configuration list for PBXProject "Example" */ = {
			isa = XCConfigurationList;
			buildConfigurations = (
				3D342F8F2554564B00E8EFA6 /* Debug */,
				3D342F902554564B00E8EFA6 /* Release */,
			);
			defaultConfigurationIsVisible = 0;
			defaultConfigurationName = Release;
		};
		3D342F912554564B00E8EFA6 /* Build configuration list for PBXNativeTarget "Example" */ = {
			isa = XCConfigurationList;
			buildConfigurations = (
				3D342F922554564B00E8EFA6 /* Debug */,
				3D342F932554564B00E8EFA6 /* Release */,
			);
			defaultConfigurationIsVisible = 0;
			defaultConfigurationName = Release;
		};
/* End XCConfigurationList section */
	};
	rootObject = 3D342F5F2554564400E8EFA6 /* Project object */;
}
