// !$*UTF8*$!
{
	archiveVersion = 1;
	classes = {
	};
	objectVersion = 56;
	objects = {

/* Begin PBXBuildFile section */
		AA199DE62AFD0EF400DE4D4A /* Development.json in Resources */ = {isa = PBXBuildFile; fileRef = AA199DE52AFD0EF400DE4D4A /* Development.json */; };
		AA199DE82AFD0F0C00DE4D4A /* Staging.json in Resources */ = {isa = PBXBuildFile; fileRef = AA199DE72AFD0F0C00DE4D4A /* Staging.json */; };
		AA199DEA2AFD0F1D00DE4D4A /* Production.json in Resources */ = {isa = PBXBuildFile; fileRef = AA199DE92AFD0F1D00DE4D4A /* Production.json */; };
		AA1E40592B175C5300CACBE6 /* WebView.swift in Sources */ = {isa = PBXBuildFile; fileRef = AA1E40582B175C5300CACBE6 /* WebView.swift */; };
		AA1E405B2B1764C900CACBE6 /* DataProtection.swift in Sources */ = {isa = PBXBuildFile; fileRef = AA1E405A2B1764C900CACBE6 /* DataProtection.swift */; };
		AA1E40722B17EB0B00CACBE6 /* SynchronizeMeasurementUITest.swift in Sources */ = {isa = PBXBuildFile; fileRef = AA1E405C2B17A14D00CACBE6 /* SynchronizeMeasurementUITest.swift */; };
		AA1E40742B17EC9900CACBE6 /* AppAuthCore in Frameworks */ = {isa = PBXBuildFile; productRef = AA1E40732B17EC9900CACBE6 /* AppAuthCore */; };
		AA1E40762B17EC9E00CACBE6 /* AppAuth in Frameworks */ = {isa = PBXBuildFile; productRef = AA1E40752B17EC9E00CACBE6 /* AppAuth */; };
		AA3C062A2A3AF8B9002BD585 /* ControlBar.swift in Sources */ = {isa = PBXBuildFile; fileRef = AA3C06292A3AF8B9002BD585 /* ControlBar.swift */; };
		AA3C062D2A3B03C8002BD585 /* InfoPlist.strings in Resources */ = {isa = PBXBuildFile; fileRef = AA3C062B2A3B03C8002BD585 /* InfoPlist.strings */; };
		AA3C06302A3B03C8002BD585 /* Localizable.strings in Resources */ = {isa = PBXBuildFile; fileRef = AA3C062E2A3B03C8002BD585 /* Localizable.strings */; };
		AA3C06512A40ED57002BD585 /* VoucherOverviewModel.swift in Sources */ = {isa = PBXBuildFile; fileRef = AA3C06502A40ED57002BD585 /* VoucherOverviewModel.swift */; };
		AA3C06562A4180DC002BD585 /* MainMap.swift in Sources */ = {isa = PBXBuildFile; fileRef = AA3C06552A4180DC002BD585 /* MainMap.swift */; };
		AA45BDA22AE6B420003FCB17 /* LoginStatus.swift in Sources */ = {isa = PBXBuildFile; fileRef = AA45BDA12AE6B420003FCB17 /* LoginStatus.swift */; };
		AA4C48F02B5812C900164175 /* Sentry in Frameworks */ = {isa = PBXBuildFile; productRef = AA4C48EF2B5812C900164175 /* Sentry */; };
		AA6239A72B0CB088007875BF /* SynchronizationViewModelTest.swift in Sources */ = {isa = PBXBuildFile; fileRef = AA199DE02AF038FD00DE4D4A /* SynchronizationViewModelTest.swift */; };
		AA6C48962A93629800C3633D /* OAuthLoginView.swift in Sources */ = {isa = PBXBuildFile; fileRef = AA6C48952A93629800C3633D /* OAuthLoginView.swift */; };
		AA6C48992A9365B200C3633D /* AppAuth in Frameworks */ = {isa = PBXBuildFile; productRef = AA6C48982A9365B200C3633D /* AppAuth */; };
		AA6C489B2A9365B200C3633D /* AppAuthCore in Frameworks */ = {isa = PBXBuildFile; productRef = AA6C489A2A9365B200C3633D /* AppAuthCore */; };
		AA6C489F2A938EDB00C3633D /* LoginViewController.swift in Sources */ = {isa = PBXBuildFile; fileRef = AA6C489E2A938EDB00C3633D /* LoginViewController.swift */; };
		AA87D06C2982ADE8002F6B3B /* RFRApp.swift in Sources */ = {isa = PBXBuildFile; fileRef = AA87D06B2982ADE8002F6B3B /* RFRApp.swift */; };
		AA87D06E2982ADE8002F6B3B /* LiveView.swift in Sources */ = {isa = PBXBuildFile; fileRef = AA87D06D2982ADE8002F6B3B /* LiveView.swift */; };
		AA87D0702982ADE9002F6B3B /* Assets.xcassets in Resources */ = {isa = PBXBuildFile; fileRef = AA87D06F2982ADE9002F6B3B /* Assets.xcassets */; };
		AA87D0972982B3ED002F6B3B /* MeasurementsView.swift in Sources */ = {isa = PBXBuildFile; fileRef = AA87D0962982B3ED002F6B3B /* MeasurementsView.swift */; };
		AA87D0992982B43F002F6B3B /* StatisticsView.swift in Sources */ = {isa = PBXBuildFile; fileRef = AA87D0982982B43F002F6B3B /* StatisticsView.swift */; };
		AA87D09B2982B4CB002F6B3B /* MeasurementView.swift in Sources */ = {isa = PBXBuildFile; fileRef = AA87D09A2982B4CB002F6B3B /* MeasurementView.swift */; };
		AA8FC7652A2CE82B006D52F3 /* Voucher.swift in Sources */ = {isa = PBXBuildFile; fileRef = AA8FC7642A2CE82B006D52F3 /* Voucher.swift */; };
		AA8FC7692A2DB438006D52F3 /* VoucherViewModel.swift in Sources */ = {isa = PBXBuildFile; fileRef = AA8FC7682A2DB438006D52F3 /* VoucherViewModel.swift */; };
		AA9AF31D2AEA8E9E0003BE54 /* Config.swift in Sources */ = {isa = PBXBuildFile; fileRef = AA9AF31C2AEA8E9E0003BE54 /* Config.swift */; };
		AA9AF31F2AEA8EAD0003BE54 /* ConfigLoader.swift in Sources */ = {isa = PBXBuildFile; fileRef = AA9AF31E2AEA8EAD0003BE54 /* ConfigLoader.swift */; };
		AAA1AAAE29D6FB8D002CBC91 /* OSLog.swift in Sources */ = {isa = PBXBuildFile; fileRef = AAA1AAAD29D6FB8D002CBC91 /* OSLog.swift */; };
		AAA1AAB029DB1F0C002CBC91 /* Preview_Mocks.swift in Sources */ = {isa = PBXBuildFile; fileRef = AAA1AAAF29DB1F0C002CBC91 /* Preview_Mocks.swift */; };
		AAA1AAB429E540D0002CBC91 /* MeasurementsViewModel.swift in Sources */ = {isa = PBXBuildFile; fileRef = AAA1AAB329E540CF002CBC91 /* MeasurementsViewModel.swift */; };
		AAA1AAB829E6E729002CBC91 /* ErrorView.swift in Sources */ = {isa = PBXBuildFile; fileRef = AAA1AAB729E6E729002CBC91 /* ErrorView.swift */; };
		AAA1AABA29E6FAE0002CBC91 /* SynchronizationViewModel.swift in Sources */ = {isa = PBXBuildFile; fileRef = AAA1AAB929E6FAE0002CBC91 /* SynchronizationViewModel.swift */; };
		AAA1AABE29E8895A002CBC91 /* Formatter.swift in Sources */ = {isa = PBXBuildFile; fileRef = AAA1AABD29E8895A002CBC91 /* Formatter.swift */; };
		AAA1AAC129ED4544002CBC91 /* Statistics.swift in Sources */ = {isa = PBXBuildFile; fileRef = AAA1AAC029ED4544002CBC91 /* Statistics.swift */; };
		AAA1AAC429EED663002CBC91 /* HCaptcha in Frameworks */ = {isa = PBXBuildFile; productRef = AAA1AAC329EED663002CBC91 /* HCaptcha */; };
		AAA5CEB02AC56E090088AFA6 /* ImpressumView.swift in Sources */ = {isa = PBXBuildFile; fileRef = AAA5CEAF2AC56E090088AFA6 /* ImpressumView.swift */; };
		AAA5CEB22AC56E4A0088AFA6 /* ProfileView.swift in Sources */ = {isa = PBXBuildFile; fileRef = AAA5CEB12AC56E4A0088AFA6 /* ProfileView.swift */; };
		AAC610642B231B070083AED5 /* DeleteAccountConfirmationDialog.swift in Sources */ = {isa = PBXBuildFile; fileRef = AAC610632B231B070083AED5 /* DeleteAccountConfirmationDialog.swift */; };
		AAC9D2E82983DEC3003C4CC7 /* LiveViewModel.swift in Sources */ = {isa = PBXBuildFile; fileRef = AAC9D2E72983DEC3003C4CC7 /* LiveViewModel.swift */; };
		AAC9D2EF29840651003C4CC7 /* LabelledDivider.swift in Sources */ = {isa = PBXBuildFile; fileRef = AAC9D2EE29840651003C4CC7 /* LabelledDivider.swift */; };
		AAC9D2F129840682003C4CC7 /* AsyncButton.swift in Sources */ = {isa = PBXBuildFile; fileRef = AAC9D2F029840682003C4CC7 /* AsyncButton.swift */; };
		AAC9D2F429840D83003C4CC7 /* MeasurementCell.swift in Sources */ = {isa = PBXBuildFile; fileRef = AAC9D2F329840D83003C4CC7 /* MeasurementCell.swift */; };
		AAC9D2F729891A8D003C4CC7 /* Measurement.swift in Sources */ = {isa = PBXBuildFile; fileRef = AAC9D2F629891A8D003C4CC7 /* Measurement.swift */; };
		AAC9D2FD29895526003C4CC7 /* Altitude.swift in Sources */ = {isa = PBXBuildFile; fileRef = AAC9D2FC29895526003C4CC7 /* Altitude.swift */; };
		AAC9D2FF29895D16003C4CC7 /* KeyValueView.swift in Sources */ = {isa = PBXBuildFile; fileRef = AAC9D2FE29895D16003C4CC7 /* KeyValueView.swift */; };
		AAC9D30129897042003C4CC7 /* MainView.swift in Sources */ = {isa = PBXBuildFile; fileRef = AAC9D30029897042003C4CC7 /* MainView.swift */; };
		AACB768329BF639F00A9DB6F /* DataCapturing in Frameworks */ = {isa = PBXBuildFile; productRef = AACB768229BF639F00A9DB6F /* DataCapturing */; };
		AACB768529BF671600A9DB6F /* LoadinScreen.swift in Sources */ = {isa = PBXBuildFile; fileRef = AACB768429BF671600A9DB6F /* LoadinScreen.swift */; };
		AACB768729BF67E800A9DB6F /* DataCapturingViewModel.swift in Sources */ = {isa = PBXBuildFile; fileRef = AACB768629BF67E800A9DB6F /* DataCapturingViewModel.swift */; };
		AACB768929C0989300A9DB6F /* RFRError.swift in Sources */ = {isa = PBXBuildFile; fileRef = AACB768829C0989300A9DB6F /* RFRError.swift */; };
		AACB768C29C1C24B00A9DB6F /* InitializationView.swift in Sources */ = {isa = PBXBuildFile; fileRef = AACB768B29C1C24B00A9DB6F /* InitializationView.swift */; };
		AAE8E46D2A2A33BB005AA4F1 /* VoucherOverview.swift in Sources */ = {isa = PBXBuildFile; fileRef = AAE8E46C2A2A33BB005AA4F1 /* VoucherOverview.swift */; };
		AAE8E46F2A2A33E3005AA4F1 /* VoucherReached.swift in Sources */ = {isa = PBXBuildFile; fileRef = AAE8E46E2A2A33E3005AA4F1 /* VoucherReached.swift */; };
		AAE8E4712A2A33F5005AA4F1 /* VoucherEnabled.swift in Sources */ = {isa = PBXBuildFile; fileRef = AAE8E4702A2A33F5005AA4F1 /* VoucherEnabled.swift */; };
		AAEF3B452B3187F100BDE7FE /* DataCapturingMessageSubscriber.swift in Sources */ = {isa = PBXBuildFile; fileRef = AAEF3B442B3187F100BDE7FE /* DataCapturingMessageSubscriber.swift */; };
		AAEF3B492B3425C800BDE7FE /* COPYING-APPENDIX-DE in Resources */ = {isa = PBXBuildFile; fileRef = AAEF3B482B3425C800BDE7FE /* COPYING-APPENDIX-DE */; };
		AAEF3B4B2B3590AA00BDE7FE /* ErrorTextView.swift in Sources */ = {isa = PBXBuildFile; fileRef = AAEF3B4A2B3590AA00BDE7FE /* ErrorTextView.swift */; };
		AAFB60992A31BFA9008AEC76 /* UIKitMapView.swift in Sources */ = {isa = PBXBuildFile; fileRef = AAFB60982A31BFA9008AEC76 /* UIKitMapView.swift */; };
/* End PBXBuildFile section */

/* Begin PBXContainerItemProxy section */
		AA1E40692B17EAF200CACBE6 /* PBXContainerItemProxy */ = {
			isa = PBXContainerItemProxy;
			containerPortal = AA87D0602982ADE8002F6B3B /* Project object */;
			proxyType = 1;
			remoteGlobalIDString = AA87D0672982ADE8002F6B3B;
			remoteInfo = RFR;
		};
		AA6239932B0CA408007875BF /* PBXContainerItemProxy */ = {
			isa = PBXContainerItemProxy;
			containerPortal = AA87D0602982ADE8002F6B3B /* Project object */;
			proxyType = 1;
			remoteGlobalIDString = AA87D0672982ADE8002F6B3B;
			remoteInfo = RFR;
		};
/* End PBXContainerItemProxy section */

/* Begin PBXFileReference section */
		AA11963C29924961008161C4 /* README.md */ = {isa = PBXFileReference; lastKnownFileType = net.daringfireball.markdown; path = README.md; sourceTree = "<group>"; };
		AA11963D29924A6F008161C4 /* COPYING */ = {isa = PBXFileReference; lastKnownFileType = text; path = COPYING; sourceTree = "<group>"; };
		AA199DE02AF038FD00DE4D4A /* SynchronizationViewModelTest.swift */ = {isa = PBXFileReference; lastKnownFileType = sourcecode.swift; path = SynchronizationViewModelTest.swift; sourceTree = "<group>"; };
		AA199DE52AFD0EF400DE4D4A /* Development.json */ = {isa = PBXFileReference; lastKnownFileType = text.json; path = Development.json; sourceTree = "<group>"; };
		AA199DE72AFD0F0C00DE4D4A /* Staging.json */ = {isa = PBXFileReference; lastKnownFileType = text.json; path = Staging.json; sourceTree = "<group>"; };
		AA199DE92AFD0F1D00DE4D4A /* Production.json */ = {isa = PBXFileReference; lastKnownFileType = text.json; path = Production.json; sourceTree = "<group>"; };
		AA1E40582B175C5300CACBE6 /* WebView.swift */ = {isa = PBXFileReference; lastKnownFileType = sourcecode.swift; path = WebView.swift; sourceTree = "<group>"; };
		AA1E405A2B1764C900CACBE6 /* DataProtection.swift */ = {isa = PBXFileReference; lastKnownFileType = sourcecode.swift; path = DataProtection.swift; sourceTree = "<group>"; };
		AA1E405C2B17A14D00CACBE6 /* SynchronizeMeasurementUITest.swift */ = {isa = PBXFileReference; lastKnownFileType = sourcecode.swift; path = SynchronizeMeasurementUITest.swift; sourceTree = "<group>"; };
		AA1E40632B17EAF100CACBE6 /* Ready for Robots UITests.xctest */ = {isa = PBXFileReference; explicitFileType = wrapper.cfbundle; includeInIndex = 0; path = "Ready for Robots UITests.xctest"; sourceTree = BUILT_PRODUCTS_DIR; };
		AA3C06292A3AF8B9002BD585 /* ControlBar.swift */ = {isa = PBXFileReference; lastKnownFileType = sourcecode.swift; path = ControlBar.swift; sourceTree = "<group>"; };
		AA3C062C2A3B03C8002BD585 /* de */ = {isa = PBXFileReference; lastKnownFileType = text.plist.strings; name = de; path = de.lproj/InfoPlist.strings; sourceTree = "<group>"; };
		AA3C062F2A3B03C8002BD585 /* de */ = {isa = PBXFileReference; lastKnownFileType = text.plist.strings; name = de; path = de.lproj/Localizable.strings; sourceTree = "<group>"; };
		AA3C06502A40ED57002BD585 /* VoucherOverviewModel.swift */ = {isa = PBXFileReference; lastKnownFileType = sourcecode.swift; path = VoucherOverviewModel.swift; sourceTree = "<group>"; };
		AA3C06552A4180DC002BD585 /* MainMap.swift */ = {isa = PBXFileReference; lastKnownFileType = sourcecode.swift; path = MainMap.swift; sourceTree = "<group>"; };
		AA45BDA12AE6B420003FCB17 /* LoginStatus.swift */ = {isa = PBXFileReference; lastKnownFileType = sourcecode.swift; path = LoginStatus.swift; sourceTree = "<group>"; };
		AA6C48952A93629800C3633D /* OAuthLoginView.swift */ = {isa = PBXFileReference; lastKnownFileType = sourcecode.swift; path = OAuthLoginView.swift; sourceTree = "<group>"; };
		AA6C489E2A938EDB00C3633D /* LoginViewController.swift */ = {isa = PBXFileReference; lastKnownFileType = sourcecode.swift; path = LoginViewController.swift; sourceTree = "<group>"; };
		AA87D0682982ADE8002F6B3B /* Ready for Robots Development.app */ = {isa = PBXFileReference; explicitFileType = wrapper.application; includeInIndex = 0; path = "Ready for Robots Development.app"; sourceTree = BUILT_PRODUCTS_DIR; };
		AA87D06B2982ADE8002F6B3B /* RFRApp.swift */ = {isa = PBXFileReference; lastKnownFileType = sourcecode.swift; path = RFRApp.swift; sourceTree = "<group>"; };
		AA87D06D2982ADE8002F6B3B /* LiveView.swift */ = {isa = PBXFileReference; lastKnownFileType = sourcecode.swift; path = LiveView.swift; sourceTree = "<group>"; };
		AA87D06F2982ADE9002F6B3B /* Assets.xcassets */ = {isa = PBXFileReference; lastKnownFileType = folder.assetcatalog; name = Assets.xcassets; path = ../Assets.xcassets; sourceTree = "<group>"; };
		AA87D0782982ADE9002F6B3B /* RFRTests.xctest */ = {isa = PBXFileReference; explicitFileType = wrapper.cfbundle; includeInIndex = 0; path = RFRTests.xctest; sourceTree = BUILT_PRODUCTS_DIR; };
		AA87D0962982B3ED002F6B3B /* MeasurementsView.swift */ = {isa = PBXFileReference; lastKnownFileType = sourcecode.swift; path = MeasurementsView.swift; sourceTree = "<group>"; };
		AA87D0982982B43F002F6B3B /* StatisticsView.swift */ = {isa = PBXFileReference; lastKnownFileType = sourcecode.swift; path = StatisticsView.swift; sourceTree = "<group>"; };
		AA87D09A2982B4CB002F6B3B /* MeasurementView.swift */ = {isa = PBXFileReference; lastKnownFileType = sourcecode.swift; path = MeasurementView.swift; sourceTree = "<group>"; };
		AA8FBA952B28AFC4000ADC84 /* en */ = {isa = PBXFileReference; lastKnownFileType = text.plist.strings; name = en; path = en.lproj/Localizable.strings; sourceTree = "<group>"; };
		AA8FBA962B29B0A2000ADC84 /* en */ = {isa = PBXFileReference; lastKnownFileType = text.plist.strings; name = en; path = en.lproj/InfoPlist.strings; sourceTree = "<group>"; };
		AA8FC7642A2CE82B006D52F3 /* Voucher.swift */ = {isa = PBXFileReference; lastKnownFileType = sourcecode.swift; path = Voucher.swift; sourceTree = "<group>"; };
		AA8FC7682A2DB438006D52F3 /* VoucherViewModel.swift */ = {isa = PBXFileReference; lastKnownFileType = sourcecode.swift; path = VoucherViewModel.swift; sourceTree = "<group>"; };
		AA9AF31C2AEA8E9E0003BE54 /* Config.swift */ = {isa = PBXFileReference; lastKnownFileType = sourcecode.swift; path = Config.swift; sourceTree = "<group>"; };
		AA9AF31E2AEA8EAD0003BE54 /* ConfigLoader.swift */ = {isa = PBXFileReference; lastKnownFileType = sourcecode.swift; path = ConfigLoader.swift; sourceTree = "<group>"; };
		AAA1AAAD29D6FB8D002CBC91 /* OSLog.swift */ = {isa = PBXFileReference; lastKnownFileType = sourcecode.swift; path = OSLog.swift; sourceTree = "<group>"; };
		AAA1AAAF29DB1F0C002CBC91 /* Preview_Mocks.swift */ = {isa = PBXFileReference; lastKnownFileType = sourcecode.swift; path = Preview_Mocks.swift; sourceTree = "<group>"; };
		AAA1AAB329E540CF002CBC91 /* MeasurementsViewModel.swift */ = {isa = PBXFileReference; lastKnownFileType = sourcecode.swift; path = MeasurementsViewModel.swift; sourceTree = "<group>"; };
		AAA1AAB729E6E729002CBC91 /* ErrorView.swift */ = {isa = PBXFileReference; lastKnownFileType = sourcecode.swift; path = ErrorView.swift; sourceTree = "<group>"; };
		AAA1AAB929E6FAE0002CBC91 /* SynchronizationViewModel.swift */ = {isa = PBXFileReference; lastKnownFileType = sourcecode.swift; path = SynchronizationViewModel.swift; sourceTree = "<group>"; };
		AAA1AABD29E8895A002CBC91 /* Formatter.swift */ = {isa = PBXFileReference; lastKnownFileType = sourcecode.swift; path = Formatter.swift; sourceTree = "<group>"; };
		AAA1AAC029ED4544002CBC91 /* Statistics.swift */ = {isa = PBXFileReference; lastKnownFileType = sourcecode.swift; path = Statistics.swift; sourceTree = "<group>"; };
		AAA5CEAF2AC56E090088AFA6 /* ImpressumView.swift */ = {isa = PBXFileReference; lastKnownFileType = sourcecode.swift; path = ImpressumView.swift; sourceTree = "<group>"; };
		AAA5CEB12AC56E4A0088AFA6 /* ProfileView.swift */ = {isa = PBXFileReference; lastKnownFileType = sourcecode.swift; path = ProfileView.swift; sourceTree = "<group>"; };
		AAC610632B231B070083AED5 /* DeleteAccountConfirmationDialog.swift */ = {isa = PBXFileReference; lastKnownFileType = sourcecode.swift; path = DeleteAccountConfirmationDialog.swift; sourceTree = "<group>"; };
		AAC9D2E72983DEC3003C4CC7 /* LiveViewModel.swift */ = {isa = PBXFileReference; lastKnownFileType = sourcecode.swift; path = LiveViewModel.swift; sourceTree = "<group>"; };
		AAC9D2EE29840651003C4CC7 /* LabelledDivider.swift */ = {isa = PBXFileReference; lastKnownFileType = sourcecode.swift; path = LabelledDivider.swift; sourceTree = "<group>"; };
		AAC9D2F029840682003C4CC7 /* AsyncButton.swift */ = {isa = PBXFileReference; lastKnownFileType = sourcecode.swift; path = AsyncButton.swift; sourceTree = "<group>"; };
		AAC9D2F229840B9E003C4CC7 /* Info.plist */ = {isa = PBXFileReference; lastKnownFileType = text.plist.xml; path = Info.plist; sourceTree = "<group>"; };
		AAC9D2F329840D83003C4CC7 /* MeasurementCell.swift */ = {isa = PBXFileReference; lastKnownFileType = sourcecode.swift; path = MeasurementCell.swift; sourceTree = "<group>"; };
		AAC9D2F629891A8D003C4CC7 /* Measurement.swift */ = {isa = PBXFileReference; lastKnownFileType = sourcecode.swift; path = Measurement.swift; sourceTree = "<group>"; };
		AAC9D2FC29895526003C4CC7 /* Altitude.swift */ = {isa = PBXFileReference; lastKnownFileType = sourcecode.swift; path = Altitude.swift; sourceTree = "<group>"; };
		AAC9D2FE29895D16003C4CC7 /* KeyValueView.swift */ = {isa = PBXFileReference; lastKnownFileType = sourcecode.swift; path = KeyValueView.swift; sourceTree = "<group>"; };
		AAC9D30029897042003C4CC7 /* MainView.swift */ = {isa = PBXFileReference; lastKnownFileType = sourcecode.swift; path = MainView.swift; sourceTree = "<group>"; };
		AACB768029BF626500A9DB6F /* DataCapturing */ = {isa = PBXFileReference; lastKnownFileType = wrapper; name = DataCapturing; path = ../DataCapturing; sourceTree = "<group>"; };
		AACB768429BF671600A9DB6F /* LoadinScreen.swift */ = {isa = PBXFileReference; lastKnownFileType = sourcecode.swift; path = LoadinScreen.swift; sourceTree = "<group>"; };
		AACB768629BF67E800A9DB6F /* DataCapturingViewModel.swift */ = {isa = PBXFileReference; lastKnownFileType = sourcecode.swift; path = DataCapturingViewModel.swift; sourceTree = "<group>"; };
		AACB768829C0989300A9DB6F /* RFRError.swift */ = {isa = PBXFileReference; lastKnownFileType = sourcecode.swift; path = RFRError.swift; sourceTree = "<group>"; };
		AACB768B29C1C24B00A9DB6F /* InitializationView.swift */ = {isa = PBXFileReference; lastKnownFileType = sourcecode.swift; path = InitializationView.swift; sourceTree = "<group>"; };
		AAE8E46C2A2A33BB005AA4F1 /* VoucherOverview.swift */ = {isa = PBXFileReference; lastKnownFileType = sourcecode.swift; path = VoucherOverview.swift; sourceTree = "<group>"; };
		AAE8E46E2A2A33E3005AA4F1 /* VoucherReached.swift */ = {isa = PBXFileReference; lastKnownFileType = sourcecode.swift; path = VoucherReached.swift; sourceTree = "<group>"; };
		AAE8E4702A2A33F5005AA4F1 /* VoucherEnabled.swift */ = {isa = PBXFileReference; lastKnownFileType = sourcecode.swift; path = VoucherEnabled.swift; sourceTree = "<group>"; };
		AAEF3B442B3187F100BDE7FE /* DataCapturingMessageSubscriber.swift */ = {isa = PBXFileReference; lastKnownFileType = sourcecode.swift; path = DataCapturingMessageSubscriber.swift; sourceTree = "<group>"; };
		AAEF3B482B3425C800BDE7FE /* COPYING-APPENDIX-DE */ = {isa = PBXFileReference; lastKnownFileType = text; path = "COPYING-APPENDIX-DE"; sourceTree = "<group>"; };
		AAEF3B4A2B3590AA00BDE7FE /* ErrorTextView.swift */ = {isa = PBXFileReference; fileEncoding = 4; lastKnownFileType = sourcecode.swift; path = ErrorTextView.swift; sourceTree = "<group>"; };
		AAFB60982A31BFA9008AEC76 /* UIKitMapView.swift */ = {isa = PBXFileReference; lastKnownFileType = sourcecode.swift; path = UIKitMapView.swift; sourceTree = "<group>"; };
/* End PBXFileReference section */

/* Begin PBXFrameworksBuildPhase section */
		AA1E40602B17EAF100CACBE6 /* Frameworks */ = {
			isa = PBXFrameworksBuildPhase;
			buildActionMask = 2147483647;
			files = (
				AA1E40762B17EC9E00CACBE6 /* AppAuth in Frameworks */,
				AA1E40742B17EC9900CACBE6 /* AppAuthCore in Frameworks */,
			);
			runOnlyForDeploymentPostprocessing = 0;
		};
		AA87D0652982ADE8002F6B3B /* Frameworks */ = {
			isa = PBXFrameworksBuildPhase;
			buildActionMask = 2147483647;
			files = (
				AA4C48F02B5812C900164175 /* Sentry in Frameworks */,
				AA6C48992A9365B200C3633D /* AppAuth in Frameworks */,
				AAA1AAC429EED663002CBC91 /* HCaptcha in Frameworks */,
				AACB768329BF639F00A9DB6F /* DataCapturing in Frameworks */,
				AA6C489B2A9365B200C3633D /* AppAuthCore in Frameworks */,
			);
			runOnlyForDeploymentPostprocessing = 0;
		};
		AA87D0752982ADE9002F6B3B /* Frameworks */ = {
			isa = PBXFrameworksBuildPhase;
			buildActionMask = 2147483647;
			files = (
			);
			runOnlyForDeploymentPostprocessing = 0;
		};
/* End PBXFrameworksBuildPhase section */

/* Begin PBXGroup section */
		AA1E40642B17EAF200CACBE6 /* Ready for Robots UITests */ = {
			isa = PBXGroup;
			children = (
				AA1E405C2B17A14D00CACBE6 /* SynchronizeMeasurementUITest.swift */,
			);
			path = "Ready for Robots UITests";
			sourceTree = "<group>";
		};
		AA3C06282A3AF89D002BD585 /* Live */ = {
			isa = PBXGroup;
			children = (
				AAC9D2E72983DEC3003C4CC7 /* LiveViewModel.swift */,
				AA3C06292A3AF8B9002BD585 /* ControlBar.swift */,
				AA87D06D2982ADE8002F6B3B /* LiveView.swift */,
				AA3C06552A4180DC002BD585 /* MainMap.swift */,
				AAEF3B442B3187F100BDE7FE /* DataCapturingMessageSubscriber.swift */,
			);
			path = Live;
			sourceTree = "<group>";
		};
		AA3C064B2A3E4621002BD585 /* Voucher */ = {
			isa = PBXGroup;
			children = (
				AAE8E46C2A2A33BB005AA4F1 /* VoucherOverview.swift */,
				AAE8E46E2A2A33E3005AA4F1 /* VoucherReached.swift */,
				AAE8E4702A2A33F5005AA4F1 /* VoucherEnabled.swift */,
				AA8FC7642A2CE82B006D52F3 /* Voucher.swift */,
				AA8FC7682A2DB438006D52F3 /* VoucherViewModel.swift */,
				AA3C06502A40ED57002BD585 /* VoucherOverviewModel.swift */,
			);
			path = Voucher;
			sourceTree = "<group>";
		};
		AA3C064C2A3E46CF002BD585 /* Measurements */ = {
			isa = PBXGroup;
			children = (
				AAC9D2FC29895526003C4CC7 /* Altitude.swift */,
				AAC9D2F629891A8D003C4CC7 /* Measurement.swift */,
				AAFB60982A31BFA9008AEC76 /* UIKitMapView.swift */,
				AAA1AAB329E540CF002CBC91 /* MeasurementsViewModel.swift */,
				AA87D0962982B3ED002F6B3B /* MeasurementsView.swift */,
				AAC9D2F329840D83003C4CC7 /* MeasurementCell.swift */,
				AA87D09A2982B4CB002F6B3B /* MeasurementView.swift */,
			);
			path = Measurements;
			sourceTree = "<group>";
		};
		AA3C064E2A3E4878002BD585 /* Login */ = {
			isa = PBXGroup;
			children = (
				AA6C48952A93629800C3633D /* OAuthLoginView.swift */,
				AA6C489E2A938EDB00C3633D /* LoginViewController.swift */,
			);
			path = Login;
			sourceTree = "<group>";
		};
		AA3C064F2A3E4C9E002BD585 /* Statistics */ = {
			isa = PBXGroup;
			children = (
				AA87D0982982B43F002F6B3B /* StatisticsView.swift */,
				AAA1AAC029ED4544002CBC91 /* Statistics.swift */,
			);
			path = Statistics;
			sourceTree = "<group>";
		};
		AA87D05F2982ADE8002F6B3B = {
			isa = PBXGroup;
			children = (
				AAEF3B482B3425C800BDE7FE /* COPYING-APPENDIX-DE */,
				AA11963D29924A6F008161C4 /* COPYING */,
				AA11963C29924961008161C4 /* README.md */,
				AA87D09C2982B511002F6B3B /* Packages */,
				AA87D06A2982ADE8002F6B3B /* RFR */,
				AA87D07B2982ADE9002F6B3B /* RFRTests */,
				AA1E40642B17EAF200CACBE6 /* Ready for Robots UITests */,
				AA87D0692982ADE8002F6B3B /* Products */,
				AACB768129BF639F00A9DB6F /* Frameworks */,
			);
			sourceTree = "<group>";
		};
		AA87D0692982ADE8002F6B3B /* Products */ = {
			isa = PBXGroup;
			children = (
				AA87D0682982ADE8002F6B3B /* Ready for Robots Development.app */,
				AA87D0782982ADE9002F6B3B /* RFRTests.xctest */,
				AA1E40632B17EAF100CACBE6 /* Ready for Robots UITests.xctest */,
			);
			name = Products;
			sourceTree = "<group>";
		};
		AA87D06A2982ADE8002F6B3B /* RFR */ = {
			isa = PBXGroup;
			children = (
				AA3C064E2A3E4878002BD585 /* Login */,
				AA3C06282A3AF89D002BD585 /* Live */,
				AA3C064C2A3E46CF002BD585 /* Measurements */,
				AA3C064B2A3E4621002BD585 /* Voucher */,
				AA3C064F2A3E4C9E002BD585 /* Statistics */,
				AAC9D2ED2984061D003C4CC7 /* Components */,
				AA87D09E2983DC49002F6B3B /* ViewModel */,
				AACB768A29C0989D00A9DB6F /* Error */,
				AAA1AAAF29DB1F0C002CBC91 /* Preview_Mocks.swift */,
				AACB768429BF671600A9DB6F /* LoadinScreen.swift */,
				AA87D06B2982ADE8002F6B3B /* RFRApp.swift */,
				AAC9D30029897042003C4CC7 /* MainView.swift */,
				AAA1AABD29E8895A002CBC91 /* Formatter.swift */,
				AACB768B29C1C24B00A9DB6F /* InitializationView.swift */,
				AAA1AAAD29D6FB8D002CBC91 /* OSLog.swift */,
				AAA5CEAF2AC56E090088AFA6 /* ImpressumView.swift */,
				AAA5CEB12AC56E4A0088AFA6 /* ProfileView.swift */,
				AA9AF31C2AEA8E9E0003BE54 /* Config.swift */,
				AA9AF31E2AEA8EAD0003BE54 /* ConfigLoader.swift */,
				AA1E40582B175C5300CACBE6 /* WebView.swift */,
				AA1E405A2B1764C900CACBE6 /* DataProtection.swift */,
				AAC610632B231B070083AED5 /* DeleteAccountConfirmationDialog.swift */,
				AAE8E4642A29F26F005AA4F1 /* Resources */,
			);
			path = RFR;
			sourceTree = "<group>";
		};
		AA87D07B2982ADE9002F6B3B /* RFRTests */ = {
			isa = PBXGroup;
			children = (
				AA199DE02AF038FD00DE4D4A /* SynchronizationViewModelTest.swift */,
			);
			path = RFRTests;
			sourceTree = "<group>";
		};
		AA87D09C2982B511002F6B3B /* Packages */ = {
			isa = PBXGroup;
			children = (
				AACB768029BF626500A9DB6F /* DataCapturing */,
			);
			name = Packages;
			sourceTree = "<group>";
		};
		AA87D09E2983DC49002F6B3B /* ViewModel */ = {
			isa = PBXGroup;
			children = (
				AACB768629BF67E800A9DB6F /* DataCapturingViewModel.swift */,
				AAA1AAB929E6FAE0002CBC91 /* SynchronizationViewModel.swift */,
				AA45BDA12AE6B420003FCB17 /* LoginStatus.swift */,
			);
			path = ViewModel;
			sourceTree = "<group>";
		};
		AAC9D2ED2984061D003C4CC7 /* Components */ = {
			isa = PBXGroup;
			children = (
				AAC9D2FE29895D16003C4CC7 /* KeyValueView.swift */,
				AAC9D2EE29840651003C4CC7 /* LabelledDivider.swift */,
				AAC9D2F029840682003C4CC7 /* AsyncButton.swift */,
			);
			path = Components;
			sourceTree = "<group>";
		};
		AACB768129BF639F00A9DB6F /* Frameworks */ = {
			isa = PBXGroup;
			children = (
			);
			name = Frameworks;
			sourceTree = "<group>";
		};
		AACB768A29C0989D00A9DB6F /* Error */ = {
			isa = PBXGroup;
			children = (
				AAA1AAB729E6E729002CBC91 /* ErrorView.swift */,
				AACB768829C0989300A9DB6F /* RFRError.swift */,
				AAEF3B4A2B3590AA00BDE7FE /* ErrorTextView.swift */,
			);
			path = Error;
			sourceTree = "<group>";
		};
		AAE8E4642A29F26F005AA4F1 /* Resources */ = {
			isa = PBXGroup;
			children = (
				AA87D06F2982ADE9002F6B3B /* Assets.xcassets */,
				AA3C062E2A3B03C8002BD585 /* Localizable.strings */,
				AAC9D2F229840B9E003C4CC7 /* Info.plist */,
				AA3C062B2A3B03C8002BD585 /* InfoPlist.strings */,
				AA199DE52AFD0EF400DE4D4A /* Development.json */,
				AA199DE72AFD0F0C00DE4D4A /* Staging.json */,
				AA199DE92AFD0F1D00DE4D4A /* Production.json */,
			);
			path = Resources;
			sourceTree = "<group>";
		};
/* End PBXGroup section */

/* Begin PBXNativeTarget section */
		AA1E40622B17EAF100CACBE6 /* Ready for Robots UITests */ = {
			isa = PBXNativeTarget;
			buildConfigurationList = AA1E406B2B17EAF200CACBE6 /* Build configuration list for PBXNativeTarget "Ready for Robots UITests" */;
			buildPhases = (
				AA1E405F2B17EAF100CACBE6 /* Sources */,
				AA1E40602B17EAF100CACBE6 /* Frameworks */,
				AA1E40612B17EAF100CACBE6 /* Resources */,
			);
			buildRules = (
			);
			dependencies = (
				AA1E406A2B17EAF200CACBE6 /* PBXTargetDependency */,
			);
			name = "Ready for Robots UITests";
			packageProductDependencies = (
				AA1E40732B17EC9900CACBE6 /* AppAuthCore */,
				AA1E40752B17EC9E00CACBE6 /* AppAuth */,
			);
			productName = "Ready for Robots UITests";
			productReference = AA1E40632B17EAF100CACBE6 /* Ready for Robots UITests.xctest */;
			productType = "com.apple.product-type.bundle.ui-testing";
		};
		AA87D0672982ADE8002F6B3B /* RFR */ = {
			isa = PBXNativeTarget;
			buildConfigurationList = AA87D08C2982ADE9002F6B3B /* Build configuration list for PBXNativeTarget "RFR" */;
			buildPhases = (
				AA87D0642982ADE8002F6B3B /* Sources */,
				AA87D0652982ADE8002F6B3B /* Frameworks */,
				AA87D0662982ADE8002F6B3B /* Resources */,
				624DF0D6543446EE898A1474 /* Upload Debug Symbols to Sentry */,
				AA2B0B6E2B7530B100756DBD /* Highlight TODO and FIXME as warnings */,
			);
			buildRules = (
			);
			dependencies = (
			);
			name = RFR;
			packageProductDependencies = (
				AACB768229BF639F00A9DB6F /* DataCapturing */,
				AAA1AAC329EED663002CBC91 /* HCaptcha */,
				AA6C48982A9365B200C3633D /* AppAuth */,
				AA6C489A2A9365B200C3633D /* AppAuthCore */,
				AA4C48EF2B5812C900164175 /* Sentry */,
			);
			productName = RFR;
			productReference = AA87D0682982ADE8002F6B3B /* Ready for Robots Development.app */;
			productType = "com.apple.product-type.application";
		};
		AA87D0772982ADE9002F6B3B /* RFRTests */ = {
			isa = PBXNativeTarget;
			buildConfigurationList = AA87D08F2982ADE9002F6B3B /* Build configuration list for PBXNativeTarget "RFRTests" */;
			buildPhases = (
				AA87D0742982ADE9002F6B3B /* Sources */,
				AA87D0752982ADE9002F6B3B /* Frameworks */,
				AA87D0762982ADE9002F6B3B /* Resources */,
			);
			buildRules = (
			);
			dependencies = (
				AA6239942B0CA408007875BF /* PBXTargetDependency */,
			);
			name = RFRTests;
			packageProductDependencies = (
			);
			productName = RFRTests;
			productReference = AA87D0782982ADE9002F6B3B /* RFRTests.xctest */;
			productType = "com.apple.product-type.bundle.unit-test";
		};
/* End PBXNativeTarget section */

/* Begin PBXProject section */
		AA87D0602982ADE8002F6B3B /* Project object */ = {
			isa = PBXProject;
			attributes = {
				BuildIndependentTargetsInParallel = 1;
				LastSwiftUpdateCheck = 1500;
				LastUpgradeCheck = 1420;
				TargetAttributes = {
					AA1E40622B17EAF100CACBE6 = {
						CreatedOnToolsVersion = 15.0.1;
						TestTargetID = AA87D0672982ADE8002F6B3B;
					};
					AA87D0672982ADE8002F6B3B = {
						CreatedOnToolsVersion = 14.2;
					};
					AA87D0772982ADE9002F6B3B = {
						CreatedOnToolsVersion = 14.2;
						TestTargetID = AA87D0672982ADE8002F6B3B;
					};
				};
			};
			buildConfigurationList = AA87D0632982ADE8002F6B3B /* Build configuration list for PBXProject "RFR" */;
			compatibilityVersion = "Xcode 14.0";
			developmentRegion = en;
			hasScannedForEncodings = 0;
			knownRegions = (
				en,
				Base,
				de,
			);
			mainGroup = AA87D05F2982ADE8002F6B3B;
			packageReferences = (
				AAA1AAC229EED663002CBC91 /* XCRemoteSwiftPackageReference "HCaptcha-ios-sdk" */,
				AA6C48972A9365B200C3633D /* XCRemoteSwiftPackageReference "AppAuth-iOS" */,
				AA4C48EE2B5812C800164175 /* XCRemoteSwiftPackageReference "sentry-cocoa" */,
			);
			productRefGroup = AA87D0692982ADE8002F6B3B /* Products */;
			projectDirPath = "";
			projectRoot = "";
			targets = (
				AA87D0672982ADE8002F6B3B /* RFR */,
				AA87D0772982ADE9002F6B3B /* RFRTests */,
				AA1E40622B17EAF100CACBE6 /* Ready for Robots UITests */,
			);
		};
/* End PBXProject section */

/* Begin PBXResourcesBuildPhase section */
		AA1E40612B17EAF100CACBE6 /* Resources */ = {
			isa = PBXResourcesBuildPhase;
			buildActionMask = 2147483647;
			files = (
			);
			runOnlyForDeploymentPostprocessing = 0;
		};
		AA87D0662982ADE8002F6B3B /* Resources */ = {
			isa = PBXResourcesBuildPhase;
			buildActionMask = 2147483647;
			files = (
				AAEF3B492B3425C800BDE7FE /* COPYING-APPENDIX-DE in Resources */,
				AA199DE82AFD0F0C00DE4D4A /* Staging.json in Resources */,
				AA199DEA2AFD0F1D00DE4D4A /* Production.json in Resources */,
				AA199DE62AFD0EF400DE4D4A /* Development.json in Resources */,
				AA3C06302A3B03C8002BD585 /* Localizable.strings in Resources */,
				AA3C062D2A3B03C8002BD585 /* InfoPlist.strings in Resources */,
				AA87D0702982ADE9002F6B3B /* Assets.xcassets in Resources */,
			);
			runOnlyForDeploymentPostprocessing = 0;
		};
		AA87D0762982ADE9002F6B3B /* Resources */ = {
			isa = PBXResourcesBuildPhase;
			buildActionMask = 2147483647;
			files = (
			);
			runOnlyForDeploymentPostprocessing = 0;
		};
/* End PBXResourcesBuildPhase section */

/* Begin PBXShellScriptBuildPhase section */
		624DF0D6543446EE898A1474 /* Upload Debug Symbols to Sentry */ = {
			isa = PBXShellScriptBuildPhase;
			buildActionMask = 2147483647;
			files = (
			);
			inputPaths = (
				"${DWARF_DSYM_FOLDER_PATH}/${DWARF_DSYM_FILE_NAME}/Contents/Resources/DWARF/${TARGET_NAME}",
			);
			name = "Upload Debug Symbols to Sentry";
			outputPaths = (
			);
			runOnlyForDeploymentPostprocessing = 0;
			shellPath = /bin/sh;
			shellScript = "# This script is responsable to upload debug symbols and source context for Sentry.\nif which sentry-cli >/dev/null; then\nexport SENTRY_ORG=cyface-gmbh\nexport SENTRY_PROJECT=apple-ios\nERROR=$(sentry-cli debug-files upload --include-sources \"$DWARF_DSYM_FOLDER_PATH\" 2>&1 >/dev/null)\nif [ ! $? -eq 0 ]; then\necho \"warning: sentry-cli - $ERROR\"\nfi\nelse\necho \"warning: sentry-cli not installed, download from https://github.com/getsentry/sentry-cli/releases\"\nfi\n";
		};
		AA2B0B6E2B7530B100756DBD /* Highlight TODO and FIXME as warnings */ = {
			isa = PBXShellScriptBuildPhase;
			buildActionMask = 2147483647;
			files = (
			);
			inputFileListPaths = (
			);
			inputPaths = (
			);
			name = "Highlight TODO and FIXME as warnings";
			outputFileListPaths = (
			);
			outputPaths = (
			);
			runOnlyForDeploymentPostprocessing = 0;
			shellPath = /bin/sh;
			shellScript = "# Type a script or drag a script file from your workspace to insert its path.\nTAGS=\"TODO:|FIXME:\"\nfind \"${SRCROOT}/\" \\( -name \"*.h\" -or -name \"*.m\" -or -name \"*.swift\" \\) -print0 | xargs -0 egrep --with-filename --line-number --only-matching \"($TAGS).*\\$\" | perl -p -e \"s/($TAGS)/ warning: \\$1/\"\n";
		};
/* End PBXShellScriptBuildPhase section */

/* Begin PBXSourcesBuildPhase section */
		AA1E405F2B17EAF100CACBE6 /* Sources */ = {
			isa = PBXSourcesBuildPhase;
			buildActionMask = 2147483647;
			files = (
				AA1E40722B17EB0B00CACBE6 /* SynchronizeMeasurementUITest.swift in Sources */,
			);
			runOnlyForDeploymentPostprocessing = 0;
		};
		AA87D0642982ADE8002F6B3B /* Sources */ = {
			isa = PBXSourcesBuildPhase;
			buildActionMask = 2147483647;
			files = (
				AAE8E4712A2A33F5005AA4F1 /* VoucherEnabled.swift in Sources */,
				AA6C489F2A938EDB00C3633D /* LoginViewController.swift in Sources */,
				AA3C06512A40ED57002BD585 /* VoucherOverviewModel.swift in Sources */,
				AAC9D2E82983DEC3003C4CC7 /* LiveViewModel.swift in Sources */,
				AAA1AAAE29D6FB8D002CBC91 /* OSLog.swift in Sources */,
				AAEF3B452B3187F100BDE7FE /* DataCapturingMessageSubscriber.swift in Sources */,
				AAC9D2EF29840651003C4CC7 /* LabelledDivider.swift in Sources */,
				AAA5CEB02AC56E090088AFA6 /* ImpressumView.swift in Sources */,
				AAC9D2F729891A8D003C4CC7 /* Measurement.swift in Sources */,
				AA3C06562A4180DC002BD585 /* MainMap.swift in Sources */,
				AA6C48962A93629800C3633D /* OAuthLoginView.swift in Sources */,
				AAEF3B4B2B3590AA00BDE7FE /* ErrorTextView.swift in Sources */,
				AA3C062A2A3AF8B9002BD585 /* ControlBar.swift in Sources */,
				AA87D0972982B3ED002F6B3B /* MeasurementsView.swift in Sources */,
				AACB768729BF67E800A9DB6F /* DataCapturingViewModel.swift in Sources */,
				AAE8E46D2A2A33BB005AA4F1 /* VoucherOverview.swift in Sources */,
				AAA1AAB429E540D0002CBC91 /* MeasurementsViewModel.swift in Sources */,
				AA1E405B2B1764C900CACBE6 /* DataProtection.swift in Sources */,
				AAA1AABE29E8895A002CBC91 /* Formatter.swift in Sources */,
				AA87D0992982B43F002F6B3B /* StatisticsView.swift in Sources */,
				AA9AF31D2AEA8E9E0003BE54 /* Config.swift in Sources */,
				AAA1AAB829E6E729002CBC91 /* ErrorView.swift in Sources */,
				AA1E40592B175C5300CACBE6 /* WebView.swift in Sources */,
				AA87D06E2982ADE8002F6B3B /* LiveView.swift in Sources */,
				AA87D09B2982B4CB002F6B3B /* MeasurementView.swift in Sources */,
				AACB768929C0989300A9DB6F /* RFRError.swift in Sources */,
				AA9AF31F2AEA8EAD0003BE54 /* ConfigLoader.swift in Sources */,
				AAC9D2F129840682003C4CC7 /* AsyncButton.swift in Sources */,
				AA45BDA22AE6B420003FCB17 /* LoginStatus.swift in Sources */,
				AAC9D2FD29895526003C4CC7 /* Altitude.swift in Sources */,
				AAC9D30129897042003C4CC7 /* MainView.swift in Sources */,
				AAA1AAB029DB1F0C002CBC91 /* Preview_Mocks.swift in Sources */,
				AA8FC7652A2CE82B006D52F3 /* Voucher.swift in Sources */,
				AAA1AAC129ED4544002CBC91 /* Statistics.swift in Sources */,
				AA87D06C2982ADE8002F6B3B /* RFRApp.swift in Sources */,
				AACB768C29C1C24B00A9DB6F /* InitializationView.swift in Sources */,
				AAC9D2F429840D83003C4CC7 /* MeasurementCell.swift in Sources */,
				AAA1AABA29E6FAE0002CBC91 /* SynchronizationViewModel.swift in Sources */,
				AAC9D2FF29895D16003C4CC7 /* KeyValueView.swift in Sources */,
				AACB768529BF671600A9DB6F /* LoadinScreen.swift in Sources */,
				AAFB60992A31BFA9008AEC76 /* UIKitMapView.swift in Sources */,
				AA8FC7692A2DB438006D52F3 /* VoucherViewModel.swift in Sources */,
				AAC610642B231B070083AED5 /* DeleteAccountConfirmationDialog.swift in Sources */,
				AAA5CEB22AC56E4A0088AFA6 /* ProfileView.swift in Sources */,
				AAE8E46F2A2A33E3005AA4F1 /* VoucherReached.swift in Sources */,
			);
			runOnlyForDeploymentPostprocessing = 0;
		};
		AA87D0742982ADE9002F6B3B /* Sources */ = {
			isa = PBXSourcesBuildPhase;
			buildActionMask = 2147483647;
			files = (
				AA6239A72B0CB088007875BF /* SynchronizationViewModelTest.swift in Sources */,
			);
			runOnlyForDeploymentPostprocessing = 0;
		};
/* End PBXSourcesBuildPhase section */

/* Begin PBXTargetDependency section */
		AA1E406A2B17EAF200CACBE6 /* PBXTargetDependency */ = {
			isa = PBXTargetDependency;
			target = AA87D0672982ADE8002F6B3B /* RFR */;
			targetProxy = AA1E40692B17EAF200CACBE6 /* PBXContainerItemProxy */;
		};
		AA6239942B0CA408007875BF /* PBXTargetDependency */ = {
			isa = PBXTargetDependency;
			target = AA87D0672982ADE8002F6B3B /* RFR */;
			targetProxy = AA6239932B0CA408007875BF /* PBXContainerItemProxy */;
		};
/* End PBXTargetDependency section */

/* Begin PBXVariantGroup section */
		AA3C062B2A3B03C8002BD585 /* InfoPlist.strings */ = {
			isa = PBXVariantGroup;
			children = (
				AA3C062C2A3B03C8002BD585 /* de */,
				AA8FBA962B29B0A2000ADC84 /* en */,
			);
			name = InfoPlist.strings;
			sourceTree = "<group>";
		};
		AA3C062E2A3B03C8002BD585 /* Localizable.strings */ = {
			isa = PBXVariantGroup;
			children = (
				AA3C062F2A3B03C8002BD585 /* de */,
				AA8FBA952B28AFC4000ADC84 /* en */,
			);
			name = Localizable.strings;
			sourceTree = "<group>";
		};
/* End PBXVariantGroup section */

/* Begin XCBuildConfiguration section */
		AA199DEB2AFD153900DE4D4A /* Debug Production */ = {
			isa = XCBuildConfiguration;
			buildSettings = {
				ALWAYS_SEARCH_USER_PATHS = NO;
				CLANG_ANALYZER_NONNULL = YES;
				CLANG_ANALYZER_NUMBER_OBJECT_CONVERSION = YES_AGGRESSIVE;
				CLANG_CXX_LANGUAGE_STANDARD = "gnu++20";
				CLANG_ENABLE_MODULES = YES;
				CLANG_ENABLE_OBJC_ARC = YES;
				CLANG_ENABLE_OBJC_WEAK = YES;
				CLANG_WARN_BLOCK_CAPTURE_AUTORELEASING = YES;
				CLANG_WARN_BOOL_CONVERSION = YES;
				CLANG_WARN_COMMA = YES;
				CLANG_WARN_CONSTANT_CONVERSION = YES;
				CLANG_WARN_DEPRECATED_OBJC_IMPLEMENTATIONS = YES;
				CLANG_WARN_DIRECT_OBJC_ISA_USAGE = YES_ERROR;
				CLANG_WARN_DOCUMENTATION_COMMENTS = YES;
				CLANG_WARN_EMPTY_BODY = YES;
				CLANG_WARN_ENUM_CONVERSION = YES;
				CLANG_WARN_INFINITE_RECURSION = YES;
				CLANG_WARN_INT_CONVERSION = YES;
				CLANG_WARN_NON_LITERAL_NULL_CONVERSION = YES;
				CLANG_WARN_OBJC_IMPLICIT_RETAIN_SELF = YES;
				CLANG_WARN_OBJC_LITERAL_CONVERSION = YES;
				CLANG_WARN_OBJC_ROOT_CLASS = YES_ERROR;
				CLANG_WARN_QUOTED_INCLUDE_IN_FRAMEWORK_HEADER = YES;
				CLANG_WARN_RANGE_LOOP_ANALYSIS = YES;
				CLANG_WARN_STRICT_PROTOTYPES = YES;
				CLANG_WARN_SUSPICIOUS_MOVE = YES;
				CLANG_WARN_UNGUARDED_AVAILABILITY = YES_AGGRESSIVE;
				CLANG_WARN_UNREACHABLE_CODE = YES;
				CLANG_WARN__DUPLICATE_METHOD_MATCH = YES;
				COPY_PHASE_STRIP = NO;
				DEBUG_INFORMATION_FORMAT = dwarf;
				ENABLE_STRICT_OBJC_MSGSEND = YES;
				ENABLE_TESTABILITY = YES;
				GCC_C_LANGUAGE_STANDARD = gnu11;
				GCC_DYNAMIC_NO_PIC = NO;
				GCC_NO_COMMON_BLOCKS = YES;
				GCC_OPTIMIZATION_LEVEL = 0;
				GCC_PREPROCESSOR_DEFINITIONS = (
					"DEBUG=1",
					"$(inherited)",
				);
				GCC_WARN_64_TO_32_BIT_CONVERSION = YES;
				GCC_WARN_ABOUT_RETURN_TYPE = YES_ERROR;
				GCC_WARN_UNDECLARED_SELECTOR = YES;
				GCC_WARN_UNINITIALIZED_AUTOS = YES_AGGRESSIVE;
				GCC_WARN_UNUSED_FUNCTION = YES;
				GCC_WARN_UNUSED_VARIABLE = YES;
				IPHONEOS_DEPLOYMENT_TARGET = 16.2;
				MTL_ENABLE_DEBUG_INFO = INCLUDE_SOURCE;
				MTL_FAST_MATH = YES;
				ONLY_ACTIVE_ARCH = YES;
				SDKROOT = iphoneos;
				SWIFT_ACTIVE_COMPILATION_CONDITIONS = DEBUG;
				SWIFT_EMIT_LOC_STRINGS = YES;
				SWIFT_OPTIMIZATION_LEVEL = "-Onone";
			};
			name = "Debug Production";
		};
		AA199DEC2AFD153900DE4D4A /* Debug Production */ = {
			isa = XCBuildConfiguration;
			buildSettings = {
				ASSETCATALOG_COMPILER_APPICON_NAME = AppIcon;
				ASSETCATALOG_COMPILER_GLOBAL_ACCENT_COLOR_NAME = AccentColor;
				CODE_SIGN_STYLE = Automatic;
				CURRENT_PROJECT_VERSION = 0;
				DEBUG_INFORMATION_FORMAT = "dwarf-with-dsym";
				DEVELOPMENT_ASSET_PATHS = "\"RFR/Resources/Preview Content\"";
				DEVELOPMENT_TEAM = 45GZ5C9N64;
				ENABLE_PREVIEWS = YES;
				GENERATE_INFOPLIST_FILE = YES;
				INFOPLIST_FILE = RFR/Resources/Info.plist;
				INFOPLIST_KEY_LSApplicationCategoryType = "public.app-category.healthcare-fitness";
				INFOPLIST_KEY_NSLocationAlwaysAndWhenInUseUsageDescription = "Bitte erlauben Sie die Aufzeichnung der Strecke im Hintergrund, damit wir Ihrer Kommune Ihre Daten zur Ermittlung der Bereitschaft für Roboter zur Verfügung stellen können.";
				INFOPLIST_KEY_NSLocationWhenInUseUsageDescription = "Bitte erlauben Sie die Aufzeichnung der Strecke, damit wir Ihrer Kommune Ihre Daten zur Ermittlung der Bereitschaft für Roboter zur Verfügung stellen können.";
				INFOPLIST_KEY_UIApplicationSceneManifest_Generation = YES;
				INFOPLIST_KEY_UIApplicationSupportsIndirectInputEvents = YES;
				INFOPLIST_KEY_UISupportedInterfaceOrientations_iPad = "UIInterfaceOrientationPortrait UIInterfaceOrientationPortraitUpsideDown UIInterfaceOrientationLandscapeLeft UIInterfaceOrientationLandscapeRight";
				INFOPLIST_KEY_UISupportedInterfaceOrientations_iPhone = "UIInterfaceOrientationPortrait UIInterfaceOrientationLandscapeLeft UIInterfaceOrientationLandscapeRight";
				IPHONEOS_DEPLOYMENT_TARGET = 16.4;
				LD_RUNPATH_SEARCH_PATHS = (
					"$(inherited)",
					"@executable_path/Frameworks",
				);
				MARKETING_VERSION = 3.1.4;
				PRODUCT_BUNDLE_IDENTIFIER = de.cyface.RFR;
				PRODUCT_NAME = "Ready for Robots";
				SUPPORTED_PLATFORMS = "iphoneos iphonesimulator";
				SUPPORTS_MACCATALYST = NO;
				SUPPORTS_MAC_DESIGNED_FOR_IPHONE_IPAD = NO;
				SUPPORTS_XR_DESIGNED_FOR_IPHONE_IPAD = NO;
				SWIFT_EMIT_LOC_STRINGS = YES;
				SWIFT_VERSION = 5.0;
				TARGETED_DEVICE_FAMILY = 1;
			};
			name = "Debug Production";
		};
		AA199DED2AFD153900DE4D4A /* Debug Production */ = {
			isa = XCBuildConfiguration;
			buildSettings = {
				ALWAYS_EMBED_SWIFT_STANDARD_LIBRARIES = YES;
				BUNDLE_LOADER = "$(TEST_HOST)";
				CODE_SIGN_STYLE = Automatic;
				CURRENT_PROJECT_VERSION = 1;
				DEVELOPMENT_TEAM = 45GZ5C9N64;
				GENERATE_INFOPLIST_FILE = YES;
				IPHONEOS_DEPLOYMENT_TARGET = 16.4;
				MARKETING_VERSION = 1.0;
				PRODUCT_BUNDLE_IDENTIFIER = de.cyface.RFRTests;
				PRODUCT_NAME = "$(TARGET_NAME)";
				SUPPORTED_PLATFORMS = "iphoneos iphonesimulator";
				SUPPORTS_MACCATALYST = NO;
				SUPPORTS_MAC_DESIGNED_FOR_IPHONE_IPAD = NO;
				SUPPORTS_XR_DESIGNED_FOR_IPHONE_IPAD = NO;
				SWIFT_EMIT_LOC_STRINGS = NO;
				SWIFT_VERSION = 5.0;
				TARGETED_DEVICE_FAMILY = 1;
				TEST_HOST = "$(BUILT_PRODUCTS_DIR)/Ready for Robots Development.app/$(BUNDLE_EXECUTABLE_FOLDER_PATH)/Ready for Robots Development";
			};
			name = "Debug Production";
		};
		AA199DEF2AFD153C00DE4D4A /* Debug Staging */ = {
			isa = XCBuildConfiguration;
			buildSettings = {
				ALWAYS_SEARCH_USER_PATHS = NO;
				CLANG_ANALYZER_NONNULL = YES;
				CLANG_ANALYZER_NUMBER_OBJECT_CONVERSION = YES_AGGRESSIVE;
				CLANG_CXX_LANGUAGE_STANDARD = "gnu++20";
				CLANG_ENABLE_MODULES = YES;
				CLANG_ENABLE_OBJC_ARC = YES;
				CLANG_ENABLE_OBJC_WEAK = YES;
				CLANG_WARN_BLOCK_CAPTURE_AUTORELEASING = YES;
				CLANG_WARN_BOOL_CONVERSION = YES;
				CLANG_WARN_COMMA = YES;
				CLANG_WARN_CONSTANT_CONVERSION = YES;
				CLANG_WARN_DEPRECATED_OBJC_IMPLEMENTATIONS = YES;
				CLANG_WARN_DIRECT_OBJC_ISA_USAGE = YES_ERROR;
				CLANG_WARN_DOCUMENTATION_COMMENTS = YES;
				CLANG_WARN_EMPTY_BODY = YES;
				CLANG_WARN_ENUM_CONVERSION = YES;
				CLANG_WARN_INFINITE_RECURSION = YES;
				CLANG_WARN_INT_CONVERSION = YES;
				CLANG_WARN_NON_LITERAL_NULL_CONVERSION = YES;
				CLANG_WARN_OBJC_IMPLICIT_RETAIN_SELF = YES;
				CLANG_WARN_OBJC_LITERAL_CONVERSION = YES;
				CLANG_WARN_OBJC_ROOT_CLASS = YES_ERROR;
				CLANG_WARN_QUOTED_INCLUDE_IN_FRAMEWORK_HEADER = YES;
				CLANG_WARN_RANGE_LOOP_ANALYSIS = YES;
				CLANG_WARN_STRICT_PROTOTYPES = YES;
				CLANG_WARN_SUSPICIOUS_MOVE = YES;
				CLANG_WARN_UNGUARDED_AVAILABILITY = YES_AGGRESSIVE;
				CLANG_WARN_UNREACHABLE_CODE = YES;
				CLANG_WARN__DUPLICATE_METHOD_MATCH = YES;
				COPY_PHASE_STRIP = NO;
				DEBUG_INFORMATION_FORMAT = dwarf;
				ENABLE_STRICT_OBJC_MSGSEND = YES;
				ENABLE_TESTABILITY = YES;
				GCC_C_LANGUAGE_STANDARD = gnu11;
				GCC_DYNAMIC_NO_PIC = NO;
				GCC_NO_COMMON_BLOCKS = YES;
				GCC_OPTIMIZATION_LEVEL = 0;
				GCC_PREPROCESSOR_DEFINITIONS = (
					"DEBUG=1",
					"$(inherited)",
				);
				GCC_WARN_64_TO_32_BIT_CONVERSION = YES;
				GCC_WARN_ABOUT_RETURN_TYPE = YES_ERROR;
				GCC_WARN_UNDECLARED_SELECTOR = YES;
				GCC_WARN_UNINITIALIZED_AUTOS = YES_AGGRESSIVE;
				GCC_WARN_UNUSED_FUNCTION = YES;
				GCC_WARN_UNUSED_VARIABLE = YES;
				IPHONEOS_DEPLOYMENT_TARGET = 16.2;
				MTL_ENABLE_DEBUG_INFO = INCLUDE_SOURCE;
				MTL_FAST_MATH = YES;
				ONLY_ACTIVE_ARCH = YES;
				SDKROOT = iphoneos;
				SWIFT_ACTIVE_COMPILATION_CONDITIONS = DEBUG;
				SWIFT_EMIT_LOC_STRINGS = YES;
				SWIFT_OPTIMIZATION_LEVEL = "-Onone";
			};
			name = "Debug Staging";
		};
		AA199DF02AFD153C00DE4D4A /* Debug Staging */ = {
			isa = XCBuildConfiguration;
			buildSettings = {
				ASSETCATALOG_COMPILER_APPICON_NAME = AppIcon;
				ASSETCATALOG_COMPILER_GLOBAL_ACCENT_COLOR_NAME = AccentColor;
				CODE_SIGN_STYLE = Automatic;
				CURRENT_PROJECT_VERSION = 0;
				DEBUG_INFORMATION_FORMAT = "dwarf-with-dsym";
				DEVELOPMENT_ASSET_PATHS = "\"RFR/Resources/Preview Content\"";
				DEVELOPMENT_TEAM = 45GZ5C9N64;
				ENABLE_PREVIEWS = YES;
				GENERATE_INFOPLIST_FILE = YES;
				INFOPLIST_FILE = RFR/Resources/Info.plist;
				INFOPLIST_KEY_LSApplicationCategoryType = "public.app-category.healthcare-fitness";
				INFOPLIST_KEY_NSLocationAlwaysAndWhenInUseUsageDescription = "Bitte erlauben Sie die Aufzeichnung der Strecke im Hintergrund, damit wir Ihrer Kommune Ihre Daten zur Ermittlung der Bereitschaft für Roboter zur Verfügung stellen können.";
				INFOPLIST_KEY_NSLocationWhenInUseUsageDescription = "Bitte erlauben Sie die Aufzeichnung der Strecke, damit wir Ihrer Kommune Ihre Daten zur Ermittlung der Bereitschaft für Roboter zur Verfügung stellen können.";
				INFOPLIST_KEY_UIApplicationSceneManifest_Generation = YES;
				INFOPLIST_KEY_UIApplicationSupportsIndirectInputEvents = YES;
				INFOPLIST_KEY_UISupportedInterfaceOrientations_iPad = "UIInterfaceOrientationPortrait UIInterfaceOrientationPortraitUpsideDown UIInterfaceOrientationLandscapeLeft UIInterfaceOrientationLandscapeRight";
				INFOPLIST_KEY_UISupportedInterfaceOrientations_iPhone = "UIInterfaceOrientationPortrait UIInterfaceOrientationLandscapeLeft UIInterfaceOrientationLandscapeRight";
				IPHONEOS_DEPLOYMENT_TARGET = 16.4;
				LD_RUNPATH_SEARCH_PATHS = (
					"$(inherited)",
					"@executable_path/Frameworks",
				);
				MARKETING_VERSION = 3.1.4;
				PRODUCT_BUNDLE_IDENTIFIER = de.cyface.RFR.staging;
				PRODUCT_NAME = "Ready for Robots Staging";
				SUPPORTED_PLATFORMS = "iphoneos iphonesimulator";
				SUPPORTS_MACCATALYST = NO;
				SUPPORTS_MAC_DESIGNED_FOR_IPHONE_IPAD = NO;
				SUPPORTS_XR_DESIGNED_FOR_IPHONE_IPAD = NO;
				SWIFT_EMIT_LOC_STRINGS = YES;
				SWIFT_VERSION = 5.0;
				TARGETED_DEVICE_FAMILY = 1;
			};
			name = "Debug Staging";
		};
		AA199DF12AFD153C00DE4D4A /* Debug Staging */ = {
			isa = XCBuildConfiguration;
			buildSettings = {
				ALWAYS_EMBED_SWIFT_STANDARD_LIBRARIES = YES;
				BUNDLE_LOADER = "$(TEST_HOST)";
				CODE_SIGN_STYLE = Automatic;
				CURRENT_PROJECT_VERSION = 1;
				DEVELOPMENT_TEAM = 45GZ5C9N64;
				GENERATE_INFOPLIST_FILE = YES;
				IPHONEOS_DEPLOYMENT_TARGET = 16.4;
				MARKETING_VERSION = 1.0;
				PRODUCT_BUNDLE_IDENTIFIER = de.cyface.RFRTests;
				PRODUCT_NAME = "$(TARGET_NAME)";
				SUPPORTED_PLATFORMS = "iphoneos iphonesimulator";
				SUPPORTS_MACCATALYST = NO;
				SUPPORTS_MAC_DESIGNED_FOR_IPHONE_IPAD = NO;
				SUPPORTS_XR_DESIGNED_FOR_IPHONE_IPAD = NO;
				SWIFT_EMIT_LOC_STRINGS = NO;
				SWIFT_VERSION = 5.0;
				TARGETED_DEVICE_FAMILY = 1;
				TEST_HOST = "$(BUILT_PRODUCTS_DIR)/Ready for Robots Development.app/$(BUNDLE_EXECUTABLE_FOLDER_PATH)/Ready for Robots Development";
			};
			name = "Debug Staging";
		};
		AA199DF32AFD153F00DE4D4A /* Release Staging */ = {
			isa = XCBuildConfiguration;
			buildSettings = {
				ALWAYS_SEARCH_USER_PATHS = NO;
				CLANG_ANALYZER_NONNULL = YES;
				CLANG_ANALYZER_NUMBER_OBJECT_CONVERSION = YES_AGGRESSIVE;
				CLANG_CXX_LANGUAGE_STANDARD = "gnu++20";
				CLANG_ENABLE_MODULES = YES;
				CLANG_ENABLE_OBJC_ARC = YES;
				CLANG_ENABLE_OBJC_WEAK = YES;
				CLANG_WARN_BLOCK_CAPTURE_AUTORELEASING = YES;
				CLANG_WARN_BOOL_CONVERSION = YES;
				CLANG_WARN_COMMA = YES;
				CLANG_WARN_CONSTANT_CONVERSION = YES;
				CLANG_WARN_DEPRECATED_OBJC_IMPLEMENTATIONS = YES;
				CLANG_WARN_DIRECT_OBJC_ISA_USAGE = YES_ERROR;
				CLANG_WARN_DOCUMENTATION_COMMENTS = YES;
				CLANG_WARN_EMPTY_BODY = YES;
				CLANG_WARN_ENUM_CONVERSION = YES;
				CLANG_WARN_INFINITE_RECURSION = YES;
				CLANG_WARN_INT_CONVERSION = YES;
				CLANG_WARN_NON_LITERAL_NULL_CONVERSION = YES;
				CLANG_WARN_OBJC_IMPLICIT_RETAIN_SELF = YES;
				CLANG_WARN_OBJC_LITERAL_CONVERSION = YES;
				CLANG_WARN_OBJC_ROOT_CLASS = YES_ERROR;
				CLANG_WARN_QUOTED_INCLUDE_IN_FRAMEWORK_HEADER = YES;
				CLANG_WARN_RANGE_LOOP_ANALYSIS = YES;
				CLANG_WARN_STRICT_PROTOTYPES = YES;
				CLANG_WARN_SUSPICIOUS_MOVE = YES;
				CLANG_WARN_UNGUARDED_AVAILABILITY = YES_AGGRESSIVE;
				CLANG_WARN_UNREACHABLE_CODE = YES;
				CLANG_WARN__DUPLICATE_METHOD_MATCH = YES;
				COPY_PHASE_STRIP = NO;
				DEBUG_INFORMATION_FORMAT = "dwarf-with-dsym";
				ENABLE_NS_ASSERTIONS = NO;
				ENABLE_STRICT_OBJC_MSGSEND = YES;
				GCC_C_LANGUAGE_STANDARD = gnu11;
				GCC_NO_COMMON_BLOCKS = YES;
				GCC_WARN_64_TO_32_BIT_CONVERSION = YES;
				GCC_WARN_ABOUT_RETURN_TYPE = YES_ERROR;
				GCC_WARN_UNDECLARED_SELECTOR = YES;
				GCC_WARN_UNINITIALIZED_AUTOS = YES_AGGRESSIVE;
				GCC_WARN_UNUSED_FUNCTION = YES;
				GCC_WARN_UNUSED_VARIABLE = YES;
				IPHONEOS_DEPLOYMENT_TARGET = 16.2;
				MTL_ENABLE_DEBUG_INFO = NO;
				MTL_FAST_MATH = YES;
				SDKROOT = iphoneos;
				SWIFT_COMPILATION_MODE = wholemodule;
				SWIFT_EMIT_LOC_STRINGS = YES;
				SWIFT_OPTIMIZATION_LEVEL = "-O";
				VALIDATE_PRODUCT = YES;
			};
			name = "Release Staging";
		};
		AA199DF42AFD153F00DE4D4A /* Release Staging */ = {
			isa = XCBuildConfiguration;
			buildSettings = {
				ASSETCATALOG_COMPILER_APPICON_NAME = AppIcon;
				ASSETCATALOG_COMPILER_GLOBAL_ACCENT_COLOR_NAME = AccentColor;
				CODE_SIGN_STYLE = Automatic;
				CURRENT_PROJECT_VERSION = 0;
				DEBUG_INFORMATION_FORMAT = "dwarf-with-dsym";
				DEVELOPMENT_ASSET_PATHS = "\"RFR/Resources/Preview Content\"";
				DEVELOPMENT_TEAM = 45GZ5C9N64;
				ENABLE_PREVIEWS = YES;
				GENERATE_INFOPLIST_FILE = YES;
				INFOPLIST_FILE = RFR/Resources/Info.plist;
				INFOPLIST_KEY_LSApplicationCategoryType = "public.app-category.healthcare-fitness";
				INFOPLIST_KEY_NSLocationAlwaysAndWhenInUseUsageDescription = "Bitte erlauben Sie die Aufzeichnung der Strecke im Hintergrund, damit wir Ihrer Kommune Ihre Daten zur Ermittlung der Bereitschaft für Roboter zur Verfügung stellen können.";
				INFOPLIST_KEY_NSLocationWhenInUseUsageDescription = "Bitte erlauben Sie die Aufzeichnung der Strecke, damit wir Ihrer Kommune Ihre Daten zur Ermittlung der Bereitschaft für Roboter zur Verfügung stellen können.";
				INFOPLIST_KEY_UIApplicationSceneManifest_Generation = YES;
				INFOPLIST_KEY_UIApplicationSupportsIndirectInputEvents = YES;
				INFOPLIST_KEY_UISupportedInterfaceOrientations_iPad = "UIInterfaceOrientationPortrait UIInterfaceOrientationPortraitUpsideDown UIInterfaceOrientationLandscapeLeft UIInterfaceOrientationLandscapeRight";
				INFOPLIST_KEY_UISupportedInterfaceOrientations_iPhone = "UIInterfaceOrientationPortrait UIInterfaceOrientationLandscapeLeft UIInterfaceOrientationLandscapeRight";
				IPHONEOS_DEPLOYMENT_TARGET = 16.4;
				LD_RUNPATH_SEARCH_PATHS = (
					"$(inherited)",
					"@executable_path/Frameworks",
				);
				MARKETING_VERSION = 3.1.4;
				PRODUCT_BUNDLE_IDENTIFIER = de.cyface.RFR.staging;
				PRODUCT_NAME = "Ready for Robots Staging";
				SUPPORTED_PLATFORMS = "iphoneos iphonesimulator";
				SUPPORTS_MACCATALYST = NO;
				SUPPORTS_MAC_DESIGNED_FOR_IPHONE_IPAD = NO;
				SUPPORTS_XR_DESIGNED_FOR_IPHONE_IPAD = NO;
				SWIFT_EMIT_LOC_STRINGS = YES;
				SWIFT_VERSION = 5.0;
				TARGETED_DEVICE_FAMILY = 1;
			};
			name = "Release Staging";
		};
		AA199DF52AFD153F00DE4D4A /* Release Staging */ = {
			isa = XCBuildConfiguration;
			buildSettings = {
				ALWAYS_EMBED_SWIFT_STANDARD_LIBRARIES = YES;
				BUNDLE_LOADER = "$(TEST_HOST)";
				CODE_SIGN_STYLE = Automatic;
				CURRENT_PROJECT_VERSION = 1;
				DEVELOPMENT_TEAM = 45GZ5C9N64;
				GENERATE_INFOPLIST_FILE = YES;
				IPHONEOS_DEPLOYMENT_TARGET = 16.4;
				MARKETING_VERSION = 1.0;
				PRODUCT_BUNDLE_IDENTIFIER = de.cyface.RFRTests;
				PRODUCT_NAME = "$(TARGET_NAME)";
				SUPPORTED_PLATFORMS = "iphoneos iphonesimulator";
				SUPPORTS_MACCATALYST = NO;
				SUPPORTS_MAC_DESIGNED_FOR_IPHONE_IPAD = NO;
				SUPPORTS_XR_DESIGNED_FOR_IPHONE_IPAD = NO;
				SWIFT_EMIT_LOC_STRINGS = NO;
				SWIFT_VERSION = 5.0;
				TARGETED_DEVICE_FAMILY = 1;
				TEST_HOST = "$(BUILT_PRODUCTS_DIR)/Ready for Robots Development.app/$(BUNDLE_EXECUTABLE_FOLDER_PATH)/Ready for Robots Development";
			};
			name = "Release Staging";
		};
		AA199DF72AFD154100DE4D4A /* Release Production */ = {
			isa = XCBuildConfiguration;
			buildSettings = {
				ALWAYS_SEARCH_USER_PATHS = NO;
				CLANG_ANALYZER_NONNULL = YES;
				CLANG_ANALYZER_NUMBER_OBJECT_CONVERSION = YES_AGGRESSIVE;
				CLANG_CXX_LANGUAGE_STANDARD = "gnu++20";
				CLANG_ENABLE_MODULES = YES;
				CLANG_ENABLE_OBJC_ARC = YES;
				CLANG_ENABLE_OBJC_WEAK = YES;
				CLANG_WARN_BLOCK_CAPTURE_AUTORELEASING = YES;
				CLANG_WARN_BOOL_CONVERSION = YES;
				CLANG_WARN_COMMA = YES;
				CLANG_WARN_CONSTANT_CONVERSION = YES;
				CLANG_WARN_DEPRECATED_OBJC_IMPLEMENTATIONS = YES;
				CLANG_WARN_DIRECT_OBJC_ISA_USAGE = YES_ERROR;
				CLANG_WARN_DOCUMENTATION_COMMENTS = YES;
				CLANG_WARN_EMPTY_BODY = YES;
				CLANG_WARN_ENUM_CONVERSION = YES;
				CLANG_WARN_INFINITE_RECURSION = YES;
				CLANG_WARN_INT_CONVERSION = YES;
				CLANG_WARN_NON_LITERAL_NULL_CONVERSION = YES;
				CLANG_WARN_OBJC_IMPLICIT_RETAIN_SELF = YES;
				CLANG_WARN_OBJC_LITERAL_CONVERSION = YES;
				CLANG_WARN_OBJC_ROOT_CLASS = YES_ERROR;
				CLANG_WARN_QUOTED_INCLUDE_IN_FRAMEWORK_HEADER = YES;
				CLANG_WARN_RANGE_LOOP_ANALYSIS = YES;
				CLANG_WARN_STRICT_PROTOTYPES = YES;
				CLANG_WARN_SUSPICIOUS_MOVE = YES;
				CLANG_WARN_UNGUARDED_AVAILABILITY = YES_AGGRESSIVE;
				CLANG_WARN_UNREACHABLE_CODE = YES;
				CLANG_WARN__DUPLICATE_METHOD_MATCH = YES;
				COPY_PHASE_STRIP = NO;
				DEBUG_INFORMATION_FORMAT = "dwarf-with-dsym";
				ENABLE_NS_ASSERTIONS = NO;
				ENABLE_STRICT_OBJC_MSGSEND = YES;
				GCC_C_LANGUAGE_STANDARD = gnu11;
				GCC_NO_COMMON_BLOCKS = YES;
				GCC_WARN_64_TO_32_BIT_CONVERSION = YES;
				GCC_WARN_ABOUT_RETURN_TYPE = YES_ERROR;
				GCC_WARN_UNDECLARED_SELECTOR = YES;
				GCC_WARN_UNINITIALIZED_AUTOS = YES_AGGRESSIVE;
				GCC_WARN_UNUSED_FUNCTION = YES;
				GCC_WARN_UNUSED_VARIABLE = YES;
				IPHONEOS_DEPLOYMENT_TARGET = 16.2;
				MTL_ENABLE_DEBUG_INFO = NO;
				MTL_FAST_MATH = YES;
				SDKROOT = iphoneos;
				SWIFT_COMPILATION_MODE = wholemodule;
				SWIFT_EMIT_LOC_STRINGS = YES;
				SWIFT_OPTIMIZATION_LEVEL = "-O";
				VALIDATE_PRODUCT = YES;
			};
			name = "Release Production";
		};
		AA199DF82AFD154100DE4D4A /* Release Production */ = {
			isa = XCBuildConfiguration;
			buildSettings = {
				ASSETCATALOG_COMPILER_APPICON_NAME = AppIcon;
				ASSETCATALOG_COMPILER_GLOBAL_ACCENT_COLOR_NAME = AccentColor;
				CODE_SIGN_STYLE = Automatic;
				CURRENT_PROJECT_VERSION = 0;
				DEBUG_INFORMATION_FORMAT = "dwarf-with-dsym";
				DEVELOPMENT_ASSET_PATHS = "\"RFR/Resources/Preview Content\"";
				DEVELOPMENT_TEAM = 45GZ5C9N64;
				ENABLE_PREVIEWS = YES;
				GENERATE_INFOPLIST_FILE = YES;
				INFOPLIST_FILE = RFR/Resources/Info.plist;
				INFOPLIST_KEY_LSApplicationCategoryType = "public.app-category.healthcare-fitness";
				INFOPLIST_KEY_NSLocationAlwaysAndWhenInUseUsageDescription = "Bitte erlauben Sie die Aufzeichnung der Strecke im Hintergrund, damit wir Ihrer Kommune Ihre Daten zur Ermittlung der Bereitschaft für Roboter zur Verfügung stellen können.";
				INFOPLIST_KEY_NSLocationWhenInUseUsageDescription = "Bitte erlauben Sie die Aufzeichnung der Strecke, damit wir Ihrer Kommune Ihre Daten zur Ermittlung der Bereitschaft für Roboter zur Verfügung stellen können.";
				INFOPLIST_KEY_UIApplicationSceneManifest_Generation = YES;
				INFOPLIST_KEY_UIApplicationSupportsIndirectInputEvents = YES;
				INFOPLIST_KEY_UISupportedInterfaceOrientations_iPad = "UIInterfaceOrientationPortrait UIInterfaceOrientationPortraitUpsideDown UIInterfaceOrientationLandscapeLeft UIInterfaceOrientationLandscapeRight";
				INFOPLIST_KEY_UISupportedInterfaceOrientations_iPhone = "UIInterfaceOrientationPortrait UIInterfaceOrientationLandscapeLeft UIInterfaceOrientationLandscapeRight";
				IPHONEOS_DEPLOYMENT_TARGET = 16.4;
				LD_RUNPATH_SEARCH_PATHS = (
					"$(inherited)",
					"@executable_path/Frameworks",
				);
				MARKETING_VERSION = 3.1.4;
				PRODUCT_BUNDLE_IDENTIFIER = de.cyface.RFR;
				PRODUCT_NAME = "Ready for Robots";
				SUPPORTED_PLATFORMS = "iphoneos iphonesimulator";
				SUPPORTS_MACCATALYST = NO;
				SUPPORTS_MAC_DESIGNED_FOR_IPHONE_IPAD = NO;
				SUPPORTS_XR_DESIGNED_FOR_IPHONE_IPAD = NO;
				SWIFT_EMIT_LOC_STRINGS = YES;
				SWIFT_VERSION = 5.0;
				TARGETED_DEVICE_FAMILY = 1;
			};
			name = "Release Production";
		};
		AA199DF92AFD154100DE4D4A /* Release Production */ = {
			isa = XCBuildConfiguration;
			buildSettings = {
				ALWAYS_EMBED_SWIFT_STANDARD_LIBRARIES = YES;
				BUNDLE_LOADER = "$(TEST_HOST)";
				CODE_SIGN_STYLE = Automatic;
				CURRENT_PROJECT_VERSION = 1;
				DEVELOPMENT_TEAM = 45GZ5C9N64;
				GENERATE_INFOPLIST_FILE = YES;
				IPHONEOS_DEPLOYMENT_TARGET = 16.4;
				MARKETING_VERSION = 1.0;
				PRODUCT_BUNDLE_IDENTIFIER = de.cyface.RFRTests;
				PRODUCT_NAME = "$(TARGET_NAME)";
				SUPPORTED_PLATFORMS = "iphoneos iphonesimulator";
				SUPPORTS_MACCATALYST = NO;
				SUPPORTS_MAC_DESIGNED_FOR_IPHONE_IPAD = NO;
				SUPPORTS_XR_DESIGNED_FOR_IPHONE_IPAD = NO;
				SWIFT_EMIT_LOC_STRINGS = NO;
				SWIFT_VERSION = 5.0;
				TARGETED_DEVICE_FAMILY = 1;
				TEST_HOST = "$(BUILT_PRODUCTS_DIR)/Ready for Robots Development.app/$(BUNDLE_EXECUTABLE_FOLDER_PATH)/Ready for Robots Development";
			};
			name = "Release Production";
		};
		AA1E406C2B17EAF200CACBE6 /* Debug Development */ = {
			isa = XCBuildConfiguration;
			buildSettings = {
				ALWAYS_SEARCH_USER_PATHS = NO;
				ASSETCATALOG_COMPILER_GENERATE_SWIFT_ASSET_SYMBOL_EXTENSIONS = YES;
				CLANG_ANALYZER_NONNULL = YES;
				CLANG_ANALYZER_NUMBER_OBJECT_CONVERSION = YES_AGGRESSIVE;
				CLANG_CXX_LANGUAGE_STANDARD = "gnu++20";
				CLANG_ENABLE_MODULES = YES;
				CLANG_ENABLE_OBJC_ARC = YES;
				CLANG_ENABLE_OBJC_WEAK = YES;
				CLANG_WARN_BLOCK_CAPTURE_AUTORELEASING = YES;
				CLANG_WARN_BOOL_CONVERSION = YES;
				CLANG_WARN_COMMA = YES;
				CLANG_WARN_CONSTANT_CONVERSION = YES;
				CLANG_WARN_DEPRECATED_OBJC_IMPLEMENTATIONS = YES;
				CLANG_WARN_DIRECT_OBJC_ISA_USAGE = YES_ERROR;
				CLANG_WARN_DOCUMENTATION_COMMENTS = YES;
				CLANG_WARN_EMPTY_BODY = YES;
				CLANG_WARN_ENUM_CONVERSION = YES;
				CLANG_WARN_INFINITE_RECURSION = YES;
				CLANG_WARN_INT_CONVERSION = YES;
				CLANG_WARN_NON_LITERAL_NULL_CONVERSION = YES;
				CLANG_WARN_OBJC_IMPLICIT_RETAIN_SELF = YES;
				CLANG_WARN_OBJC_LITERAL_CONVERSION = YES;
				CLANG_WARN_OBJC_ROOT_CLASS = YES_ERROR;
				CLANG_WARN_QUOTED_INCLUDE_IN_FRAMEWORK_HEADER = YES;
				CLANG_WARN_RANGE_LOOP_ANALYSIS = YES;
				CLANG_WARN_STRICT_PROTOTYPES = YES;
				CLANG_WARN_SUSPICIOUS_MOVE = YES;
				CLANG_WARN_UNGUARDED_AVAILABILITY = YES_AGGRESSIVE;
				CLANG_WARN_UNREACHABLE_CODE = YES;
				CLANG_WARN__DUPLICATE_METHOD_MATCH = YES;
				CODE_SIGN_STYLE = Automatic;
				COPY_PHASE_STRIP = NO;
				CURRENT_PROJECT_VERSION = 1;
				DEBUG_INFORMATION_FORMAT = dwarf;
				DEVELOPMENT_TEAM = 45GZ5C9N64;
				ENABLE_STRICT_OBJC_MSGSEND = YES;
				ENABLE_TESTABILITY = YES;
				ENABLE_USER_SCRIPT_SANDBOXING = YES;
				GCC_C_LANGUAGE_STANDARD = gnu17;
				GCC_DYNAMIC_NO_PIC = NO;
				GCC_NO_COMMON_BLOCKS = YES;
				GCC_OPTIMIZATION_LEVEL = 0;
				GCC_PREPROCESSOR_DEFINITIONS = (
					"DEBUG=1",
					"$(inherited)",
				);
				GCC_WARN_64_TO_32_BIT_CONVERSION = YES;
				GCC_WARN_ABOUT_RETURN_TYPE = YES_ERROR;
				GCC_WARN_UNDECLARED_SELECTOR = YES;
				GCC_WARN_UNINITIALIZED_AUTOS = YES_AGGRESSIVE;
				GCC_WARN_UNUSED_FUNCTION = YES;
				GCC_WARN_UNUSED_VARIABLE = YES;
				GENERATE_INFOPLIST_FILE = YES;
				IPHONEOS_DEPLOYMENT_TARGET = 17.0;
				LOCALIZATION_PREFERS_STRING_CATALOGS = YES;
				MARKETING_VERSION = 1.0;
				MTL_ENABLE_DEBUG_INFO = INCLUDE_SOURCE;
				MTL_FAST_MATH = YES;
				ONLY_ACTIVE_ARCH = YES;
				PRODUCT_BUNDLE_IDENTIFIER = "de.cyface.Ready-for-Robots-UITests";
				PRODUCT_NAME = "$(TARGET_NAME)";
				SDKROOT = iphoneos;
				SUPPORTED_PLATFORMS = "iphoneos iphonesimulator";
				SUPPORTS_MACCATALYST = NO;
				SUPPORTS_MAC_DESIGNED_FOR_IPHONE_IPAD = NO;
				SUPPORTS_XR_DESIGNED_FOR_IPHONE_IPAD = NO;
				SWIFT_ACTIVE_COMPILATION_CONDITIONS = "DEBUG $(inherited)";
				SWIFT_EMIT_LOC_STRINGS = NO;
				SWIFT_OPTIMIZATION_LEVEL = "-Onone";
				SWIFT_VERSION = 5.0;
				TARGETED_DEVICE_FAMILY = 1;
				TEST_TARGET_NAME = RFR;
			};
			name = "Debug Development";
		};
		AA1E406D2B17EAF200CACBE6 /* Debug Staging */ = {
			isa = XCBuildConfiguration;
			buildSettings = {
				ALWAYS_SEARCH_USER_PATHS = NO;
				ASSETCATALOG_COMPILER_GENERATE_SWIFT_ASSET_SYMBOL_EXTENSIONS = YES;
				CLANG_ANALYZER_NONNULL = YES;
				CLANG_ANALYZER_NUMBER_OBJECT_CONVERSION = YES_AGGRESSIVE;
				CLANG_CXX_LANGUAGE_STANDARD = "gnu++20";
				CLANG_ENABLE_MODULES = YES;
				CLANG_ENABLE_OBJC_ARC = YES;
				CLANG_ENABLE_OBJC_WEAK = YES;
				CLANG_WARN_BLOCK_CAPTURE_AUTORELEASING = YES;
				CLANG_WARN_BOOL_CONVERSION = YES;
				CLANG_WARN_COMMA = YES;
				CLANG_WARN_CONSTANT_CONVERSION = YES;
				CLANG_WARN_DEPRECATED_OBJC_IMPLEMENTATIONS = YES;
				CLANG_WARN_DIRECT_OBJC_ISA_USAGE = YES_ERROR;
				CLANG_WARN_DOCUMENTATION_COMMENTS = YES;
				CLANG_WARN_EMPTY_BODY = YES;
				CLANG_WARN_ENUM_CONVERSION = YES;
				CLANG_WARN_INFINITE_RECURSION = YES;
				CLANG_WARN_INT_CONVERSION = YES;
				CLANG_WARN_NON_LITERAL_NULL_CONVERSION = YES;
				CLANG_WARN_OBJC_IMPLICIT_RETAIN_SELF = YES;
				CLANG_WARN_OBJC_LITERAL_CONVERSION = YES;
				CLANG_WARN_OBJC_ROOT_CLASS = YES_ERROR;
				CLANG_WARN_QUOTED_INCLUDE_IN_FRAMEWORK_HEADER = YES;
				CLANG_WARN_RANGE_LOOP_ANALYSIS = YES;
				CLANG_WARN_STRICT_PROTOTYPES = YES;
				CLANG_WARN_SUSPICIOUS_MOVE = YES;
				CLANG_WARN_UNGUARDED_AVAILABILITY = YES_AGGRESSIVE;
				CLANG_WARN_UNREACHABLE_CODE = YES;
				CLANG_WARN__DUPLICATE_METHOD_MATCH = YES;
				CODE_SIGN_STYLE = Automatic;
				COPY_PHASE_STRIP = NO;
				CURRENT_PROJECT_VERSION = 1;
				DEBUG_INFORMATION_FORMAT = dwarf;
				DEVELOPMENT_TEAM = 45GZ5C9N64;
				ENABLE_STRICT_OBJC_MSGSEND = YES;
				ENABLE_TESTABILITY = YES;
				ENABLE_USER_SCRIPT_SANDBOXING = YES;
				GCC_C_LANGUAGE_STANDARD = gnu17;
				GCC_DYNAMIC_NO_PIC = NO;
				GCC_NO_COMMON_BLOCKS = YES;
				GCC_OPTIMIZATION_LEVEL = 0;
				GCC_PREPROCESSOR_DEFINITIONS = (
					"DEBUG=1",
					"$(inherited)",
				);
				GCC_WARN_64_TO_32_BIT_CONVERSION = YES;
				GCC_WARN_ABOUT_RETURN_TYPE = YES_ERROR;
				GCC_WARN_UNDECLARED_SELECTOR = YES;
				GCC_WARN_UNINITIALIZED_AUTOS = YES_AGGRESSIVE;
				GCC_WARN_UNUSED_FUNCTION = YES;
				GCC_WARN_UNUSED_VARIABLE = YES;
				GENERATE_INFOPLIST_FILE = YES;
				IPHONEOS_DEPLOYMENT_TARGET = 17.0;
				LOCALIZATION_PREFERS_STRING_CATALOGS = YES;
				MARKETING_VERSION = 1.0;
				MTL_ENABLE_DEBUG_INFO = INCLUDE_SOURCE;
				MTL_FAST_MATH = YES;
				ONLY_ACTIVE_ARCH = YES;
				PRODUCT_BUNDLE_IDENTIFIER = "de.cyface.Ready-for-Robots-UITests";
				PRODUCT_NAME = "$(TARGET_NAME)";
				SDKROOT = iphoneos;
				SUPPORTED_PLATFORMS = "iphoneos iphonesimulator";
				SUPPORTS_MACCATALYST = NO;
				SUPPORTS_MAC_DESIGNED_FOR_IPHONE_IPAD = NO;
				SUPPORTS_XR_DESIGNED_FOR_IPHONE_IPAD = NO;
				SWIFT_ACTIVE_COMPILATION_CONDITIONS = "DEBUG $(inherited)";
				SWIFT_EMIT_LOC_STRINGS = NO;
				SWIFT_OPTIMIZATION_LEVEL = "-Onone";
				SWIFT_VERSION = 5.0;
				TARGETED_DEVICE_FAMILY = 1;
				TEST_TARGET_NAME = RFR;
			};
			name = "Debug Staging";
		};
		AA1E406E2B17EAF200CACBE6 /* Debug Production */ = {
			isa = XCBuildConfiguration;
			buildSettings = {
				ALWAYS_SEARCH_USER_PATHS = NO;
				ASSETCATALOG_COMPILER_GENERATE_SWIFT_ASSET_SYMBOL_EXTENSIONS = YES;
				CLANG_ANALYZER_NONNULL = YES;
				CLANG_ANALYZER_NUMBER_OBJECT_CONVERSION = YES_AGGRESSIVE;
				CLANG_CXX_LANGUAGE_STANDARD = "gnu++20";
				CLANG_ENABLE_MODULES = YES;
				CLANG_ENABLE_OBJC_ARC = YES;
				CLANG_ENABLE_OBJC_WEAK = YES;
				CLANG_WARN_BLOCK_CAPTURE_AUTORELEASING = YES;
				CLANG_WARN_BOOL_CONVERSION = YES;
				CLANG_WARN_COMMA = YES;
				CLANG_WARN_CONSTANT_CONVERSION = YES;
				CLANG_WARN_DEPRECATED_OBJC_IMPLEMENTATIONS = YES;
				CLANG_WARN_DIRECT_OBJC_ISA_USAGE = YES_ERROR;
				CLANG_WARN_DOCUMENTATION_COMMENTS = YES;
				CLANG_WARN_EMPTY_BODY = YES;
				CLANG_WARN_ENUM_CONVERSION = YES;
				CLANG_WARN_INFINITE_RECURSION = YES;
				CLANG_WARN_INT_CONVERSION = YES;
				CLANG_WARN_NON_LITERAL_NULL_CONVERSION = YES;
				CLANG_WARN_OBJC_IMPLICIT_RETAIN_SELF = YES;
				CLANG_WARN_OBJC_LITERAL_CONVERSION = YES;
				CLANG_WARN_OBJC_ROOT_CLASS = YES_ERROR;
				CLANG_WARN_QUOTED_INCLUDE_IN_FRAMEWORK_HEADER = YES;
				CLANG_WARN_RANGE_LOOP_ANALYSIS = YES;
				CLANG_WARN_STRICT_PROTOTYPES = YES;
				CLANG_WARN_SUSPICIOUS_MOVE = YES;
				CLANG_WARN_UNGUARDED_AVAILABILITY = YES_AGGRESSIVE;
				CLANG_WARN_UNREACHABLE_CODE = YES;
				CLANG_WARN__DUPLICATE_METHOD_MATCH = YES;
				CODE_SIGN_STYLE = Automatic;
				COPY_PHASE_STRIP = NO;
				CURRENT_PROJECT_VERSION = 1;
				DEBUG_INFORMATION_FORMAT = dwarf;
				DEVELOPMENT_TEAM = 45GZ5C9N64;
				ENABLE_STRICT_OBJC_MSGSEND = YES;
				ENABLE_TESTABILITY = YES;
				ENABLE_USER_SCRIPT_SANDBOXING = YES;
				GCC_C_LANGUAGE_STANDARD = gnu17;
				GCC_DYNAMIC_NO_PIC = NO;
				GCC_NO_COMMON_BLOCKS = YES;
				GCC_OPTIMIZATION_LEVEL = 0;
				GCC_PREPROCESSOR_DEFINITIONS = (
					"DEBUG=1",
					"$(inherited)",
				);
				GCC_WARN_64_TO_32_BIT_CONVERSION = YES;
				GCC_WARN_ABOUT_RETURN_TYPE = YES_ERROR;
				GCC_WARN_UNDECLARED_SELECTOR = YES;
				GCC_WARN_UNINITIALIZED_AUTOS = YES_AGGRESSIVE;
				GCC_WARN_UNUSED_FUNCTION = YES;
				GCC_WARN_UNUSED_VARIABLE = YES;
				GENERATE_INFOPLIST_FILE = YES;
				IPHONEOS_DEPLOYMENT_TARGET = 17.0;
				LOCALIZATION_PREFERS_STRING_CATALOGS = YES;
				MARKETING_VERSION = 1.0;
				MTL_ENABLE_DEBUG_INFO = INCLUDE_SOURCE;
				MTL_FAST_MATH = YES;
				ONLY_ACTIVE_ARCH = YES;
				PRODUCT_BUNDLE_IDENTIFIER = "de.cyface.Ready-for-Robots-UITests";
				PRODUCT_NAME = "$(TARGET_NAME)";
				SDKROOT = iphoneos;
				SUPPORTED_PLATFORMS = "iphoneos iphonesimulator";
				SUPPORTS_MACCATALYST = NO;
				SUPPORTS_MAC_DESIGNED_FOR_IPHONE_IPAD = NO;
				SUPPORTS_XR_DESIGNED_FOR_IPHONE_IPAD = NO;
				SWIFT_ACTIVE_COMPILATION_CONDITIONS = "DEBUG $(inherited)";
				SWIFT_EMIT_LOC_STRINGS = NO;
				SWIFT_OPTIMIZATION_LEVEL = "-Onone";
				SWIFT_VERSION = 5.0;
				TARGETED_DEVICE_FAMILY = 1;
				TEST_TARGET_NAME = RFR;
			};
			name = "Debug Production";
		};
		AA1E406F2B17EAF200CACBE6 /* Release Development */ = {
			isa = XCBuildConfiguration;
			buildSettings = {
				ALWAYS_SEARCH_USER_PATHS = NO;
				ASSETCATALOG_COMPILER_GENERATE_SWIFT_ASSET_SYMBOL_EXTENSIONS = YES;
				CLANG_ANALYZER_NONNULL = YES;
				CLANG_ANALYZER_NUMBER_OBJECT_CONVERSION = YES_AGGRESSIVE;
				CLANG_CXX_LANGUAGE_STANDARD = "gnu++20";
				CLANG_ENABLE_MODULES = YES;
				CLANG_ENABLE_OBJC_ARC = YES;
				CLANG_ENABLE_OBJC_WEAK = YES;
				CLANG_WARN_BLOCK_CAPTURE_AUTORELEASING = YES;
				CLANG_WARN_BOOL_CONVERSION = YES;
				CLANG_WARN_COMMA = YES;
				CLANG_WARN_CONSTANT_CONVERSION = YES;
				CLANG_WARN_DEPRECATED_OBJC_IMPLEMENTATIONS = YES;
				CLANG_WARN_DIRECT_OBJC_ISA_USAGE = YES_ERROR;
				CLANG_WARN_DOCUMENTATION_COMMENTS = YES;
				CLANG_WARN_EMPTY_BODY = YES;
				CLANG_WARN_ENUM_CONVERSION = YES;
				CLANG_WARN_INFINITE_RECURSION = YES;
				CLANG_WARN_INT_CONVERSION = YES;
				CLANG_WARN_NON_LITERAL_NULL_CONVERSION = YES;
				CLANG_WARN_OBJC_IMPLICIT_RETAIN_SELF = YES;
				CLANG_WARN_OBJC_LITERAL_CONVERSION = YES;
				CLANG_WARN_OBJC_ROOT_CLASS = YES_ERROR;
				CLANG_WARN_QUOTED_INCLUDE_IN_FRAMEWORK_HEADER = YES;
				CLANG_WARN_RANGE_LOOP_ANALYSIS = YES;
				CLANG_WARN_STRICT_PROTOTYPES = YES;
				CLANG_WARN_SUSPICIOUS_MOVE = YES;
				CLANG_WARN_UNGUARDED_AVAILABILITY = YES_AGGRESSIVE;
				CLANG_WARN_UNREACHABLE_CODE = YES;
				CLANG_WARN__DUPLICATE_METHOD_MATCH = YES;
				CODE_SIGN_STYLE = Automatic;
				COPY_PHASE_STRIP = NO;
				CURRENT_PROJECT_VERSION = 1;
				DEBUG_INFORMATION_FORMAT = "dwarf-with-dsym";
				DEVELOPMENT_TEAM = 45GZ5C9N64;
				ENABLE_NS_ASSERTIONS = NO;
				ENABLE_STRICT_OBJC_MSGSEND = YES;
				ENABLE_USER_SCRIPT_SANDBOXING = YES;
				GCC_C_LANGUAGE_STANDARD = gnu17;
				GCC_NO_COMMON_BLOCKS = YES;
				GCC_WARN_64_TO_32_BIT_CONVERSION = YES;
				GCC_WARN_ABOUT_RETURN_TYPE = YES_ERROR;
				GCC_WARN_UNDECLARED_SELECTOR = YES;
				GCC_WARN_UNINITIALIZED_AUTOS = YES_AGGRESSIVE;
				GCC_WARN_UNUSED_FUNCTION = YES;
				GCC_WARN_UNUSED_VARIABLE = YES;
				GENERATE_INFOPLIST_FILE = YES;
				IPHONEOS_DEPLOYMENT_TARGET = 17.0;
				LOCALIZATION_PREFERS_STRING_CATALOGS = YES;
				MARKETING_VERSION = 1.0;
				MTL_ENABLE_DEBUG_INFO = NO;
				MTL_FAST_MATH = YES;
				PRODUCT_BUNDLE_IDENTIFIER = "de.cyface.Ready-for-Robots-UITests";
				PRODUCT_NAME = "$(TARGET_NAME)";
				SDKROOT = iphoneos;
				SUPPORTED_PLATFORMS = "iphoneos iphonesimulator";
				SUPPORTS_MACCATALYST = NO;
				SUPPORTS_MAC_DESIGNED_FOR_IPHONE_IPAD = NO;
				SUPPORTS_XR_DESIGNED_FOR_IPHONE_IPAD = NO;
				SWIFT_COMPILATION_MODE = wholemodule;
				SWIFT_EMIT_LOC_STRINGS = NO;
				SWIFT_VERSION = 5.0;
				TARGETED_DEVICE_FAMILY = 1;
				TEST_TARGET_NAME = RFR;
				VALIDATE_PRODUCT = YES;
			};
			name = "Release Development";
		};
		AA1E40702B17EAF200CACBE6 /* Release Staging */ = {
			isa = XCBuildConfiguration;
			buildSettings = {
				ALWAYS_SEARCH_USER_PATHS = NO;
				ASSETCATALOG_COMPILER_GENERATE_SWIFT_ASSET_SYMBOL_EXTENSIONS = YES;
				CLANG_ANALYZER_NONNULL = YES;
				CLANG_ANALYZER_NUMBER_OBJECT_CONVERSION = YES_AGGRESSIVE;
				CLANG_CXX_LANGUAGE_STANDARD = "gnu++20";
				CLANG_ENABLE_MODULES = YES;
				CLANG_ENABLE_OBJC_ARC = YES;
				CLANG_ENABLE_OBJC_WEAK = YES;
				CLANG_WARN_BLOCK_CAPTURE_AUTORELEASING = YES;
				CLANG_WARN_BOOL_CONVERSION = YES;
				CLANG_WARN_COMMA = YES;
				CLANG_WARN_CONSTANT_CONVERSION = YES;
				CLANG_WARN_DEPRECATED_OBJC_IMPLEMENTATIONS = YES;
				CLANG_WARN_DIRECT_OBJC_ISA_USAGE = YES_ERROR;
				CLANG_WARN_DOCUMENTATION_COMMENTS = YES;
				CLANG_WARN_EMPTY_BODY = YES;
				CLANG_WARN_ENUM_CONVERSION = YES;
				CLANG_WARN_INFINITE_RECURSION = YES;
				CLANG_WARN_INT_CONVERSION = YES;
				CLANG_WARN_NON_LITERAL_NULL_CONVERSION = YES;
				CLANG_WARN_OBJC_IMPLICIT_RETAIN_SELF = YES;
				CLANG_WARN_OBJC_LITERAL_CONVERSION = YES;
				CLANG_WARN_OBJC_ROOT_CLASS = YES_ERROR;
				CLANG_WARN_QUOTED_INCLUDE_IN_FRAMEWORK_HEADER = YES;
				CLANG_WARN_RANGE_LOOP_ANALYSIS = YES;
				CLANG_WARN_STRICT_PROTOTYPES = YES;
				CLANG_WARN_SUSPICIOUS_MOVE = YES;
				CLANG_WARN_UNGUARDED_AVAILABILITY = YES_AGGRESSIVE;
				CLANG_WARN_UNREACHABLE_CODE = YES;
				CLANG_WARN__DUPLICATE_METHOD_MATCH = YES;
				CODE_SIGN_STYLE = Automatic;
				COPY_PHASE_STRIP = NO;
				CURRENT_PROJECT_VERSION = 1;
				DEBUG_INFORMATION_FORMAT = "dwarf-with-dsym";
				DEVELOPMENT_TEAM = 45GZ5C9N64;
				ENABLE_NS_ASSERTIONS = NO;
				ENABLE_STRICT_OBJC_MSGSEND = YES;
				ENABLE_USER_SCRIPT_SANDBOXING = YES;
				GCC_C_LANGUAGE_STANDARD = gnu17;
				GCC_NO_COMMON_BLOCKS = YES;
				GCC_WARN_64_TO_32_BIT_CONVERSION = YES;
				GCC_WARN_ABOUT_RETURN_TYPE = YES_ERROR;
				GCC_WARN_UNDECLARED_SELECTOR = YES;
				GCC_WARN_UNINITIALIZED_AUTOS = YES_AGGRESSIVE;
				GCC_WARN_UNUSED_FUNCTION = YES;
				GCC_WARN_UNUSED_VARIABLE = YES;
				GENERATE_INFOPLIST_FILE = YES;
				IPHONEOS_DEPLOYMENT_TARGET = 17.0;
				LOCALIZATION_PREFERS_STRING_CATALOGS = YES;
				MARKETING_VERSION = 1.0;
				MTL_ENABLE_DEBUG_INFO = NO;
				MTL_FAST_MATH = YES;
				PRODUCT_BUNDLE_IDENTIFIER = "de.cyface.Ready-for-Robots-UITests";
				PRODUCT_NAME = "$(TARGET_NAME)";
				SDKROOT = iphoneos;
				SUPPORTED_PLATFORMS = "iphoneos iphonesimulator";
				SUPPORTS_MACCATALYST = NO;
				SUPPORTS_MAC_DESIGNED_FOR_IPHONE_IPAD = NO;
				SUPPORTS_XR_DESIGNED_FOR_IPHONE_IPAD = NO;
				SWIFT_COMPILATION_MODE = wholemodule;
				SWIFT_EMIT_LOC_STRINGS = NO;
				SWIFT_VERSION = 5.0;
				TARGETED_DEVICE_FAMILY = 1;
				TEST_TARGET_NAME = RFR;
				VALIDATE_PRODUCT = YES;
			};
			name = "Release Staging";
		};
		AA1E40712B17EAF200CACBE6 /* Release Production */ = {
			isa = XCBuildConfiguration;
			buildSettings = {
				ALWAYS_SEARCH_USER_PATHS = NO;
				ASSETCATALOG_COMPILER_GENERATE_SWIFT_ASSET_SYMBOL_EXTENSIONS = YES;
				CLANG_ANALYZER_NONNULL = YES;
				CLANG_ANALYZER_NUMBER_OBJECT_CONVERSION = YES_AGGRESSIVE;
				CLANG_CXX_LANGUAGE_STANDARD = "gnu++20";
				CLANG_ENABLE_MODULES = YES;
				CLANG_ENABLE_OBJC_ARC = YES;
				CLANG_ENABLE_OBJC_WEAK = YES;
				CLANG_WARN_BLOCK_CAPTURE_AUTORELEASING = YES;
				CLANG_WARN_BOOL_CONVERSION = YES;
				CLANG_WARN_COMMA = YES;
				CLANG_WARN_CONSTANT_CONVERSION = YES;
				CLANG_WARN_DEPRECATED_OBJC_IMPLEMENTATIONS = YES;
				CLANG_WARN_DIRECT_OBJC_ISA_USAGE = YES_ERROR;
				CLANG_WARN_DOCUMENTATION_COMMENTS = YES;
				CLANG_WARN_EMPTY_BODY = YES;
				CLANG_WARN_ENUM_CONVERSION = YES;
				CLANG_WARN_INFINITE_RECURSION = YES;
				CLANG_WARN_INT_CONVERSION = YES;
				CLANG_WARN_NON_LITERAL_NULL_CONVERSION = YES;
				CLANG_WARN_OBJC_IMPLICIT_RETAIN_SELF = YES;
				CLANG_WARN_OBJC_LITERAL_CONVERSION = YES;
				CLANG_WARN_OBJC_ROOT_CLASS = YES_ERROR;
				CLANG_WARN_QUOTED_INCLUDE_IN_FRAMEWORK_HEADER = YES;
				CLANG_WARN_RANGE_LOOP_ANALYSIS = YES;
				CLANG_WARN_STRICT_PROTOTYPES = YES;
				CLANG_WARN_SUSPICIOUS_MOVE = YES;
				CLANG_WARN_UNGUARDED_AVAILABILITY = YES_AGGRESSIVE;
				CLANG_WARN_UNREACHABLE_CODE = YES;
				CLANG_WARN__DUPLICATE_METHOD_MATCH = YES;
				CODE_SIGN_STYLE = Automatic;
				COPY_PHASE_STRIP = NO;
				CURRENT_PROJECT_VERSION = 1;
				DEBUG_INFORMATION_FORMAT = "dwarf-with-dsym";
				DEVELOPMENT_TEAM = 45GZ5C9N64;
				ENABLE_NS_ASSERTIONS = NO;
				ENABLE_STRICT_OBJC_MSGSEND = YES;
				ENABLE_USER_SCRIPT_SANDBOXING = YES;
				GCC_C_LANGUAGE_STANDARD = gnu17;
				GCC_NO_COMMON_BLOCKS = YES;
				GCC_WARN_64_TO_32_BIT_CONVERSION = YES;
				GCC_WARN_ABOUT_RETURN_TYPE = YES_ERROR;
				GCC_WARN_UNDECLARED_SELECTOR = YES;
				GCC_WARN_UNINITIALIZED_AUTOS = YES_AGGRESSIVE;
				GCC_WARN_UNUSED_FUNCTION = YES;
				GCC_WARN_UNUSED_VARIABLE = YES;
				GENERATE_INFOPLIST_FILE = YES;
				IPHONEOS_DEPLOYMENT_TARGET = 17.0;
				LOCALIZATION_PREFERS_STRING_CATALOGS = YES;
				MARKETING_VERSION = 1.0;
				MTL_ENABLE_DEBUG_INFO = NO;
				MTL_FAST_MATH = YES;
				PRODUCT_BUNDLE_IDENTIFIER = "de.cyface.Ready-for-Robots-UITests";
				PRODUCT_NAME = "$(TARGET_NAME)";
				SDKROOT = iphoneos;
				SUPPORTED_PLATFORMS = "iphoneos iphonesimulator";
				SUPPORTS_MACCATALYST = NO;
				SUPPORTS_MAC_DESIGNED_FOR_IPHONE_IPAD = NO;
				SUPPORTS_XR_DESIGNED_FOR_IPHONE_IPAD = NO;
				SWIFT_COMPILATION_MODE = wholemodule;
				SWIFT_EMIT_LOC_STRINGS = NO;
				SWIFT_VERSION = 5.0;
				TARGETED_DEVICE_FAMILY = 1;
				TEST_TARGET_NAME = RFR;
				VALIDATE_PRODUCT = YES;
			};
			name = "Release Production";
		};
		AA87D08A2982ADE9002F6B3B /* Debug Development */ = {
			isa = XCBuildConfiguration;
			buildSettings = {
				ALWAYS_SEARCH_USER_PATHS = NO;
				CLANG_ANALYZER_NONNULL = YES;
				CLANG_ANALYZER_NUMBER_OBJECT_CONVERSION = YES_AGGRESSIVE;
				CLANG_CXX_LANGUAGE_STANDARD = "gnu++20";
				CLANG_ENABLE_MODULES = YES;
				CLANG_ENABLE_OBJC_ARC = YES;
				CLANG_ENABLE_OBJC_WEAK = YES;
				CLANG_WARN_BLOCK_CAPTURE_AUTORELEASING = YES;
				CLANG_WARN_BOOL_CONVERSION = YES;
				CLANG_WARN_COMMA = YES;
				CLANG_WARN_CONSTANT_CONVERSION = YES;
				CLANG_WARN_DEPRECATED_OBJC_IMPLEMENTATIONS = YES;
				CLANG_WARN_DIRECT_OBJC_ISA_USAGE = YES_ERROR;
				CLANG_WARN_DOCUMENTATION_COMMENTS = YES;
				CLANG_WARN_EMPTY_BODY = YES;
				CLANG_WARN_ENUM_CONVERSION = YES;
				CLANG_WARN_INFINITE_RECURSION = YES;
				CLANG_WARN_INT_CONVERSION = YES;
				CLANG_WARN_NON_LITERAL_NULL_CONVERSION = YES;
				CLANG_WARN_OBJC_IMPLICIT_RETAIN_SELF = YES;
				CLANG_WARN_OBJC_LITERAL_CONVERSION = YES;
				CLANG_WARN_OBJC_ROOT_CLASS = YES_ERROR;
				CLANG_WARN_QUOTED_INCLUDE_IN_FRAMEWORK_HEADER = YES;
				CLANG_WARN_RANGE_LOOP_ANALYSIS = YES;
				CLANG_WARN_STRICT_PROTOTYPES = YES;
				CLANG_WARN_SUSPICIOUS_MOVE = YES;
				CLANG_WARN_UNGUARDED_AVAILABILITY = YES_AGGRESSIVE;
				CLANG_WARN_UNREACHABLE_CODE = YES;
				CLANG_WARN__DUPLICATE_METHOD_MATCH = YES;
				COPY_PHASE_STRIP = NO;
				DEBUG_INFORMATION_FORMAT = dwarf;
				ENABLE_STRICT_OBJC_MSGSEND = YES;
				ENABLE_TESTABILITY = YES;
				GCC_C_LANGUAGE_STANDARD = gnu11;
				GCC_DYNAMIC_NO_PIC = NO;
				GCC_NO_COMMON_BLOCKS = YES;
				GCC_OPTIMIZATION_LEVEL = 0;
				GCC_PREPROCESSOR_DEFINITIONS = (
					"DEBUG=1",
					"$(inherited)",
				);
				GCC_WARN_64_TO_32_BIT_CONVERSION = YES;
				GCC_WARN_ABOUT_RETURN_TYPE = YES_ERROR;
				GCC_WARN_UNDECLARED_SELECTOR = YES;
				GCC_WARN_UNINITIALIZED_AUTOS = YES_AGGRESSIVE;
				GCC_WARN_UNUSED_FUNCTION = YES;
				GCC_WARN_UNUSED_VARIABLE = YES;
				IPHONEOS_DEPLOYMENT_TARGET = 16.2;
				MTL_ENABLE_DEBUG_INFO = INCLUDE_SOURCE;
				MTL_FAST_MATH = YES;
				ONLY_ACTIVE_ARCH = YES;
				SDKROOT = iphoneos;
				SWIFT_ACTIVE_COMPILATION_CONDITIONS = DEBUG;
				SWIFT_EMIT_LOC_STRINGS = YES;
				SWIFT_OPTIMIZATION_LEVEL = "-Onone";
			};
			name = "Debug Development";
		};
		AA87D08B2982ADE9002F6B3B /* Release Development */ = {
			isa = XCBuildConfiguration;
			buildSettings = {
				ALWAYS_SEARCH_USER_PATHS = NO;
				CLANG_ANALYZER_NONNULL = YES;
				CLANG_ANALYZER_NUMBER_OBJECT_CONVERSION = YES_AGGRESSIVE;
				CLANG_CXX_LANGUAGE_STANDARD = "gnu++20";
				CLANG_ENABLE_MODULES = YES;
				CLANG_ENABLE_OBJC_ARC = YES;
				CLANG_ENABLE_OBJC_WEAK = YES;
				CLANG_WARN_BLOCK_CAPTURE_AUTORELEASING = YES;
				CLANG_WARN_BOOL_CONVERSION = YES;
				CLANG_WARN_COMMA = YES;
				CLANG_WARN_CONSTANT_CONVERSION = YES;
				CLANG_WARN_DEPRECATED_OBJC_IMPLEMENTATIONS = YES;
				CLANG_WARN_DIRECT_OBJC_ISA_USAGE = YES_ERROR;
				CLANG_WARN_DOCUMENTATION_COMMENTS = YES;
				CLANG_WARN_EMPTY_BODY = YES;
				CLANG_WARN_ENUM_CONVERSION = YES;
				CLANG_WARN_INFINITE_RECURSION = YES;
				CLANG_WARN_INT_CONVERSION = YES;
				CLANG_WARN_NON_LITERAL_NULL_CONVERSION = YES;
				CLANG_WARN_OBJC_IMPLICIT_RETAIN_SELF = YES;
				CLANG_WARN_OBJC_LITERAL_CONVERSION = YES;
				CLANG_WARN_OBJC_ROOT_CLASS = YES_ERROR;
				CLANG_WARN_QUOTED_INCLUDE_IN_FRAMEWORK_HEADER = YES;
				CLANG_WARN_RANGE_LOOP_ANALYSIS = YES;
				CLANG_WARN_STRICT_PROTOTYPES = YES;
				CLANG_WARN_SUSPICIOUS_MOVE = YES;
				CLANG_WARN_UNGUARDED_AVAILABILITY = YES_AGGRESSIVE;
				CLANG_WARN_UNREACHABLE_CODE = YES;
				CLANG_WARN__DUPLICATE_METHOD_MATCH = YES;
				COPY_PHASE_STRIP = NO;
				DEBUG_INFORMATION_FORMAT = "dwarf-with-dsym";
				ENABLE_NS_ASSERTIONS = NO;
				ENABLE_STRICT_OBJC_MSGSEND = YES;
				GCC_C_LANGUAGE_STANDARD = gnu11;
				GCC_NO_COMMON_BLOCKS = YES;
				GCC_WARN_64_TO_32_BIT_CONVERSION = YES;
				GCC_WARN_ABOUT_RETURN_TYPE = YES_ERROR;
				GCC_WARN_UNDECLARED_SELECTOR = YES;
				GCC_WARN_UNINITIALIZED_AUTOS = YES_AGGRESSIVE;
				GCC_WARN_UNUSED_FUNCTION = YES;
				GCC_WARN_UNUSED_VARIABLE = YES;
				IPHONEOS_DEPLOYMENT_TARGET = 16.2;
				MTL_ENABLE_DEBUG_INFO = NO;
				MTL_FAST_MATH = YES;
				SDKROOT = iphoneos;
				SWIFT_COMPILATION_MODE = wholemodule;
				SWIFT_EMIT_LOC_STRINGS = YES;
				SWIFT_OPTIMIZATION_LEVEL = "-O";
				VALIDATE_PRODUCT = YES;
			};
			name = "Release Development";
		};
		AA87D08D2982ADE9002F6B3B /* Debug Development */ = {
			isa = XCBuildConfiguration;
			buildSettings = {
				ASSETCATALOG_COMPILER_APPICON_NAME = AppIcon;
				ASSETCATALOG_COMPILER_GLOBAL_ACCENT_COLOR_NAME = AccentColor;
				CODE_SIGN_STYLE = Automatic;
				CURRENT_PROJECT_VERSION = 0;
				DEBUG_INFORMATION_FORMAT = "dwarf-with-dsym";
				DEVELOPMENT_ASSET_PATHS = "\"RFR/Resources/Preview Content\"";
				DEVELOPMENT_TEAM = 45GZ5C9N64;
				ENABLE_PREVIEWS = YES;
				GENERATE_INFOPLIST_FILE = YES;
				INFOPLIST_FILE = RFR/Resources/Info.plist;
				INFOPLIST_KEY_LSApplicationCategoryType = "public.app-category.healthcare-fitness";
				INFOPLIST_KEY_NSLocationAlwaysAndWhenInUseUsageDescription = "Bitte erlauben Sie die Aufzeichnung der Strecke im Hintergrund, damit wir Ihrer Kommune Ihre Daten zur Ermittlung der Bereitschaft für Roboter zur Verfügung stellen können.";
				INFOPLIST_KEY_NSLocationWhenInUseUsageDescription = "Bitte erlauben Sie die Aufzeichnung der Strecke, damit wir Ihrer Kommune Ihre Daten zur Ermittlung der Bereitschaft für Roboter zur Verfügung stellen können.";
				INFOPLIST_KEY_UIApplicationSceneManifest_Generation = YES;
				INFOPLIST_KEY_UIApplicationSupportsIndirectInputEvents = YES;
				INFOPLIST_KEY_UISupportedInterfaceOrientations_iPad = "UIInterfaceOrientationPortrait UIInterfaceOrientationPortraitUpsideDown UIInterfaceOrientationLandscapeLeft UIInterfaceOrientationLandscapeRight";
				INFOPLIST_KEY_UISupportedInterfaceOrientations_iPhone = "UIInterfaceOrientationPortrait UIInterfaceOrientationLandscapeLeft UIInterfaceOrientationLandscapeRight";
				IPHONEOS_DEPLOYMENT_TARGET = 16.4;
				LD_RUNPATH_SEARCH_PATHS = (
					"$(inherited)",
					"@executable_path/Frameworks",
				);
				MARKETING_VERSION = 3.1.4;
				PRODUCT_BUNDLE_IDENTIFIER = de.cyface.RFR.dev;
				PRODUCT_NAME = "Ready for Robots Development";
				SUPPORTED_PLATFORMS = "iphoneos iphonesimulator";
				SUPPORTS_MACCATALYST = NO;
				SUPPORTS_MAC_DESIGNED_FOR_IPHONE_IPAD = NO;
				SUPPORTS_XR_DESIGNED_FOR_IPHONE_IPAD = NO;
				SWIFT_EMIT_LOC_STRINGS = YES;
				SWIFT_VERSION = 5.0;
				TARGETED_DEVICE_FAMILY = 1;
			};
			name = "Debug Development";
		};
		AA87D08E2982ADE9002F6B3B /* Release Development */ = {
			isa = XCBuildConfiguration;
			buildSettings = {
				ASSETCATALOG_COMPILER_APPICON_NAME = AppIcon;
				ASSETCATALOG_COMPILER_GLOBAL_ACCENT_COLOR_NAME = AccentColor;
				CODE_SIGN_STYLE = Automatic;
				CURRENT_PROJECT_VERSION = 0;
				DEBUG_INFORMATION_FORMAT = "dwarf-with-dsym";
				DEVELOPMENT_ASSET_PATHS = "\"RFR/Resources/Preview Content\"";
				DEVELOPMENT_TEAM = 45GZ5C9N64;
				ENABLE_PREVIEWS = YES;
				GENERATE_INFOPLIST_FILE = YES;
				INFOPLIST_FILE = RFR/Resources/Info.plist;
				INFOPLIST_KEY_LSApplicationCategoryType = "public.app-category.healthcare-fitness";
				INFOPLIST_KEY_NSLocationAlwaysAndWhenInUseUsageDescription = "Bitte erlauben Sie die Aufzeichnung der Strecke im Hintergrund, damit wir Ihrer Kommune Ihre Daten zur Ermittlung der Bereitschaft für Roboter zur Verfügung stellen können.";
				INFOPLIST_KEY_NSLocationWhenInUseUsageDescription = "Bitte erlauben Sie die Aufzeichnung der Strecke, damit wir Ihrer Kommune Ihre Daten zur Ermittlung der Bereitschaft für Roboter zur Verfügung stellen können.";
				INFOPLIST_KEY_UIApplicationSceneManifest_Generation = YES;
				INFOPLIST_KEY_UIApplicationSupportsIndirectInputEvents = YES;
				INFOPLIST_KEY_UISupportedInterfaceOrientations_iPad = "UIInterfaceOrientationPortrait UIInterfaceOrientationPortraitUpsideDown UIInterfaceOrientationLandscapeLeft UIInterfaceOrientationLandscapeRight";
				INFOPLIST_KEY_UISupportedInterfaceOrientations_iPhone = "UIInterfaceOrientationPortrait UIInterfaceOrientationLandscapeLeft UIInterfaceOrientationLandscapeRight";
				IPHONEOS_DEPLOYMENT_TARGET = 16.4;
				LD_RUNPATH_SEARCH_PATHS = (
					"$(inherited)",
					"@executable_path/Frameworks",
				);
				MARKETING_VERSION = 3.1.4;
				PRODUCT_BUNDLE_IDENTIFIER = de.cyface.RFR.dev;
				PRODUCT_NAME = "Ready for Robots Development";
				SUPPORTED_PLATFORMS = "iphoneos iphonesimulator";
				SUPPORTS_MACCATALYST = NO;
				SUPPORTS_MAC_DESIGNED_FOR_IPHONE_IPAD = NO;
				SUPPORTS_XR_DESIGNED_FOR_IPHONE_IPAD = NO;
				SWIFT_EMIT_LOC_STRINGS = YES;
				SWIFT_VERSION = 5.0;
				TARGETED_DEVICE_FAMILY = 1;
			};
			name = "Release Development";
		};
		AA87D0902982ADE9002F6B3B /* Debug Development */ = {
			isa = XCBuildConfiguration;
			buildSettings = {
				ALWAYS_EMBED_SWIFT_STANDARD_LIBRARIES = YES;
				BUNDLE_LOADER = "$(TEST_HOST)";
				CODE_SIGN_STYLE = Automatic;
				CURRENT_PROJECT_VERSION = 1;
				DEVELOPMENT_TEAM = 45GZ5C9N64;
				GENERATE_INFOPLIST_FILE = YES;
				IPHONEOS_DEPLOYMENT_TARGET = 16.4;
				MARKETING_VERSION = 1.0;
				PRODUCT_BUNDLE_IDENTIFIER = de.cyface.RFRTests;
				PRODUCT_NAME = "$(TARGET_NAME)";
				SUPPORTED_PLATFORMS = "iphoneos iphonesimulator";
				SUPPORTS_MACCATALYST = NO;
				SUPPORTS_MAC_DESIGNED_FOR_IPHONE_IPAD = NO;
				SUPPORTS_XR_DESIGNED_FOR_IPHONE_IPAD = NO;
				SWIFT_EMIT_LOC_STRINGS = NO;
				SWIFT_VERSION = 5.0;
				TARGETED_DEVICE_FAMILY = 1;
				TEST_HOST = "$(BUILT_PRODUCTS_DIR)/Ready for Robots Development.app/$(BUNDLE_EXECUTABLE_FOLDER_PATH)/Ready for Robots Development";
			};
			name = "Debug Development";
		};
		AA87D0912982ADE9002F6B3B /* Release Development */ = {
			isa = XCBuildConfiguration;
			buildSettings = {
				ALWAYS_EMBED_SWIFT_STANDARD_LIBRARIES = YES;
				BUNDLE_LOADER = "$(TEST_HOST)";
				CODE_SIGN_STYLE = Automatic;
				CURRENT_PROJECT_VERSION = 1;
				DEVELOPMENT_TEAM = 45GZ5C9N64;
				GENERATE_INFOPLIST_FILE = YES;
				IPHONEOS_DEPLOYMENT_TARGET = 16.4;
				MARKETING_VERSION = 1.0;
				PRODUCT_BUNDLE_IDENTIFIER = de.cyface.RFRTests;
				PRODUCT_NAME = "$(TARGET_NAME)";
				SUPPORTED_PLATFORMS = "iphoneos iphonesimulator";
				SUPPORTS_MACCATALYST = NO;
				SUPPORTS_MAC_DESIGNED_FOR_IPHONE_IPAD = NO;
				SUPPORTS_XR_DESIGNED_FOR_IPHONE_IPAD = NO;
				SWIFT_EMIT_LOC_STRINGS = NO;
				SWIFT_VERSION = 5.0;
				TARGETED_DEVICE_FAMILY = 1;
				TEST_HOST = "$(BUILT_PRODUCTS_DIR)/Ready for Robots Development.app/$(BUNDLE_EXECUTABLE_FOLDER_PATH)/Ready for Robots Development";
			};
			name = "Release Development";
		};
/* End XCBuildConfiguration section */

/* Begin XCConfigurationList section */
		AA1E406B2B17EAF200CACBE6 /* Build configuration list for PBXNativeTarget "Ready for Robots UITests" */ = {
			isa = XCConfigurationList;
			buildConfigurations = (
				AA1E406C2B17EAF200CACBE6 /* Debug Development */,
				AA1E406D2B17EAF200CACBE6 /* Debug Staging */,
				AA1E406E2B17EAF200CACBE6 /* Debug Production */,
				AA1E406F2B17EAF200CACBE6 /* Release Development */,
				AA1E40702B17EAF200CACBE6 /* Release Staging */,
				AA1E40712B17EAF200CACBE6 /* Release Production */,
			);
			defaultConfigurationIsVisible = 0;
			defaultConfigurationName = "Debug Development";
		};
		AA87D0632982ADE8002F6B3B /* Build configuration list for PBXProject "RFR" */ = {
			isa = XCConfigurationList;
			buildConfigurations = (
				AA87D08A2982ADE9002F6B3B /* Debug Development */,
				AA199DEF2AFD153C00DE4D4A /* Debug Staging */,
				AA199DEB2AFD153900DE4D4A /* Debug Production */,
				AA87D08B2982ADE9002F6B3B /* Release Development */,
				AA199DF32AFD153F00DE4D4A /* Release Staging */,
				AA199DF72AFD154100DE4D4A /* Release Production */,
			);
			defaultConfigurationIsVisible = 0;
			defaultConfigurationName = "Debug Development";
		};
		AA87D08C2982ADE9002F6B3B /* Build configuration list for PBXNativeTarget "RFR" */ = {
			isa = XCConfigurationList;
			buildConfigurations = (
				AA87D08D2982ADE9002F6B3B /* Debug Development */,
				AA199DF02AFD153C00DE4D4A /* Debug Staging */,
				AA199DEC2AFD153900DE4D4A /* Debug Production */,
				AA87D08E2982ADE9002F6B3B /* Release Development */,
				AA199DF42AFD153F00DE4D4A /* Release Staging */,
				AA199DF82AFD154100DE4D4A /* Release Production */,
			);
			defaultConfigurationIsVisible = 0;
			defaultConfigurationName = "Debug Development";
		};
		AA87D08F2982ADE9002F6B3B /* Build configuration list for PBXNativeTarget "RFRTests" */ = {
			isa = XCConfigurationList;
			buildConfigurations = (
				AA87D0902982ADE9002F6B3B /* Debug Development */,
				AA199DF12AFD153C00DE4D4A /* Debug Staging */,
				AA199DED2AFD153900DE4D4A /* Debug Production */,
				AA87D0912982ADE9002F6B3B /* Release Development */,
				AA199DF52AFD153F00DE4D4A /* Release Staging */,
				AA199DF92AFD154100DE4D4A /* Release Production */,
			);
			defaultConfigurationIsVisible = 0;
			defaultConfigurationName = "Debug Development";
		};
/* End XCConfigurationList section */

/* Begin XCRemoteSwiftPackageReference section */
		AA4C48EE2B5812C800164175 /* XCRemoteSwiftPackageReference "sentry-cocoa" */ = {
			isa = XCRemoteSwiftPackageReference;
			repositoryURL = "https://github.com/getsentry/sentry-cocoa.git";
			requirement = {
				kind = upToNextMajorVersion;
				minimumVersion = 8.18.0;
			};
		};
		AA6C48972A9365B200C3633D /* XCRemoteSwiftPackageReference "AppAuth-iOS" */ = {
			isa = XCRemoteSwiftPackageReference;
			repositoryURL = "https://github.com/openid/AppAuth-iOS";
			requirement = {
				kind = upToNextMajorVersion;
				minimumVersion = 1.0.0;
			};
		};
		AAA1AAC229EED663002CBC91 /* XCRemoteSwiftPackageReference "HCaptcha-ios-sdk" */ = {
			isa = XCRemoteSwiftPackageReference;
			repositoryURL = "https://github.com/hCaptcha/HCaptcha-ios-sdk";
			requirement = {
				kind = exactVersion;
				version = 2.5.0;
			};
		};
/* End XCRemoteSwiftPackageReference section */

/* Begin XCSwiftPackageProductDependency section */
		AA1E40732B17EC9900CACBE6 /* AppAuthCore */ = {
			isa = XCSwiftPackageProductDependency;
			package = AA6C48972A9365B200C3633D /* XCRemoteSwiftPackageReference "AppAuth-iOS" */;
			productName = AppAuthCore;
		};
		AA1E40752B17EC9E00CACBE6 /* AppAuth */ = {
			isa = XCSwiftPackageProductDependency;
			package = AA6C48972A9365B200C3633D /* XCRemoteSwiftPackageReference "AppAuth-iOS" */;
			productName = AppAuth;
		};
		AA4C48EF2B5812C900164175 /* Sentry */ = {
			isa = XCSwiftPackageProductDependency;
			package = AA4C48EE2B5812C800164175 /* XCRemoteSwiftPackageReference "sentry-cocoa" */;
			productName = Sentry;
		};
		AA6C48982A9365B200C3633D /* AppAuth */ = {
			isa = XCSwiftPackageProductDependency;
			package = AA6C48972A9365B200C3633D /* XCRemoteSwiftPackageReference "AppAuth-iOS" */;
			productName = AppAuth;
		};
		AA6C489A2A9365B200C3633D /* AppAuthCore */ = {
			isa = XCSwiftPackageProductDependency;
			package = AA6C48972A9365B200C3633D /* XCRemoteSwiftPackageReference "AppAuth-iOS" */;
			productName = AppAuthCore;
		};
		AAA1AAC329EED663002CBC91 /* HCaptcha */ = {
			isa = XCSwiftPackageProductDependency;
			package = AAA1AAC229EED663002CBC91 /* XCRemoteSwiftPackageReference "HCaptcha-ios-sdk" */;
			productName = HCaptcha;
		};
		AACB768229BF639F00A9DB6F /* DataCapturing */ = {
			isa = XCSwiftPackageProductDependency;
			productName = DataCapturing;
		};
/* End XCSwiftPackageProductDependency section */
	};
	rootObject = AA87D0602982ADE8002F6B3B /* Project object */;
}
