// !$*UTF8*$!
{
	archiveVersion = 1;
	classes = {
	};
	objectVersion = 48;
	objects = {

/* Begin PBXBuildFile section */
		1B4B26F3C87474B4952113EE /* Pods_DataCapturingTests.framework in Frameworks */ = {isa = PBXBuildFile; fileRef = 467CD9E43BEB6FB9EC4DA8ED /* Pods_DataCapturingTests.framework */; };
		3D0511D7204D267600967898 /* MovebisDataCapturingService.swift in Sources */ = {isa = PBXBuildFile; fileRef = 3D0511D6204D267600967898 /* MovebisDataCapturingService.swift */; };
		3D0511E7204D622700967898 /* SerializationTest.swift in Sources */ = {isa = PBXBuildFile; fileRef = 3D0511E5204D622700967898 /* SerializationTest.swift */; };
		3D0511ED204ED0C200967898 /* PersistenceTests.swift in Sources */ = {isa = PBXBuildFile; fileRef = 3D0511EC204ED0C200967898 /* PersistenceTests.swift */; };
		3D0A8B9A1FE1074B002A5813 /* DataCapturingEvent.swift in Sources */ = {isa = PBXBuildFile; fileRef = 3D0A8B991FE1074B002A5813 /* DataCapturingEvent.swift */; };
		3D0BDEAB1FB1B951004EA25E /* DataCapturing.framework in Frameworks */ = {isa = PBXBuildFile; fileRef = 3D0BDEA11FB1B951004EA25E /* DataCapturing.framework */; };
		3D0BDEB01FB1B951004EA25E /* DataCapturingTests.swift in Sources */ = {isa = PBXBuildFile; fileRef = 3D0BDEAF1FB1B951004EA25E /* DataCapturingTests.swift */; };
		3D0BDEB21FB1B951004EA25E /* DataCapturing.h in Headers */ = {isa = PBXBuildFile; fileRef = 3D0BDEA41FB1B951004EA25E /* DataCapturing.h */; settings = {ATTRIBUTES = (Public, ); }; };
		3D0BDEC11FB1C1AE004EA25E /* DataCapturingService.swift in Sources */ = {isa = PBXBuildFile; fileRef = 3D0BDEBB1FB1C1AE004EA25E /* DataCapturingService.swift */; };
		3D0BDEC61FB1C1AE004EA25E /* DiskConsumption.swift in Sources */ = {isa = PBXBuildFile; fileRef = 3D0BDEC01FB1C1AE004EA25E /* DiskConsumption.swift */; };
		3D1505EC213E9F3A002994D2 /* (null) in Sources */ = {isa = PBXBuildFile; };
		3D1505EE213EA68D002994D2 /* DataCapturingError.swift in Sources */ = {isa = PBXBuildFile; fileRef = 3D1505ED213EA68D002994D2 /* DataCapturingError.swift */; };
		3D58B79F2136F046003F53C9 /* BinarySerializer.swift in Sources */ = {isa = PBXBuildFile; fileRef = 3D58B79D2136F045003F53C9 /* BinarySerializer.swift */; };
		3D58B7A02136F046003F53C9 /* FileSupport.swift in Sources */ = {isa = PBXBuildFile; fileRef = 3D58B79E2136F045003F53C9 /* FileSupport.swift */; };
		3D8CC22020A6D89A0095CCD4 /* GeoLocation.swift in Sources */ = {isa = PBXBuildFile; fileRef = 3D8CC21D20A6D89A0095CCD4 /* GeoLocation.swift */; };
		3D8CC22120A6D89A0095CCD4 /* Measurement.swift in Sources */ = {isa = PBXBuildFile; fileRef = 3D8CC21E20A6D89A0095CCD4 /* Measurement.swift */; };
		3D8CC22220A6D89A0095CCD4 /* Acceleration.swift in Sources */ = {isa = PBXBuildFile; fileRef = 3D8CC21F20A6D89A0095CCD4 /* Acceleration.swift */; };
		3DF7E10021F60AB1007CFF83 /* PersistenceLayer.swift in Sources */ = {isa = PBXBuildFile; fileRef = 3DF7E0FF21F60AB1007CFF83 /* PersistenceLayer.swift */; };
		3DF7E10721F60AFC007CFF83 /* CredentialsAuthenticator.swift in Sources */ = {isa = PBXBuildFile; fileRef = 3DF7E10221F60AFB007CFF83 /* CredentialsAuthenticator.swift */; };
		3DF7E10821F60AFC007CFF83 /* ServerConnection.swift in Sources */ = {isa = PBXBuildFile; fileRef = 3DF7E10321F60AFB007CFF83 /* ServerConnection.swift */; };
		3DF7E10921F60AFC007CFF83 /* StaticAuthenticator.swift in Sources */ = {isa = PBXBuildFile; fileRef = 3DF7E10421F60AFB007CFF83 /* StaticAuthenticator.swift */; };
		3DF7E10A21F60AFC007CFF83 /* Networking.swift in Sources */ = {isa = PBXBuildFile; fileRef = 3DF7E10521F60AFB007CFF83 /* Networking.swift */; };
		3DF7E10B21F60AFC007CFF83 /* Authenticator.swift in Sources */ = {isa = PBXBuildFile; fileRef = 3DF7E10621F60AFB007CFF83 /* Authenticator.swift */; };
		3DF7E11021F60B50007CFF83 /* CyfaceModel.xcdatamodeld in Sources */ = {isa = PBXBuildFile; fileRef = 3DF7E10C21F60B4F007CFF83 /* CyfaceModel.xcdatamodeld */; };
		3DFDE26720BD945900A7D6E3 /* MeasurementContext.swift in Sources */ = {isa = PBXBuildFile; fileRef = 3DFDE26620BD945900A7D6E3 /* MeasurementContext.swift */; };
		9DB9C9E98A0F814379DB39E2 /* Pods_DataCapturing.framework in Frameworks */ = {isa = PBXBuildFile; fileRef = 561111CE2228E8D6E17A7964 /* Pods_DataCapturing.framework */; };
/* End PBXBuildFile section */

/* Begin PBXContainerItemProxy section */
		3D0BDEAC1FB1B951004EA25E /* PBXContainerItemProxy */ = {
			isa = PBXContainerItemProxy;
			containerPortal = 3D0BDE981FB1B951004EA25E /* Project object */;
			proxyType = 1;
			remoteGlobalIDString = 3D0BDEA01FB1B951004EA25E;
			remoteInfo = DataCapturing;
		};
/* End PBXContainerItemProxy section */

/* Begin PBXFileReference section */
		14EB47502ABAEC6676BEFE5D /* Pods-DataCapturingTests.debug.xcconfig */ = {isa = PBXFileReference; includeInIndex = 1; lastKnownFileType = text.xcconfig; name = "Pods-DataCapturingTests.debug.xcconfig"; path = "Pods/Target Support Files/Pods-DataCapturingTests/Pods-DataCapturingTests.debug.xcconfig"; sourceTree = "<group>"; };
		3D0511D6204D267600967898 /* MovebisDataCapturingService.swift */ = {isa = PBXFileReference; fileEncoding = 4; lastKnownFileType = sourcecode.swift; path = MovebisDataCapturingService.swift; sourceTree = "<group>"; };
		3D0511E5204D622700967898 /* SerializationTest.swift */ = {isa = PBXFileReference; fileEncoding = 4; lastKnownFileType = sourcecode.swift; path = SerializationTest.swift; sourceTree = "<group>"; };
		3D0511EC204ED0C200967898 /* PersistenceTests.swift */ = {isa = PBXFileReference; lastKnownFileType = sourcecode.swift; path = PersistenceTests.swift; sourceTree = "<group>"; };
		3D0A8B991FE1074B002A5813 /* DataCapturingEvent.swift */ = {isa = PBXFileReference; lastKnownFileType = sourcecode.swift; path = DataCapturingEvent.swift; sourceTree = "<group>"; };
		3D0BDEA11FB1B951004EA25E /* DataCapturing.framework */ = {isa = PBXFileReference; explicitFileType = wrapper.framework; includeInIndex = 0; path = DataCapturing.framework; sourceTree = BUILT_PRODUCTS_DIR; };
		3D0BDEA41FB1B951004EA25E /* DataCapturing.h */ = {isa = PBXFileReference; lastKnownFileType = sourcecode.c.h; path = DataCapturing.h; sourceTree = "<group>"; };
		3D0BDEA51FB1B951004EA25E /* Info.plist */ = {isa = PBXFileReference; lastKnownFileType = text.plist.xml; path = Info.plist; sourceTree = "<group>"; };
		3D0BDEAA1FB1B951004EA25E /* DataCapturingTests.xctest */ = {isa = PBXFileReference; explicitFileType = wrapper.cfbundle; includeInIndex = 0; path = DataCapturingTests.xctest; sourceTree = BUILT_PRODUCTS_DIR; };
		3D0BDEAF1FB1B951004EA25E /* DataCapturingTests.swift */ = {isa = PBXFileReference; lastKnownFileType = sourcecode.swift; path = DataCapturingTests.swift; sourceTree = "<group>"; };
		3D0BDEB11FB1B951004EA25E /* Info.plist */ = {isa = PBXFileReference; lastKnownFileType = text.plist.xml; path = Info.plist; sourceTree = "<group>"; };
		3D0BDEBB1FB1C1AE004EA25E /* DataCapturingService.swift */ = {isa = PBXFileReference; fileEncoding = 4; lastKnownFileType = sourcecode.swift; path = DataCapturingService.swift; sourceTree = "<group>"; };
		3D0BDEC01FB1C1AE004EA25E /* DiskConsumption.swift */ = {isa = PBXFileReference; fileEncoding = 4; lastKnownFileType = sourcecode.swift; path = DiskConsumption.swift; sourceTree = "<group>"; };
		3D1505ED213EA68D002994D2 /* DataCapturingError.swift */ = {isa = PBXFileReference; fileEncoding = 4; lastKnownFileType = sourcecode.swift; path = DataCapturingError.swift; sourceTree = "<group>"; };
		3D58B79D2136F045003F53C9 /* BinarySerializer.swift */ = {isa = PBXFileReference; fileEncoding = 4; lastKnownFileType = sourcecode.swift; path = BinarySerializer.swift; sourceTree = "<group>"; };
		3D58B79E2136F045003F53C9 /* FileSupport.swift */ = {isa = PBXFileReference; fileEncoding = 4; lastKnownFileType = sourcecode.swift; path = FileSupport.swift; sourceTree = "<group>"; };
		3D8CC21D20A6D89A0095CCD4 /* GeoLocation.swift */ = {isa = PBXFileReference; fileEncoding = 4; lastKnownFileType = sourcecode.swift; path = GeoLocation.swift; sourceTree = "<group>"; };
		3D8CC21E20A6D89A0095CCD4 /* Measurement.swift */ = {isa = PBXFileReference; fileEncoding = 4; lastKnownFileType = sourcecode.swift; path = Measurement.swift; sourceTree = "<group>"; };
		3D8CC21F20A6D89A0095CCD4 /* Acceleration.swift */ = {isa = PBXFileReference; fileEncoding = 4; lastKnownFileType = sourcecode.swift; path = Acceleration.swift; sourceTree = "<group>"; };
		3DF7E0FF21F60AB1007CFF83 /* PersistenceLayer.swift */ = {isa = PBXFileReference; fileEncoding = 4; lastKnownFileType = sourcecode.swift; path = PersistenceLayer.swift; sourceTree = "<group>"; };
		3DF7E10221F60AFB007CFF83 /* CredentialsAuthenticator.swift */ = {isa = PBXFileReference; fileEncoding = 4; lastKnownFileType = sourcecode.swift; path = CredentialsAuthenticator.swift; sourceTree = "<group>"; };
		3DF7E10321F60AFB007CFF83 /* ServerConnection.swift */ = {isa = PBXFileReference; fileEncoding = 4; lastKnownFileType = sourcecode.swift; path = ServerConnection.swift; sourceTree = "<group>"; };
		3DF7E10421F60AFB007CFF83 /* StaticAuthenticator.swift */ = {isa = PBXFileReference; fileEncoding = 4; lastKnownFileType = sourcecode.swift; path = StaticAuthenticator.swift; sourceTree = "<group>"; };
		3DF7E10521F60AFB007CFF83 /* Networking.swift */ = {isa = PBXFileReference; fileEncoding = 4; lastKnownFileType = sourcecode.swift; path = Networking.swift; sourceTree = "<group>"; };
		3DF7E10621F60AFB007CFF83 /* Authenticator.swift */ = {isa = PBXFileReference; fileEncoding = 4; lastKnownFileType = sourcecode.swift; path = Authenticator.swift; sourceTree = "<group>"; };
		3DF7E10D21F60B4F007CFF83 /* 3.xcdatamodel */ = {isa = PBXFileReference; lastKnownFileType = wrapper.xcdatamodel; path = 3.xcdatamodel; sourceTree = "<group>"; };
		3DF7E10E21F60B4F007CFF83 /* CyfaceModel.xcdatamodel */ = {isa = PBXFileReference; lastKnownFileType = wrapper.xcdatamodel; path = CyfaceModel.xcdatamodel; sourceTree = "<group>"; };
		3DF7E10F21F60B4F007CFF83 /* 2.xcdatamodel */ = {isa = PBXFileReference; lastKnownFileType = wrapper.xcdatamodel; path = 2.xcdatamodel; sourceTree = "<group>"; };
		3DFDE26620BD945900A7D6E3 /* MeasurementContext.swift */ = {isa = PBXFileReference; fileEncoding = 4; lastKnownFileType = sourcecode.swift; path = MeasurementContext.swift; sourceTree = "<group>"; };
		467CD9E43BEB6FB9EC4DA8ED /* Pods_DataCapturingTests.framework */ = {isa = PBXFileReference; explicitFileType = wrapper.framework; includeInIndex = 0; path = Pods_DataCapturingTests.framework; sourceTree = BUILT_PRODUCTS_DIR; };
		4C171A31E1467713AFA5A047 /* Pods-DataCapturing.debug.xcconfig */ = {isa = PBXFileReference; includeInIndex = 1; lastKnownFileType = text.xcconfig; name = "Pods-DataCapturing.debug.xcconfig"; path = "Pods/Target Support Files/Pods-DataCapturing/Pods-DataCapturing.debug.xcconfig"; sourceTree = "<group>"; };
		561111CE2228E8D6E17A7964 /* Pods_DataCapturing.framework */ = {isa = PBXFileReference; explicitFileType = wrapper.framework; includeInIndex = 0; path = Pods_DataCapturing.framework; sourceTree = BUILT_PRODUCTS_DIR; };
		B3CD2C71D0EA99CF65BCBDCD /* Pods-DataCapturingTests.release.xcconfig */ = {isa = PBXFileReference; includeInIndex = 1; lastKnownFileType = text.xcconfig; name = "Pods-DataCapturingTests.release.xcconfig"; path = "Pods/Target Support Files/Pods-DataCapturingTests/Pods-DataCapturingTests.release.xcconfig"; sourceTree = "<group>"; };
		D07F8C1A71ABC572AFE9C242 /* Pods-DataCapturing.release.xcconfig */ = {isa = PBXFileReference; includeInIndex = 1; lastKnownFileType = text.xcconfig; name = "Pods-DataCapturing.release.xcconfig"; path = "Pods/Target Support Files/Pods-DataCapturing/Pods-DataCapturing.release.xcconfig"; sourceTree = "<group>"; };
/* End PBXFileReference section */

/* Begin PBXFrameworksBuildPhase section */
		3D0BDE9D1FB1B951004EA25E /* Frameworks */ = {
			isa = PBXFrameworksBuildPhase;
			buildActionMask = 2147483647;
			files = (
				9DB9C9E98A0F814379DB39E2 /* Pods_DataCapturing.framework in Frameworks */,
			);
			runOnlyForDeploymentPostprocessing = 0;
		};
		3D0BDEA71FB1B951004EA25E /* Frameworks */ = {
			isa = PBXFrameworksBuildPhase;
			buildActionMask = 2147483647;
			files = (
				3D0BDEAB1FB1B951004EA25E /* DataCapturing.framework in Frameworks */,
				1B4B26F3C87474B4952113EE /* Pods_DataCapturingTests.framework in Frameworks */,
			);
			runOnlyForDeploymentPostprocessing = 0;
		};
/* End PBXFrameworksBuildPhase section */

/* Begin PBXGroup section */
		3D0BDE971FB1B951004EA25E = {
			isa = PBXGroup;
			children = (
				3D0BDEA31FB1B951004EA25E /* DataCapturing */,
				3D0BDEAE1FB1B951004EA25E /* DataCapturingTests */,
				3D0BDEA21FB1B951004EA25E /* Products */,
				C17EF53F7CCCEE4047CADE3D /* Pods */,
				9020189222514BA94C04E7E9 /* Frameworks */,
			);
			sourceTree = "<group>";
		};
		3D0BDEA21FB1B951004EA25E /* Products */ = {
			isa = PBXGroup;
			children = (
				3D0BDEA11FB1B951004EA25E /* DataCapturing.framework */,
				3D0BDEAA1FB1B951004EA25E /* DataCapturingTests.xctest */,
			);
			name = Products;
			sourceTree = "<group>";
		};
		3D0BDEA31FB1B951004EA25E /* DataCapturing */ = {
			isa = PBXGroup;
			children = (
				3DF7E10121F60AFB007CFF83 /* Synchronization */,
				3D58B79A2136EEA5003F53C9 /* Persistence */,
				3DC6A7192052F14900E7CB84 /* Movebis */,
				3DC6A7182052F14000E7CB84 /* Cyface */,
				3DE419E31FD193D7001282D0 /* Model */,
				3D0BDEBB1FB1C1AE004EA25E /* DataCapturingService.swift */,
				3D0BDEC01FB1C1AE004EA25E /* DiskConsumption.swift */,
				3D0BDEA41FB1B951004EA25E /* DataCapturing.h */,
				3D0BDEA51FB1B951004EA25E /* Info.plist */,
				3D0A8B991FE1074B002A5813 /* DataCapturingEvent.swift */,
				3D1505ED213EA68D002994D2 /* DataCapturingError.swift */,
			);
			path = DataCapturing;
			sourceTree = "<group>";
		};
		3D0BDEAE1FB1B951004EA25E /* DataCapturingTests */ = {
			isa = PBXGroup;
			children = (
				3D0BDEAF1FB1B951004EA25E /* DataCapturingTests.swift */,
				3D0511E5204D622700967898 /* SerializationTest.swift */,
				3D0BDEB11FB1B951004EA25E /* Info.plist */,
				3D0511EC204ED0C200967898 /* PersistenceTests.swift */,
			);
			path = DataCapturingTests;
			sourceTree = "<group>";
		};
		3D58B79A2136EEA5003F53C9 /* Persistence */ = {
			isa = PBXGroup;
			children = (
				3DF7E0FF21F60AB1007CFF83 /* PersistenceLayer.swift */,
				3D58B79D2136F045003F53C9 /* BinarySerializer.swift */,
				3D58B79E2136F045003F53C9 /* FileSupport.swift */,
			);
			path = Persistence;
			sourceTree = "<group>";
		};
		3DC6A7182052F14000E7CB84 /* Cyface */ = {
			isa = PBXGroup;
			children = (
			);
			path = Cyface;
			sourceTree = "<group>";
		};
		3DC6A7192052F14900E7CB84 /* Movebis */ = {
			isa = PBXGroup;
			children = (
				3D0511D6204D267600967898 /* MovebisDataCapturingService.swift */,
			);
			path = Movebis;
			sourceTree = "<group>";
		};
		3DE419E31FD193D7001282D0 /* Model */ = {
			isa = PBXGroup;
			children = (
				3DF7E10C21F60B4F007CFF83 /* CyfaceModel.xcdatamodeld */,
				3D8CC21F20A6D89A0095CCD4 /* Acceleration.swift */,
				3D8CC21D20A6D89A0095CCD4 /* GeoLocation.swift */,
				3D8CC21E20A6D89A0095CCD4 /* Measurement.swift */,
				3DFDE26620BD945900A7D6E3 /* MeasurementContext.swift */,
			);
			path = Model;
			sourceTree = "<group>";
		};
		3DF7E10121F60AFB007CFF83 /* Synchronization */ = {
			isa = PBXGroup;
			children = (
				3DF7E10221F60AFB007CFF83 /* CredentialsAuthenticator.swift */,
				3DF7E10321F60AFB007CFF83 /* ServerConnection.swift */,
				3DF7E10421F60AFB007CFF83 /* StaticAuthenticator.swift */,
				3DF7E10521F60AFB007CFF83 /* Networking.swift */,
				3DF7E10621F60AFB007CFF83 /* Authenticator.swift */,
			);
			path = Synchronization;
			sourceTree = "<group>";
		};
		9020189222514BA94C04E7E9 /* Frameworks */ = {
			isa = PBXGroup;
			children = (
				561111CE2228E8D6E17A7964 /* Pods_DataCapturing.framework */,
				467CD9E43BEB6FB9EC4DA8ED /* Pods_DataCapturingTests.framework */,
			);
			name = Frameworks;
			sourceTree = "<group>";
		};
		C17EF53F7CCCEE4047CADE3D /* Pods */ = {
			isa = PBXGroup;
			children = (
				4C171A31E1467713AFA5A047 /* Pods-DataCapturing.debug.xcconfig */,
				D07F8C1A71ABC572AFE9C242 /* Pods-DataCapturing.release.xcconfig */,
				14EB47502ABAEC6676BEFE5D /* Pods-DataCapturingTests.debug.xcconfig */,
				B3CD2C71D0EA99CF65BCBDCD /* Pods-DataCapturingTests.release.xcconfig */,
			);
			name = Pods;
			sourceTree = "<group>";
		};
/* End PBXGroup section */

/* Begin PBXHeadersBuildPhase section */
		3D0BDE9E1FB1B951004EA25E /* Headers */ = {
			isa = PBXHeadersBuildPhase;
			buildActionMask = 2147483647;
			files = (
				3D0BDEB21FB1B951004EA25E /* DataCapturing.h in Headers */,
			);
			runOnlyForDeploymentPostprocessing = 0;
		};
/* End PBXHeadersBuildPhase section */

/* Begin PBXNativeTarget section */
		3D0BDEA01FB1B951004EA25E /* DataCapturing */ = {
			isa = PBXNativeTarget;
			buildConfigurationList = 3D0BDEB51FB1B951004EA25E /* Build configuration list for PBXNativeTarget "DataCapturing" */;
			buildPhases = (
				FBDB6AF3C1589D4A5405BF4D /* [CP] Check Pods Manifest.lock */,
				3D0BDE9C1FB1B951004EA25E /* Sources */,
				3D0BDE9D1FB1B951004EA25E /* Frameworks */,
				3D0BDE9E1FB1B951004EA25E /* Headers */,
				3D0BDE9F1FB1B951004EA25E /* Resources */,
				3D8CC22320A6D8D00095CCD4 /* ShellScript */,
			);
			buildRules = (
			);
			dependencies = (
			);
			name = DataCapturing;
			productName = DataCapturing;
			productReference = 3D0BDEA11FB1B951004EA25E /* DataCapturing.framework */;
			productType = "com.apple.product-type.framework";
		};
		3D0BDEA91FB1B951004EA25E /* DataCapturingTests */ = {
			isa = PBXNativeTarget;
			buildConfigurationList = 3D0BDEB81FB1B951004EA25E /* Build configuration list for PBXNativeTarget "DataCapturingTests" */;
			buildPhases = (
				C553272A0241738860630EA8 /* [CP] Check Pods Manifest.lock */,
				3D0BDEA61FB1B951004EA25E /* Sources */,
				3D0BDEA71FB1B951004EA25E /* Frameworks */,
				3D0BDEA81FB1B951004EA25E /* Resources */,
				3D8CC21C20A6D84F0095CCD4 /* ShellScript */,
				571384DBA5D7654E9C69FEB9 /* [CP] Embed Pods Frameworks */,
			);
			buildRules = (
			);
			dependencies = (
				3D0BDEAD1FB1B951004EA25E /* PBXTargetDependency */,
			);
			name = DataCapturingTests;
			productName = DataCapturingTests;
			productReference = 3D0BDEAA1FB1B951004EA25E /* DataCapturingTests.xctest */;
			productType = "com.apple.product-type.bundle.unit-test";
		};
/* End PBXNativeTarget section */

/* Begin PBXProject section */
		3D0BDE981FB1B951004EA25E /* Project object */ = {
			isa = PBXProject;
			attributes = {
				LastSwiftUpdateCheck = 0910;
				LastUpgradeCheck = 0930;
				ORGANIZATIONNAME = "Cyface GmbH";
				TargetAttributes = {
					3D0BDEA01FB1B951004EA25E = {
						CreatedOnToolsVersion = 9.1;
						LastSwiftMigration = 1000;
						ProvisioningStyle = Automatic;
					};
					3D0BDEA91FB1B951004EA25E = {
						CreatedOnToolsVersion = 9.1;
						LastSwiftMigration = 1000;
						ProvisioningStyle = Automatic;
					};
				};
			};
			buildConfigurationList = 3D0BDE9B1FB1B951004EA25E /* Build configuration list for PBXProject "DataCapturing" */;
			compatibilityVersion = "Xcode 8.0";
			developmentRegion = en;
			hasScannedForEncodings = 0;
			knownRegions = (
				en,
			);
			mainGroup = 3D0BDE971FB1B951004EA25E;
			productRefGroup = 3D0BDEA21FB1B951004EA25E /* Products */;
			projectDirPath = "";
			projectRoot = "";
			targets = (
				3D0BDEA01FB1B951004EA25E /* DataCapturing */,
				3D0BDEA91FB1B951004EA25E /* DataCapturingTests */,
			);
		};
/* End PBXProject section */

/* Begin PBXResourcesBuildPhase section */
		3D0BDE9F1FB1B951004EA25E /* Resources */ = {
			isa = PBXResourcesBuildPhase;
			buildActionMask = 2147483647;
			files = (
			);
			runOnlyForDeploymentPostprocessing = 0;
		};
		3D0BDEA81FB1B951004EA25E /* Resources */ = {
			isa = PBXResourcesBuildPhase;
			buildActionMask = 2147483647;
			files = (
			);
			runOnlyForDeploymentPostprocessing = 0;
		};
/* End PBXResourcesBuildPhase section */

/* Begin PBXShellScriptBuildPhase section */
		3D8CC21C20A6D84F0095CCD4 /* ShellScript */ = {
			isa = PBXShellScriptBuildPhase;
			buildActionMask = 2147483647;
			files = (
			);
			inputPaths = (
			);
			outputPaths = (
			);
			runOnlyForDeploymentPostprocessing = 0;
			shellPath = /bin/sh;
			shellScript = "if which swiftlint >/dev/null; then\n    swiftlint\nelse\n    echo \"warning: SwiftLint not installed, download from https://github.com/realm/SwiftLint\"\nfi";
		};
		3D8CC22320A6D8D00095CCD4 /* ShellScript */ = {
			isa = PBXShellScriptBuildPhase;
			buildActionMask = 2147483647;
			files = (
			);
			inputPaths = (
			);
			outputPaths = (
			);
			runOnlyForDeploymentPostprocessing = 0;
			shellPath = /bin/sh;
			shellScript = "if which swiftlint >/dev/null; then\n    swiftlint\nelse\n    echo \"warning: SwiftLint not installed, download from https://github.com/realm/SwiftLint\"\nfi";
		};
		571384DBA5D7654E9C69FEB9 /* [CP] Embed Pods Frameworks */ = {
			isa = PBXShellScriptBuildPhase;
			buildActionMask = 2147483647;
			files = (
			);
			inputPaths = (
				"${SRCROOT}/Pods/Target Support Files/Pods-DataCapturingTests/Pods-DataCapturingTests-frameworks.sh",
				"${BUILT_PRODUCTS_DIR}/Alamofire/Alamofire.framework",
				"${BUILT_PRODUCTS_DIR}/DataCompression/DataCompression.framework",
			);
			name = "[CP] Embed Pods Frameworks";
			outputPaths = (
				"${TARGET_BUILD_DIR}/${FRAMEWORKS_FOLDER_PATH}/Alamofire.framework",
				"${TARGET_BUILD_DIR}/${FRAMEWORKS_FOLDER_PATH}/DataCompression.framework",
			);
			runOnlyForDeploymentPostprocessing = 0;
			shellPath = /bin/sh;
			shellScript = "\"${SRCROOT}/Pods/Target Support Files/Pods-DataCapturingTests/Pods-DataCapturingTests-frameworks.sh\"\n";
			showEnvVarsInLog = 0;
		};
		C553272A0241738860630EA8 /* [CP] Check Pods Manifest.lock */ = {
			isa = PBXShellScriptBuildPhase;
			buildActionMask = 2147483647;
			files = (
			);
			inputPaths = (
				"${PODS_PODFILE_DIR_PATH}/Podfile.lock",
				"${PODS_ROOT}/Manifest.lock",
			);
			name = "[CP] Check Pods Manifest.lock";
			outputPaths = (
				"$(DERIVED_FILE_DIR)/Pods-DataCapturingTests-checkManifestLockResult.txt",
			);
			runOnlyForDeploymentPostprocessing = 0;
			shellPath = /bin/sh;
			shellScript = "diff \"${PODS_PODFILE_DIR_PATH}/Podfile.lock\" \"${PODS_ROOT}/Manifest.lock\" > /dev/null\nif [ $? != 0 ] ; then\n    # print error to STDERR\n    echo \"error: The sandbox is not in sync with the Podfile.lock. Run 'pod install' or update your CocoaPods installation.\" >&2\n    exit 1\nfi\n# This output is used by Xcode 'outputs' to avoid re-running this script phase.\necho \"SUCCESS\" > \"${SCRIPT_OUTPUT_FILE_0}\"\n";
			showEnvVarsInLog = 0;
		};
		FBDB6AF3C1589D4A5405BF4D /* [CP] Check Pods Manifest.lock */ = {
			isa = PBXShellScriptBuildPhase;
			buildActionMask = 2147483647;
			files = (
			);
			inputPaths = (
				"${PODS_PODFILE_DIR_PATH}/Podfile.lock",
				"${PODS_ROOT}/Manifest.lock",
			);
			name = "[CP] Check Pods Manifest.lock";
			outputPaths = (
				"$(DERIVED_FILE_DIR)/Pods-DataCapturing-checkManifestLockResult.txt",
			);
			runOnlyForDeploymentPostprocessing = 0;
			shellPath = /bin/sh;
			shellScript = "diff \"${PODS_PODFILE_DIR_PATH}/Podfile.lock\" \"${PODS_ROOT}/Manifest.lock\" > /dev/null\nif [ $? != 0 ] ; then\n    # print error to STDERR\n    echo \"error: The sandbox is not in sync with the Podfile.lock. Run 'pod install' or update your CocoaPods installation.\" >&2\n    exit 1\nfi\n# This output is used by Xcode 'outputs' to avoid re-running this script phase.\necho \"SUCCESS\" > \"${SCRIPT_OUTPUT_FILE_0}\"\n";
			showEnvVarsInLog = 0;
		};
/* End PBXShellScriptBuildPhase section */

/* Begin PBXSourcesBuildPhase section */
		3D0BDE9C1FB1B951004EA25E /* Sources */ = {
			isa = PBXSourcesBuildPhase;
			buildActionMask = 2147483647;
			files = (
				3D1505EC213E9F3A002994D2 /* (null) in Sources */,
				3DF7E10B21F60AFC007CFF83 /* Authenticator.swift in Sources */,
				3D0A8B9A1FE1074B002A5813 /* DataCapturingEvent.swift in Sources */,
				3DF7E10721F60AFC007CFF83 /* CredentialsAuthenticator.swift in Sources */,
				3DF7E10A21F60AFC007CFF83 /* Networking.swift in Sources */,
				3D0BDEC11FB1C1AE004EA25E /* DataCapturingService.swift in Sources */,
				3DF7E10021F60AB1007CFF83 /* PersistenceLayer.swift in Sources */,
				3D0511D7204D267600967898 /* MovebisDataCapturingService.swift in Sources */,
				3DF7E11021F60B50007CFF83 /* CyfaceModel.xcdatamodeld in Sources */,
				3D58B79F2136F046003F53C9 /* BinarySerializer.swift in Sources */,
				3D8CC22220A6D89A0095CCD4 /* Acceleration.swift in Sources */,
				3DF7E10821F60AFC007CFF83 /* ServerConnection.swift in Sources */,
				3D58B7A02136F046003F53C9 /* FileSupport.swift in Sources */,
				3D8CC22020A6D89A0095CCD4 /* GeoLocation.swift in Sources */,
				3D0BDEC61FB1C1AE004EA25E /* DiskConsumption.swift in Sources */,
				3D1505EE213EA68D002994D2 /* DataCapturingError.swift in Sources */,
				3DF7E10921F60AFC007CFF83 /* StaticAuthenticator.swift in Sources */,
				3DFDE26720BD945900A7D6E3 /* MeasurementContext.swift in Sources */,
				3D8CC22120A6D89A0095CCD4 /* Measurement.swift in Sources */,
			);
			runOnlyForDeploymentPostprocessing = 0;
		};
		3D0BDEA61FB1B951004EA25E /* Sources */ = {
			isa = PBXSourcesBuildPhase;
			buildActionMask = 2147483647;
			files = (
				3D0511E7204D622700967898 /* SerializationTest.swift in Sources */,
				3D0511ED204ED0C200967898 /* PersistenceTests.swift in Sources */,
				3D0BDEB01FB1B951004EA25E /* DataCapturingTests.swift in Sources */,
			);
			runOnlyForDeploymentPostprocessing = 0;
		};
/* End PBXSourcesBuildPhase section */

/* Begin PBXTargetDependency section */
		3D0BDEAD1FB1B951004EA25E /* PBXTargetDependency */ = {
			isa = PBXTargetDependency;
			target = 3D0BDEA01FB1B951004EA25E /* DataCapturing */;
			targetProxy = 3D0BDEAC1FB1B951004EA25E /* PBXContainerItemProxy */;
		};
/* End PBXTargetDependency section */

/* Begin XCBuildConfiguration section */
		3D0BDEB31FB1B951004EA25E /* Debug */ = {
			isa = XCBuildConfiguration;
			buildSettings = {
				ALWAYS_SEARCH_USER_PATHS = NO;
				CLANG_ANALYZER_NONNULL = YES;
				CLANG_ANALYZER_NUMBER_OBJECT_CONVERSION = YES_AGGRESSIVE;
				CLANG_CXX_LANGUAGE_STANDARD = "gnu++14";
				CLANG_CXX_LIBRARY = "libc++";
				CLANG_ENABLE_MODULES = YES;
				CLANG_ENABLE_OBJC_ARC = YES;
				CLANG_WARN_BLOCK_CAPTURE_AUTORELEASING = YES;
				CLANG_WARN_BOOL_CONVERSION = YES;
				CLANG_WARN_COMMA = YES;
				CLANG_WARN_CONSTANT_CONVERSION = YES;
				CLANG_WARN_DEPRECATED_OBJC_IMPLEMENTATIONS = YES;
				CLANG_WARN_DIRECT_OBJC_ISA_USAGE = YES_ERROR;
				CLANG_WARN_DOCUMENTATION_COMMENTS = YES;
				CLANG_WARN_EMPTY_BODY = YES;
				CLANG_WARN_ENUM_CONVERSION = YES;
				CLANG_WARN_INFINITE_RECURSION = YES;
				CLANG_WARN_INT_CONVERSION = YES;
				CLANG_WARN_NON_LITERAL_NULL_CONVERSION = YES;
				CLANG_WARN_OBJC_IMPLICIT_RETAIN_SELF = YES;
				CLANG_WARN_OBJC_LITERAL_CONVERSION = YES;
				CLANG_WARN_OBJC_ROOT_CLASS = YES_ERROR;
				CLANG_WARN_RANGE_LOOP_ANALYSIS = YES;
				CLANG_WARN_STRICT_PROTOTYPES = YES;
				CLANG_WARN_SUSPICIOUS_MOVE = YES;
				CLANG_WARN_UNGUARDED_AVAILABILITY = YES_AGGRESSIVE;
				CLANG_WARN_UNREACHABLE_CODE = YES;
				CLANG_WARN__DUPLICATE_METHOD_MATCH = YES;
				CODE_SIGN_IDENTITY = "iPhone Developer";
				COPY_PHASE_STRIP = NO;
				CURRENT_PROJECT_VERSION = 1;
				DEBUG_INFORMATION_FORMAT = dwarf;
				ENABLE_STRICT_OBJC_MSGSEND = YES;
				ENABLE_TESTABILITY = YES;
				GCC_C_LANGUAGE_STANDARD = gnu11;
				GCC_DYNAMIC_NO_PIC = NO;
				GCC_NO_COMMON_BLOCKS = YES;
				GCC_OPTIMIZATION_LEVEL = 0;
				GCC_PREPROCESSOR_DEFINITIONS = (
					"DEBUG=1",
					"$(inherited)",
				);
				GCC_WARN_64_TO_32_BIT_CONVERSION = YES;
				GCC_WARN_ABOUT_RETURN_TYPE = YES_ERROR;
				GCC_WARN_UNDECLARED_SELECTOR = YES;
				GCC_WARN_UNINITIALIZED_AUTOS = YES_AGGRESSIVE;
				GCC_WARN_UNUSED_FUNCTION = YES;
				GCC_WARN_UNUSED_VARIABLE = YES;
				IPHONEOS_DEPLOYMENT_TARGET = 11.0;
				MTL_ENABLE_DEBUG_INFO = YES;
				ONLY_ACTIVE_ARCH = YES;
				SDKROOT = iphoneos;
				SWIFT_ACTIVE_COMPILATION_CONDITIONS = DEBUG;
				SWIFT_OPTIMIZATION_LEVEL = "-Onone";
				VERSIONING_SYSTEM = "apple-generic";
				VERSION_INFO_PREFIX = "";
			};
			name = Debug;
		};
		3D0BDEB41FB1B951004EA25E /* Release */ = {
			isa = XCBuildConfiguration;
			buildSettings = {
				ALWAYS_SEARCH_USER_PATHS = NO;
				CLANG_ANALYZER_NONNULL = YES;
				CLANG_ANALYZER_NUMBER_OBJECT_CONVERSION = YES_AGGRESSIVE;
				CLANG_CXX_LANGUAGE_STANDARD = "gnu++14";
				CLANG_CXX_LIBRARY = "libc++";
				CLANG_ENABLE_MODULES = YES;
				CLANG_ENABLE_OBJC_ARC = YES;
				CLANG_WARN_BLOCK_CAPTURE_AUTORELEASING = YES;
				CLANG_WARN_BOOL_CONVERSION = YES;
				CLANG_WARN_COMMA = YES;
				CLANG_WARN_CONSTANT_CONVERSION = YES;
				CLANG_WARN_DEPRECATED_OBJC_IMPLEMENTATIONS = YES;
				CLANG_WARN_DIRECT_OBJC_ISA_USAGE = YES_ERROR;
				CLANG_WARN_DOCUMENTATION_COMMENTS = YES;
				CLANG_WARN_EMPTY_BODY = YES;
				CLANG_WARN_ENUM_CONVERSION = YES;
				CLANG_WARN_INFINITE_RECURSION = YES;
				CLANG_WARN_INT_CONVERSION = YES;
				CLANG_WARN_NON_LITERAL_NULL_CONVERSION = YES;
				CLANG_WARN_OBJC_IMPLICIT_RETAIN_SELF = YES;
				CLANG_WARN_OBJC_LITERAL_CONVERSION = YES;
				CLANG_WARN_OBJC_ROOT_CLASS = YES_ERROR;
				CLANG_WARN_RANGE_LOOP_ANALYSIS = YES;
				CLANG_WARN_STRICT_PROTOTYPES = YES;
				CLANG_WARN_SUSPICIOUS_MOVE = YES;
				CLANG_WARN_UNGUARDED_AVAILABILITY = YES_AGGRESSIVE;
				CLANG_WARN_UNREACHABLE_CODE = YES;
				CLANG_WARN__DUPLICATE_METHOD_MATCH = YES;
				CODE_SIGN_IDENTITY = "iPhone Developer";
				COPY_PHASE_STRIP = NO;
				CURRENT_PROJECT_VERSION = 1;
				DEBUG_INFORMATION_FORMAT = "dwarf-with-dsym";
				ENABLE_NS_ASSERTIONS = NO;
				ENABLE_STRICT_OBJC_MSGSEND = YES;
				GCC_C_LANGUAGE_STANDARD = gnu11;
				GCC_NO_COMMON_BLOCKS = YES;
				GCC_WARN_64_TO_32_BIT_CONVERSION = YES;
				GCC_WARN_ABOUT_RETURN_TYPE = YES_ERROR;
				GCC_WARN_UNDECLARED_SELECTOR = YES;
				GCC_WARN_UNINITIALIZED_AUTOS = YES_AGGRESSIVE;
				GCC_WARN_UNUSED_FUNCTION = YES;
				GCC_WARN_UNUSED_VARIABLE = YES;
				IPHONEOS_DEPLOYMENT_TARGET = 11.0;
				MTL_ENABLE_DEBUG_INFO = NO;
				SDKROOT = iphoneos;
				SWIFT_OPTIMIZATION_LEVEL = "-Owholemodule";
				VALIDATE_PRODUCT = YES;
				VERSIONING_SYSTEM = "apple-generic";
				VERSION_INFO_PREFIX = "";
			};
			name = Release;
		};
		3D0BDEB61FB1B951004EA25E /* Debug */ = {
			isa = XCBuildConfiguration;
			baseConfigurationReference = 4C171A31E1467713AFA5A047 /* Pods-DataCapturing.debug.xcconfig */;
			buildSettings = {
				ALWAYS_EMBED_SWIFT_STANDARD_LIBRARIES = "$(inherited)";
				CLANG_ENABLE_MODULES = YES;
				CODE_SIGN_IDENTITY = "";
				"CODE_SIGN_IDENTITY[sdk=iphoneos*]" = "";
				CODE_SIGN_STYLE = Automatic;
				DEBUG_INFORMATION_FORMAT = "dwarf-with-dsym";
				DEFINES_MODULE = YES;
				DEVELOPMENT_TEAM = 45GZ5C9N64;
				DYLIB_COMPATIBILITY_VERSION = 1;
				DYLIB_CURRENT_VERSION = 1;
				DYLIB_INSTALL_NAME_BASE = "@rpath";
				INFOPLIST_FILE = DataCapturing/Info.plist;
				INSTALL_PATH = "$(LOCAL_LIBRARY_DIR)/Frameworks";
				LD_RUNPATH_SEARCH_PATHS = "$(inherited) @executable_path/Frameworks @loader_path/Frameworks";
				PRODUCT_BUNDLE_IDENTIFIER = de.cyface.DataCapturing;
				PRODUCT_NAME = "$(TARGET_NAME:c99extidentifier)";
				SKIP_INSTALL = YES;
				SWIFT_OPTIMIZATION_LEVEL = "-Onone";
				SWIFT_VERSION = 4.2;
				TARGETED_DEVICE_FAMILY = "1,2";
			};
			name = Debug;
		};
		3D0BDEB71FB1B951004EA25E /* Release */ = {
			isa = XCBuildConfiguration;
			baseConfigurationReference = D07F8C1A71ABC572AFE9C242 /* Pods-DataCapturing.release.xcconfig */;
			buildSettings = {
				ALWAYS_EMBED_SWIFT_STANDARD_LIBRARIES = "$(inherited)";
				CLANG_ENABLE_MODULES = YES;
				CODE_SIGN_IDENTITY = "";
				CODE_SIGN_STYLE = Automatic;
				DEFINES_MODULE = YES;
				DEVELOPMENT_TEAM = 45GZ5C9N64;
				DYLIB_COMPATIBILITY_VERSION = 1;
				DYLIB_CURRENT_VERSION = 1;
				DYLIB_INSTALL_NAME_BASE = "@rpath";
				INFOPLIST_FILE = DataCapturing/Info.plist;
				INSTALL_PATH = "$(LOCAL_LIBRARY_DIR)/Frameworks";
				LD_RUNPATH_SEARCH_PATHS = "$(inherited) @executable_path/Frameworks @loader_path/Frameworks";
				PRODUCT_BUNDLE_IDENTIFIER = de.cyface.DataCapturing;
				PRODUCT_NAME = "$(TARGET_NAME:c99extidentifier)";
				SKIP_INSTALL = YES;
				SWIFT_VERSION = 4.2;
				TARGETED_DEVICE_FAMILY = "1,2";
			};
			name = Release;
		};
		3D0BDEB91FB1B951004EA25E /* Debug */ = {
			isa = XCBuildConfiguration;
			baseConfigurationReference = 14EB47502ABAEC6676BEFE5D /* Pods-DataCapturingTests.debug.xcconfig */;
			buildSettings = {
				ALWAYS_EMBED_SWIFT_STANDARD_LIBRARIES = "$(inherited)";
				CODE_SIGN_STYLE = Automatic;
				DEVELOPMENT_TEAM = KTRX4PN8UB;
				INFOPLIST_FILE = DataCapturingTests/Info.plist;
				LD_RUNPATH_SEARCH_PATHS = "$(inherited) @executable_path/Frameworks @loader_path/Frameworks";
				PRODUCT_BUNDLE_IDENTIFIER = de.cyface.DataCapturingTests;
				PRODUCT_NAME = "$(TARGET_NAME)";
				SWIFT_VERSION = 4.2;
				TARGETED_DEVICE_FAMILY = "1,2";
			};
			name = Debug;
		};
		3D0BDEBA1FB1B951004EA25E /* Release */ = {
			isa = XCBuildConfiguration;
			baseConfigurationReference = B3CD2C71D0EA99CF65BCBDCD /* Pods-DataCapturingTests.release.xcconfig */;
			buildSettings = {
				ALWAYS_EMBED_SWIFT_STANDARD_LIBRARIES = "$(inherited)";
				CODE_SIGN_STYLE = Automatic;
				DEVELOPMENT_TEAM = KTRX4PN8UB;
				INFOPLIST_FILE = DataCapturingTests/Info.plist;
				LD_RUNPATH_SEARCH_PATHS = "$(inherited) @executable_path/Frameworks @loader_path/Frameworks";
				PRODUCT_BUNDLE_IDENTIFIER = de.cyface.DataCapturingTests;
				PRODUCT_NAME = "$(TARGET_NAME)";
				SWIFT_VERSION = 4.2;
				TARGETED_DEVICE_FAMILY = "1,2";
			};
			name = Release;
		};
/* End XCBuildConfiguration section */

/* Begin XCConfigurationList section */
		3D0BDE9B1FB1B951004EA25E /* Build configuration list for PBXProject "DataCapturing" */ = {
			isa = XCConfigurationList;
			buildConfigurations = (
				3D0BDEB31FB1B951004EA25E /* Debug */,
				3D0BDEB41FB1B951004EA25E /* Release */,
			);
			defaultConfigurationIsVisible = 0;
			defaultConfigurationName = Release;
		};
		3D0BDEB51FB1B951004EA25E /* Build configuration list for PBXNativeTarget "DataCapturing" */ = {
			isa = XCConfigurationList;
			buildConfigurations = (
				3D0BDEB61FB1B951004EA25E /* Debug */,
				3D0BDEB71FB1B951004EA25E /* Release */,
			);
			defaultConfigurationIsVisible = 0;
			defaultConfigurationName = Release;
		};
		3D0BDEB81FB1B951004EA25E /* Build configuration list for PBXNativeTarget "DataCapturingTests" */ = {
			isa = XCConfigurationList;
			buildConfigurations = (
				3D0BDEB91FB1B951004EA25E /* Debug */,
				3D0BDEBA1FB1B951004EA25E /* Release */,
			);
			defaultConfigurationIsVisible = 0;
			defaultConfigurationName = Release;
		};
/* End XCConfigurationList section */

/* Begin XCVersionGroup section */
		3DF7E10C21F60B4F007CFF83 /* CyfaceModel.xcdatamodeld */ = {
			isa = XCVersionGroup;
			children = (
				3DF7E10D21F60B4F007CFF83 /* 3.xcdatamodel */,
				3DF7E10E21F60B4F007CFF83 /* CyfaceModel.xcdatamodel */,
				3DF7E10F21F60B4F007CFF83 /* 2.xcdatamodel */,
			);
			currentVersion = 3DF7E10D21F60B4F007CFF83 /* 3.xcdatamodel */;
			path = CyfaceModel.xcdatamodeld;
			sourceTree = "<group>";
			versionGroupType = wrapper.xcdatamodel;
		};
/* End XCVersionGroup section */
	};
	rootObject = 3D0BDE981FB1B951004EA25E /* Project object */;
}
